
Terraform used the selected providers to generate the following execution
plan. Resource actions are indicated with the following symbols:
  [32m+[0m create[0m

Terraform will perform the following actions:

[1m  # ansible_group.group-all[0m will be created
[0m  [32m+[0m[0m resource "ansible_group" "group-all" {
      [32m+[0m[0m id        = (known after apply)
      [32m+[0m[0m name      = "all"
      [32m+[0m[0m variables = {
          [32m+[0m[0m "ansible_ssh_common_args" = "-o StrictHostKeyChecking=accept-new"
          [32m+[0m[0m "cluster_name"            = "terraform-provisioned-cluster"
          [32m+[0m[0m "control_plane_endpoint"  = "172.16.1.180"
        }
    }

[1m  # ansible_group.group-external-bgp-router[0m will be created
[0m  [32m+[0m[0m resource "ansible_group" "group-external-bgp-router" {
      [32m+[0m[0m id        = (known after apply)
      [32m+[0m[0m name      = "external-bgp-router"
      [32m+[0m[0m variables = {
          [32m+[0m[0m "address_pool" = "172.16.3.0/24"
        }
    }

[1m  # ansible_host.hosts["external-bgp-router"][0m will be created
[0m  [32m+[0m[0m resource "ansible_host" "hosts" {
      [32m+[0m[0m groups = [
          [32m+[0m[0m "haproxy-slave",
          [32m+[0m[0m "all",
          [32m+[0m[0m "external-bgp-router",
        ]
      [32m+[0m[0m id     = (known after apply)
      [32m+[0m[0m name   = "172.16.1.170"
    }

[1m  # ansible_host.hosts["k8s-master-01"][0m will be created
[0m  [32m+[0m[0m resource "ansible_host" "hosts" {
      [32m+[0m[0m groups = [
          [32m+[0m[0m "k8s-masters",
          [32m+[0m[0m "all",
          [32m+[0m[0m "all",
        ]
      [32m+[0m[0m id     = (known after apply)
      [32m+[0m[0m name   = "172.16.1.231"
    }

[1m  # ansible_host.hosts["k8s-master-02"][0m will be created
[0m  [32m+[0m[0m resource "ansible_host" "hosts" {
      [32m+[0m[0m groups = [
          [32m+[0m[0m "k8s-masters",
          [32m+[0m[0m "all",
          [32m+[0m[0m "all",
        ]
      [32m+[0m[0m id     = (known after apply)
      [32m+[0m[0m name   = "172.16.1.232"
    }

[1m  # ansible_host.hosts["k8s-master-03"][0m will be created
[0m  [32m+[0m[0m resource "ansible_host" "hosts" {
      [32m+[0m[0m groups = [
          [32m+[0m[0m "k8s-masters",
          [32m+[0m[0m "all",
          [32m+[0m[0m "all",
        ]
      [32m+[0m[0m id     = (known after apply)
      [32m+[0m[0m name   = "172.16.1.233"
    }

[1m  # ansible_host.hosts["k8s-worker-01"][0m will be created
[0m  [32m+[0m[0m resource "ansible_host" "hosts" {
      [32m+[0m[0m groups = [
          [32m+[0m[0m "k8s-workers",
          [32m+[0m[0m "all",
          [32m+[0m[0m "all",
        ]
      [32m+[0m[0m id     = (known after apply)
      [32m+[0m[0m name   = "172.16.1.234"
    }

[1m  # ansible_host.hosts["k8s-worker-02"][0m will be created
[0m  [32m+[0m[0m resource "ansible_host" "hosts" {
      [32m+[0m[0m groups = [
          [32m+[0m[0m "k8s-workers",
          [32m+[0m[0m "all",
          [32m+[0m[0m "all",
        ]
      [32m+[0m[0m id     = (known after apply)
      [32m+[0m[0m name   = "172.16.1.235"
    }

[1m  # ansible_host.hosts["k8s-worker-03"][0m will be created
[0m  [32m+[0m[0m resource "ansible_host" "hosts" {
      [32m+[0m[0m groups = [
          [32m+[0m[0m "k8s-workers",
          [32m+[0m[0m "all",
          [32m+[0m[0m "all",
        ]
      [32m+[0m[0m id     = (known after apply)
      [32m+[0m[0m name   = "172.16.1.236"
    }

[1m  # ansible_host.hosts["k8s-worker-additional-01"][0m will be created
[0m  [32m+[0m[0m resource "ansible_host" "hosts" {
      [32m+[0m[0m groups = [
          [32m+[0m[0m "k8s-workers",
          [32m+[0m[0m "all",
          [32m+[0m[0m "all",
        ]
      [32m+[0m[0m id     = (known after apply)
      [32m+[0m[0m name   = "172.16.1.150"
    }

[1m  # ansible_host.hosts["k8s-worker-additional-02"][0m will be created
[0m  [32m+[0m[0m resource "ansible_host" "hosts" {
      [32m+[0m[0m groups = [
          [32m+[0m[0m "k8s-workers",
          [32m+[0m[0m "all",
          [32m+[0m[0m "all",
        ]
      [32m+[0m[0m id     = (known after apply)
      [32m+[0m[0m name   = "172.16.1.151"
    }

[1m  # ansible_host.hosts["k8s-worker-additional-03"][0m will be created
[0m  [32m+[0m[0m resource "ansible_host" "hosts" {
      [32m+[0m[0m groups = [
          [32m+[0m[0m "k8s-workers",
          [32m+[0m[0m "all",
          [32m+[0m[0m "all",
        ]
      [32m+[0m[0m id     = (known after apply)
      [32m+[0m[0m name   = "172.16.1.152"
    }

[1m  # ansible_host.hosts["k8s-worker-additional-04"][0m will be created
[0m  [32m+[0m[0m resource "ansible_host" "hosts" {
      [32m+[0m[0m groups = [
          [32m+[0m[0m "k8s-workers",
          [32m+[0m[0m "all",
          [32m+[0m[0m "all",
        ]
      [32m+[0m[0m id     = (known after apply)
      [32m+[0m[0m name   = "172.16.1.153"
    }

[1m  # ansible_host.hosts["k8s-worker-additional-05"][0m will be created
[0m  [32m+[0m[0m resource "ansible_host" "hosts" {
      [32m+[0m[0m groups = [
          [32m+[0m[0m "k8s-workers",
          [32m+[0m[0m "all",
          [32m+[0m[0m "all",
        ]
      [32m+[0m[0m id     = (known after apply)
      [32m+[0m[0m name   = "172.16.1.154"
    }

[1m  # ansible_host.hosts["k8s-worker-additional-06"][0m will be created
[0m  [32m+[0m[0m resource "ansible_host" "hosts" {
      [32m+[0m[0m groups = [
          [32m+[0m[0m "k8s-workers",
          [32m+[0m[0m "all",
          [32m+[0m[0m "all",
        ]
      [32m+[0m[0m id     = (known after apply)
      [32m+[0m[0m name   = "172.16.1.155"
    }

[1m  # ansible_host.hosts["terraform-haproxy-01"][0m will be created
[0m  [32m+[0m[0m resource "ansible_host" "hosts" {
      [32m+[0m[0m groups = [
          [32m+[0m[0m "haproxy-master",
          [32m+[0m[0m "haproxy",
          [32m+[0m[0m "all",
        ]
      [32m+[0m[0m id     = (known after apply)
      [32m+[0m[0m name   = "172.16.1.190"
    }

[1m  # ansible_host.hosts["terraform-haproxy-02"][0m will be created
[0m  [32m+[0m[0m resource "ansible_host" "hosts" {
      [32m+[0m[0m groups = [
          [32m+[0m[0m "haproxy-slave",
          [32m+[0m[0m "haproxy",
          [32m+[0m[0m "all",
        ]
      [32m+[0m[0m id     = (known after apply)
      [32m+[0m[0m name   = "172.16.1.191"
    }

[1m  # null_resource.running-ansible[0m will be created
[0m  [32m+[0m[0m resource "null_resource" "running-ansible" {
      [32m+[0m[0m id = (known after apply)
    }

[1m  # null_resource.waiting_instances_ready["external-bgp-router"][0m will be created
[0m  [32m+[0m[0m resource "null_resource" "waiting_instances_ready" {
      [32m+[0m[0m id = (known after apply)
    }

[1m  # null_resource.waiting_instances_ready["k8s-master-01"][0m will be created
[0m  [32m+[0m[0m resource "null_resource" "waiting_instances_ready" {
      [32m+[0m[0m id = (known after apply)
    }

[1m  # null_resource.waiting_instances_ready["k8s-master-02"][0m will be created
[0m  [32m+[0m[0m resource "null_resource" "waiting_instances_ready" {
      [32m+[0m[0m id = (known after apply)
    }

[1m  # null_resource.waiting_instances_ready["k8s-master-03"][0m will be created
[0m  [32m+[0m[0m resource "null_resource" "waiting_instances_ready" {
      [32m+[0m[0m id = (known after apply)
    }

[1m  # null_resource.waiting_instances_ready["k8s-worker-01"][0m will be created
[0m  [32m+[0m[0m resource "null_resource" "waiting_instances_ready" {
      [32m+[0m[0m id = (known after apply)
    }

[1m  # null_resource.waiting_instances_ready["k8s-worker-02"][0m will be created
[0m  [32m+[0m[0m resource "null_resource" "waiting_instances_ready" {
      [32m+[0m[0m id = (known after apply)
    }

[1m  # null_resource.waiting_instances_ready["k8s-worker-03"][0m will be created
[0m  [32m+[0m[0m resource "null_resource" "waiting_instances_ready" {
      [32m+[0m[0m id = (known after apply)
    }

[1m  # null_resource.waiting_instances_ready["k8s-worker-additional-01"][0m will be created
[0m  [32m+[0m[0m resource "null_resource" "waiting_instances_ready" {
      [32m+[0m[0m id = (known after apply)
    }

[1m  # null_resource.waiting_instances_ready["k8s-worker-additional-02"][0m will be created
[0m  [32m+[0m[0m resource "null_resource" "waiting_instances_ready" {
      [32m+[0m[0m id = (known after apply)
    }

[1m  # null_resource.waiting_instances_ready["k8s-worker-additional-03"][0m will be created
[0m  [32m+[0m[0m resource "null_resource" "waiting_instances_ready" {
      [32m+[0m[0m id = (known after apply)
    }

[1m  # null_resource.waiting_instances_ready["k8s-worker-additional-04"][0m will be created
[0m  [32m+[0m[0m resource "null_resource" "waiting_instances_ready" {
      [32m+[0m[0m id = (known after apply)
    }

[1m  # null_resource.waiting_instances_ready["k8s-worker-additional-05"][0m will be created
[0m  [32m+[0m[0m resource "null_resource" "waiting_instances_ready" {
      [32m+[0m[0m id = (known after apply)
    }

[1m  # null_resource.waiting_instances_ready["k8s-worker-additional-06"][0m will be created
[0m  [32m+[0m[0m resource "null_resource" "waiting_instances_ready" {
      [32m+[0m[0m id = (known after apply)
    }

[1m  # null_resource.waiting_instances_ready["terraform-haproxy-01"][0m will be created
[0m  [32m+[0m[0m resource "null_resource" "waiting_instances_ready" {
      [32m+[0m[0m id = (known after apply)
    }

[1m  # null_resource.waiting_instances_ready["terraform-haproxy-02"][0m will be created
[0m  [32m+[0m[0m resource "null_resource" "waiting_instances_ready" {
      [32m+[0m[0m id = (known after apply)
    }

[1m  # module.k8s-nodes-provision.proxmox_vm_qemu.provision-proxmox-vm["external-bgp-router"][0m will be created
[0m  [32m+[0m[0m resource "proxmox_vm_qemu" "provision-proxmox-vm" {
      [32m+[0m[0m additional_wait        = 5
      [32m+[0m[0m agent                  = 1
      [32m+[0m[0m automatic_reboot       = true
      [32m+[0m[0m balloon                = 0
      [32m+[0m[0m bios                   = "seabios"
      [32m+[0m[0m boot                   = (known after apply)
      [32m+[0m[0m bootdisk               = (known after apply)
      [32m+[0m[0m ciupgrade              = false
      [32m+[0m[0m ciuser                 = "locthp"
      [32m+[0m[0m clone                  = "cloudinit-ubuntu-24.04-template"
      [32m+[0m[0m clone_wait             = 10
      [32m+[0m[0m cores                  = 2
      [32m+[0m[0m cpu                    = "x86-64-v2-AES"
      [32m+[0m[0m default_ipv4_address   = (known after apply)
      [32m+[0m[0m default_ipv6_address   = (known after apply)
      [32m+[0m[0m define_connection_info = true
      [32m+[0m[0m desc                   = "terraform-managed VM"
      [32m+[0m[0m force_create           = false
      [32m+[0m[0m full_clone             = true
      [32m+[0m[0m hotplug                = "network,disk,usb"
      [32m+[0m[0m id                     = (known after apply)
      [32m+[0m[0m ipconfig0              = "ip=172.16.1.170/24,gw=172.16.1.1"
      [32m+[0m[0m kvm                    = true
      [32m+[0m[0m linked_vmid            = (known after apply)
      [32m+[0m[0m memory                 = 2048
      [32m+[0m[0m name                   = "external-bgp-router"
      [32m+[0m[0m nameserver             = "172.16.1.5 172.16.1.6"
      [32m+[0m[0m onboot                 = false
      [32m+[0m[0m os_type                = "cloud-init"
      [32m+[0m[0m protection             = false
      [32m+[0m[0m reboot_required        = (known after apply)
      [32m+[0m[0m scsihw                 = "virtio-scsi-single"
      [32m+[0m[0m searchdomain           = "."
      [32m+[0m[0m skip_ipv4              = false
      [32m+[0m[0m skip_ipv6              = false
      [32m+[0m[0m sockets                = 1
      [32m+[0m[0m ssh_host               = (known after apply)
      [32m+[0m[0m ssh_port               = (known after apply)
      [32m+[0m[0m sshkeys                = <<-EOT
            ssh-ed25519 AAAAC3NzaC1lZDI1NTE5AAAAIHgKmDqIR8VZ+sMoCxjt8HTlerwO29A7MS4lQMNehsr3 root@tasks-automation-server
            ssh-ed25519 AAAAC3NzaC1lZDI1NTE5AAAAIA61Dt7OxM8Jpoy/I0/FmCLjaqjNApU+UO+vRpyavBoj truonghoangphuloc@phus-MacBook-Pro.local
        EOT
      [32m+[0m[0m tablet                 = true
      [32m+[0m[0m tags                   = (known after apply)
      [32m+[0m[0m target_node            = "geekom-dev"
      [32m+[0m[0m unused_disk            = (known after apply)
      [32m+[0m[0m vcpus                  = 0
      [32m+[0m[0m vm_state               = "running"
      [32m+[0m[0m vmid                   = 215

      [32m+[0m[0m disks {
          [32m+[0m[0m ide {
              [32m+[0m[0m ide0 {
                  [32m+[0m[0m cloudinit {
                      [32m+[0m[0m storage = "local-lvm"
                    }
                }
            }
          [32m+[0m[0m scsi {
              [32m+[0m[0m scsi0 {
                  [32m+[0m[0m disk {
                      [32m+[0m[0m backup               = true
                      [32m+[0m[0m emulatessd           = false
                      [32m+[0m[0m format               = "raw"
                      [32m+[0m[0m id                   = (known after apply)
                      [32m+[0m[0m iops_r_burst         = 0
                      [32m+[0m[0m iops_r_burst_length  = 0
                      [32m+[0m[0m iops_r_concurrent    = 0
                      [32m+[0m[0m iops_wr_burst        = 0
                      [32m+[0m[0m iops_wr_burst_length = 0
                      [32m+[0m[0m iops_wr_concurrent   = 0
                      [32m+[0m[0m iothread             = false
                      [32m+[0m[0m linked_disk_id       = (known after apply)
                      [32m+[0m[0m mbps_r_burst         = 0
                      [32m+[0m[0m mbps_r_concurrent    = 0
                      [32m+[0m[0m mbps_wr_burst        = 0
                      [32m+[0m[0m mbps_wr_concurrent   = 0
                      [32m+[0m[0m replicate            = true
                      [32m+[0m[0m size                 = "25G"
                      [32m+[0m[0m storage              = "local-lvm"
                        [90m# (1 unchanged attribute hidden)[0m[0m
                    }
                }
            }
        }

      [32m+[0m[0m smbios (known after apply)
    }

[1m  # module.k8s-nodes-provision.proxmox_vm_qemu.provision-proxmox-vm["k8s-master-01"][0m will be created
[0m  [32m+[0m[0m resource "proxmox_vm_qemu" "provision-proxmox-vm" {
      [32m+[0m[0m additional_wait        = 5
      [32m+[0m[0m agent                  = 1
      [32m+[0m[0m automatic_reboot       = true
      [32m+[0m[0m balloon                = 0
      [32m+[0m[0m bios                   = "seabios"
      [32m+[0m[0m boot                   = (known after apply)
      [32m+[0m[0m bootdisk               = (known after apply)
      [32m+[0m[0m ciupgrade              = false
      [32m+[0m[0m ciuser                 = "locthp"
      [32m+[0m[0m clone                  = "cloudinit-ubuntu-24.04-template"
      [32m+[0m[0m clone_wait             = 10
      [32m+[0m[0m cores                  = 2
      [32m+[0m[0m cpu                    = "x86-64-v2-AES"
      [32m+[0m[0m default_ipv4_address   = (known after apply)
      [32m+[0m[0m default_ipv6_address   = (known after apply)
      [32m+[0m[0m define_connection_info = true
      [32m+[0m[0m desc                   = "terraform-managed VM"
      [32m+[0m[0m force_create           = false
      [32m+[0m[0m full_clone             = true
      [32m+[0m[0m hotplug                = "network,disk,usb"
      [32m+[0m[0m id                     = (known after apply)
      [32m+[0m[0m ipconfig0              = "ip=172.16.1.231/24,gw=172.16.1.1"
      [32m+[0m[0m kvm                    = true
      [32m+[0m[0m linked_vmid            = (known after apply)
      [32m+[0m[0m memory                 = 4096
      [32m+[0m[0m name                   = "k8s-master-01"
      [32m+[0m[0m nameserver             = "172.16.1.5 172.16.1.6"
      [32m+[0m[0m onboot                 = false
      [32m+[0m[0m os_type                = "cloud-init"
      [32m+[0m[0m protection             = false
      [32m+[0m[0m reboot_required        = (known after apply)
      [32m+[0m[0m scsihw                 = "virtio-scsi-single"
      [32m+[0m[0m searchdomain           = "."
      [32m+[0m[0m skip_ipv4              = false
      [32m+[0m[0m skip_ipv6              = false
      [32m+[0m[0m sockets                = 1
      [32m+[0m[0m ssh_host               = (known after apply)
      [32m+[0m[0m ssh_port               = (known after apply)
      [32m+[0m[0m sshkeys                = <<-EOT
            ssh-ed25519 AAAAC3NzaC1lZDI1NTE5AAAAIHgKmDqIR8VZ+sMoCxjt8HTlerwO29A7MS4lQMNehsr3 root@tasks-automation-server
            ssh-ed25519 AAAAC3NzaC1lZDI1NTE5AAAAIA61Dt7OxM8Jpoy/I0/FmCLjaqjNApU+UO+vRpyavBoj truonghoangphuloc@phus-MacBook-Pro.local
        EOT
      [32m+[0m[0m tablet                 = true
      [32m+[0m[0m tags                   = (known after apply)
      [32m+[0m[0m target_node            = "geekom-dev"
      [32m+[0m[0m unused_disk            = (known after apply)
      [32m+[0m[0m vcpus                  = 0
      [32m+[0m[0m vm_state               = "running"
      [32m+[0m[0m vmid                   = 200

      [32m+[0m[0m disks {
          [32m+[0m[0m ide {
              [32m+[0m[0m ide0 {
                  [32m+[0m[0m cloudinit {
                      [32m+[0m[0m storage = "local-lvm"
                    }
                }
            }
          [32m+[0m[0m scsi {
              [32m+[0m[0m scsi0 {
                  [32m+[0m[0m disk {
                      [32m+[0m[0m backup               = true
                      [32m+[0m[0m emulatessd           = false
                      [32m+[0m[0m format               = "raw"
                      [32m+[0m[0m id                   = (known after apply)
                      [32m+[0m[0m iops_r_burst         = 0
                      [32m+[0m[0m iops_r_burst_length  = 0
                      [32m+[0m[0m iops_r_concurrent    = 0
                      [32m+[0m[0m iops_wr_burst        = 0
                      [32m+[0m[0m iops_wr_burst_length = 0
                      [32m+[0m[0m iops_wr_concurrent   = 0
                      [32m+[0m[0m iothread             = false
                      [32m+[0m[0m linked_disk_id       = (known after apply)
                      [32m+[0m[0m mbps_r_burst         = 0
                      [32m+[0m[0m mbps_r_concurrent    = 0
                      [32m+[0m[0m mbps_wr_burst        = 0
                      [32m+[0m[0m mbps_wr_concurrent   = 0
                      [32m+[0m[0m replicate            = true
                      [32m+[0m[0m size                 = "25G"
                      [32m+[0m[0m storage              = "local-lvm"
                        [90m# (1 unchanged attribute hidden)[0m[0m
                    }
                }
            }
        }

      [32m+[0m[0m smbios (known after apply)
    }

[1m  # module.k8s-nodes-provision.proxmox_vm_qemu.provision-proxmox-vm["k8s-master-02"][0m will be created
[0m  [32m+[0m[0m resource "proxmox_vm_qemu" "provision-proxmox-vm" {
      [32m+[0m[0m additional_wait        = 5
      [32m+[0m[0m agent                  = 1
      [32m+[0m[0m automatic_reboot       = true
      [32m+[0m[0m balloon                = 0
      [32m+[0m[0m bios                   = "seabios"
      [32m+[0m[0m boot                   = (known after apply)
      [32m+[0m[0m bootdisk               = (known after apply)
      [32m+[0m[0m ciupgrade              = false
      [32m+[0m[0m ciuser                 = "locthp"
      [32m+[0m[0m clone                  = "cloudinit-ubuntu-24.04-template"
      [32m+[0m[0m clone_wait             = 10
      [32m+[0m[0m cores                  = 2
      [32m+[0m[0m cpu                    = "x86-64-v2-AES"
      [32m+[0m[0m default_ipv4_address   = (known after apply)
      [32m+[0m[0m default_ipv6_address   = (known after apply)
      [32m+[0m[0m define_connection_info = true
      [32m+[0m[0m desc                   = "terraform-managed VM"
      [32m+[0m[0m force_create           = false
      [32m+[0m[0m full_clone             = true
      [32m+[0m[0m hotplug                = "network,disk,usb"
      [32m+[0m[0m id                     = (known after apply)
      [32m+[0m[0m ipconfig0              = "ip=172.16.1.232/24,gw=172.16.1.1"
      [32m+[0m[0m kvm                    = true
      [32m+[0m[0m linked_vmid            = (known after apply)
      [32m+[0m[0m memory                 = 4096
      [32m+[0m[0m name                   = "k8s-master-02"
      [32m+[0m[0m nameserver             = "172.16.1.5 172.16.1.6"
      [32m+[0m[0m onboot                 = false
      [32m+[0m[0m os_type                = "cloud-init"
      [32m+[0m[0m protection             = false
      [32m+[0m[0m reboot_required        = (known after apply)
      [32m+[0m[0m scsihw                 = "virtio-scsi-single"
      [32m+[0m[0m searchdomain           = "."
      [32m+[0m[0m skip_ipv4              = false
      [32m+[0m[0m skip_ipv6              = false
      [32m+[0m[0m sockets                = 1
      [32m+[0m[0m ssh_host               = (known after apply)
      [32m+[0m[0m ssh_port               = (known after apply)
      [32m+[0m[0m sshkeys                = <<-EOT
            ssh-ed25519 AAAAC3NzaC1lZDI1NTE5AAAAIHgKmDqIR8VZ+sMoCxjt8HTlerwO29A7MS4lQMNehsr3 root@tasks-automation-server
            ssh-ed25519 AAAAC3NzaC1lZDI1NTE5AAAAIA61Dt7OxM8Jpoy/I0/FmCLjaqjNApU+UO+vRpyavBoj truonghoangphuloc@phus-MacBook-Pro.local
        EOT
      [32m+[0m[0m tablet                 = true
      [32m+[0m[0m tags                   = (known after apply)
      [32m+[0m[0m target_node            = "geekom-dev"
      [32m+[0m[0m unused_disk            = (known after apply)
      [32m+[0m[0m vcpus                  = 0
      [32m+[0m[0m vm_state               = "running"
      [32m+[0m[0m vmid                   = 201

      [32m+[0m[0m disks {
          [32m+[0m[0m ide {
              [32m+[0m[0m ide0 {
                  [32m+[0m[0m cloudinit {
                      [32m+[0m[0m storage = "local-lvm"
                    }
                }
            }
          [32m+[0m[0m scsi {
              [32m+[0m[0m scsi0 {
                  [32m+[0m[0m disk {
                      [32m+[0m[0m backup               = true
                      [32m+[0m[0m emulatessd           = false
                      [32m+[0m[0m format               = "raw"
                      [32m+[0m[0m id                   = (known after apply)
                      [32m+[0m[0m iops_r_burst         = 0
                      [32m+[0m[0m iops_r_burst_length  = 0
                      [32m+[0m[0m iops_r_concurrent    = 0
                      [32m+[0m[0m iops_wr_burst        = 0
                      [32m+[0m[0m iops_wr_burst_length = 0
                      [32m+[0m[0m iops_wr_concurrent   = 0
                      [32m+[0m[0m iothread             = false
                      [32m+[0m[0m linked_disk_id       = (known after apply)
                      [32m+[0m[0m mbps_r_burst         = 0
                      [32m+[0m[0m mbps_r_concurrent    = 0
                      [32m+[0m[0m mbps_wr_burst        = 0
                      [32m+[0m[0m mbps_wr_concurrent   = 0
                      [32m+[0m[0m replicate            = true
                      [32m+[0m[0m size                 = "25G"
                      [32m+[0m[0m storage              = "local-lvm"
                        [90m# (1 unchanged attribute hidden)[0m[0m
                    }
                }
            }
        }

      [32m+[0m[0m smbios (known after apply)
    }

[1m  # module.k8s-nodes-provision.proxmox_vm_qemu.provision-proxmox-vm["k8s-master-03"][0m will be created
[0m  [32m+[0m[0m resource "proxmox_vm_qemu" "provision-proxmox-vm" {
      [32m+[0m[0m additional_wait        = 5
      [32m+[0m[0m agent                  = 1
      [32m+[0m[0m automatic_reboot       = true
      [32m+[0m[0m balloon                = 0
      [32m+[0m[0m bios                   = "seabios"
      [32m+[0m[0m boot                   = (known after apply)
      [32m+[0m[0m bootdisk               = (known after apply)
      [32m+[0m[0m ciupgrade              = false
      [32m+[0m[0m ciuser                 = "locthp"
      [32m+[0m[0m clone                  = "cloudinit-ubuntu-24.04-template"
      [32m+[0m[0m clone_wait             = 10
      [32m+[0m[0m cores                  = 2
      [32m+[0m[0m cpu                    = "x86-64-v2-AES"
      [32m+[0m[0m default_ipv4_address   = (known after apply)
      [32m+[0m[0m default_ipv6_address   = (known after apply)
      [32m+[0m[0m define_connection_info = true
      [32m+[0m[0m desc                   = "terraform-managed VM"
      [32m+[0m[0m force_create           = false
      [32m+[0m[0m full_clone             = true
      [32m+[0m[0m hotplug                = "network,disk,usb"
      [32m+[0m[0m id                     = (known after apply)
      [32m+[0m[0m ipconfig0              = "ip=172.16.1.233/24,gw=172.16.1.1"
      [32m+[0m[0m kvm                    = true
      [32m+[0m[0m linked_vmid            = (known after apply)
      [32m+[0m[0m memory                 = 4096
      [32m+[0m[0m name                   = "k8s-master-03"
      [32m+[0m[0m nameserver             = "172.16.1.5 172.16.1.6"
      [32m+[0m[0m onboot                 = false
      [32m+[0m[0m os_type                = "cloud-init"
      [32m+[0m[0m protection             = false
      [32m+[0m[0m reboot_required        = (known after apply)
      [32m+[0m[0m scsihw                 = "virtio-scsi-single"
      [32m+[0m[0m searchdomain           = "."
      [32m+[0m[0m skip_ipv4              = false
      [32m+[0m[0m skip_ipv6              = false
      [32m+[0m[0m sockets                = 1
      [32m+[0m[0m ssh_host               = (known after apply)
      [32m+[0m[0m ssh_port               = (known after apply)
      [32m+[0m[0m sshkeys                = <<-EOT
            ssh-ed25519 AAAAC3NzaC1lZDI1NTE5AAAAIHgKmDqIR8VZ+sMoCxjt8HTlerwO29A7MS4lQMNehsr3 root@tasks-automation-server
            ssh-ed25519 AAAAC3NzaC1lZDI1NTE5AAAAIA61Dt7OxM8Jpoy/I0/FmCLjaqjNApU+UO+vRpyavBoj truonghoangphuloc@phus-MacBook-Pro.local
        EOT
      [32m+[0m[0m tablet                 = true
      [32m+[0m[0m tags                   = (known after apply)
      [32m+[0m[0m target_node            = "geekom-dev"
      [32m+[0m[0m unused_disk            = (known after apply)
      [32m+[0m[0m vcpus                  = 0
      [32m+[0m[0m vm_state               = "running"
      [32m+[0m[0m vmid                   = 202

      [32m+[0m[0m disks {
          [32m+[0m[0m ide {
              [32m+[0m[0m ide0 {
                  [32m+[0m[0m cloudinit {
                      [32m+[0m[0m storage = "local-lvm"
                    }
                }
            }
          [32m+[0m[0m scsi {
              [32m+[0m[0m scsi0 {
                  [32m+[0m[0m disk {
                      [32m+[0m[0m backup               = true
                      [32m+[0m[0m emulatessd           = false
                      [32m+[0m[0m format               = "raw"
                      [32m+[0m[0m id                   = (known after apply)
                      [32m+[0m[0m iops_r_burst         = 0
                      [32m+[0m[0m iops_r_burst_length  = 0
                      [32m+[0m[0m iops_r_concurrent    = 0
                      [32m+[0m[0m iops_wr_burst        = 0
                      [32m+[0m[0m iops_wr_burst_length = 0
                      [32m+[0m[0m iops_wr_concurrent   = 0
                      [32m+[0m[0m iothread             = false
                      [32m+[0m[0m linked_disk_id       = (known after apply)
                      [32m+[0m[0m mbps_r_burst         = 0
                      [32m+[0m[0m mbps_r_concurrent    = 0
                      [32m+[0m[0m mbps_wr_burst        = 0
                      [32m+[0m[0m mbps_wr_concurrent   = 0
                      [32m+[0m[0m replicate            = true
                      [32m+[0m[0m size                 = "25G"
                      [32m+[0m[0m storage              = "local-lvm"
                        [90m# (1 unchanged attribute hidden)[0m[0m
                    }
                }
            }
        }

      [32m+[0m[0m smbios (known after apply)
    }

[1m  # module.k8s-nodes-provision.proxmox_vm_qemu.provision-proxmox-vm["k8s-worker-01"][0m will be created
[0m  [32m+[0m[0m resource "proxmox_vm_qemu" "provision-proxmox-vm" {
      [32m+[0m[0m additional_wait        = 5
      [32m+[0m[0m agent                  = 1
      [32m+[0m[0m automatic_reboot       = true
      [32m+[0m[0m balloon                = 0
      [32m+[0m[0m bios                   = "seabios"
      [32m+[0m[0m boot                   = (known after apply)
      [32m+[0m[0m bootdisk               = (known after apply)
      [32m+[0m[0m ciupgrade              = false
      [32m+[0m[0m ciuser                 = "locthp"
      [32m+[0m[0m clone                  = "cloudinit-ubuntu-24.04-template"
      [32m+[0m[0m clone_wait             = 10
      [32m+[0m[0m cores                  = 2
      [32m+[0m[0m cpu                    = "x86-64-v2-AES"
      [32m+[0m[0m default_ipv4_address   = (known after apply)
      [32m+[0m[0m default_ipv6_address   = (known after apply)
      [32m+[0m[0m define_connection_info = true
      [32m+[0m[0m desc                   = "terraform-managed VM"
      [32m+[0m[0m force_create           = false
      [32m+[0m[0m full_clone             = true
      [32m+[0m[0m hotplug                = "network,disk,usb"
      [32m+[0m[0m id                     = (known after apply)
      [32m+[0m[0m ipconfig0              = "ip=172.16.1.234/24,gw=172.16.1.1"
      [32m+[0m[0m kvm                    = true
      [32m+[0m[0m linked_vmid            = (known after apply)
      [32m+[0m[0m memory                 = 4096
      [32m+[0m[0m name                   = "k8s-worker-01"
      [32m+[0m[0m nameserver             = "172.16.1.5 172.16.1.6"
      [32m+[0m[0m onboot                 = false
      [32m+[0m[0m os_type                = "cloud-init"
      [32m+[0m[0m protection             = false
      [32m+[0m[0m reboot_required        = (known after apply)
      [32m+[0m[0m scsihw                 = "virtio-scsi-single"
      [32m+[0m[0m searchdomain           = "."
      [32m+[0m[0m skip_ipv4              = false
      [32m+[0m[0m skip_ipv6              = false
      [32m+[0m[0m sockets                = 1
      [32m+[0m[0m ssh_host               = (known after apply)
      [32m+[0m[0m ssh_port               = (known after apply)
      [32m+[0m[0m sshkeys                = <<-EOT
            ssh-ed25519 AAAAC3NzaC1lZDI1NTE5AAAAIHgKmDqIR8VZ+sMoCxjt8HTlerwO29A7MS4lQMNehsr3 root@tasks-automation-server
            ssh-ed25519 AAAAC3NzaC1lZDI1NTE5AAAAIA61Dt7OxM8Jpoy/I0/FmCLjaqjNApU+UO+vRpyavBoj truonghoangphuloc@phus-MacBook-Pro.local
        EOT
      [32m+[0m[0m tablet                 = true
      [32m+[0m[0m tags                   = (known after apply)
      [32m+[0m[0m target_node            = "geekom-dev"
      [32m+[0m[0m unused_disk            = (known after apply)
      [32m+[0m[0m vcpus                  = 0
      [32m+[0m[0m vm_state               = "running"
      [32m+[0m[0m vmid                   = 203

      [32m+[0m[0m disks {
          [32m+[0m[0m ide {
              [32m+[0m[0m ide0 {
                  [32m+[0m[0m cloudinit {
                      [32m+[0m[0m storage = "local-lvm"
                    }
                }
            }
          [32m+[0m[0m scsi {
              [32m+[0m[0m scsi0 {
                  [32m+[0m[0m disk {
                      [32m+[0m[0m backup               = true
                      [32m+[0m[0m emulatessd           = false
                      [32m+[0m[0m format               = "raw"
                      [32m+[0m[0m id                   = (known after apply)
                      [32m+[0m[0m iops_r_burst         = 0
                      [32m+[0m[0m iops_r_burst_length  = 0
                      [32m+[0m[0m iops_r_concurrent    = 0
                      [32m+[0m[0m iops_wr_burst        = 0
                      [32m+[0m[0m iops_wr_burst_length = 0
                      [32m+[0m[0m iops_wr_concurrent   = 0
                      [32m+[0m[0m iothread             = false
                      [32m+[0m[0m linked_disk_id       = (known after apply)
                      [32m+[0m[0m mbps_r_burst         = 0
                      [32m+[0m[0m mbps_r_concurrent    = 0
                      [32m+[0m[0m mbps_wr_burst        = 0
                      [32m+[0m[0m mbps_wr_concurrent   = 0
                      [32m+[0m[0m replicate            = true
                      [32m+[0m[0m size                 = "25G"
                      [32m+[0m[0m storage              = "local-lvm"
                        [90m# (1 unchanged attribute hidden)[0m[0m
                    }
                }
            }
        }

      [32m+[0m[0m smbios (known after apply)
    }

[1m  # module.k8s-nodes-provision.proxmox_vm_qemu.provision-proxmox-vm["k8s-worker-02"][0m will be created
[0m  [32m+[0m[0m resource "proxmox_vm_qemu" "provision-proxmox-vm" {
      [32m+[0m[0m additional_wait        = 5
      [32m+[0m[0m agent                  = 1
      [32m+[0m[0m automatic_reboot       = true
      [32m+[0m[0m balloon                = 0
      [32m+[0m[0m bios                   = "seabios"
      [32m+[0m[0m boot                   = (known after apply)
      [32m+[0m[0m bootdisk               = (known after apply)
      [32m+[0m[0m ciupgrade              = false
      [32m+[0m[0m ciuser                 = "locthp"
      [32m+[0m[0m clone                  = "cloudinit-ubuntu-24.04-template"
      [32m+[0m[0m clone_wait             = 10
      [32m+[0m[0m cores                  = 2
      [32m+[0m[0m cpu                    = "x86-64-v2-AES"
      [32m+[0m[0m default_ipv4_address   = (known after apply)
      [32m+[0m[0m default_ipv6_address   = (known after apply)
      [32m+[0m[0m define_connection_info = true
      [32m+[0m[0m desc                   = "terraform-managed VM"
      [32m+[0m[0m force_create           = false
      [32m+[0m[0m full_clone             = true
      [32m+[0m[0m hotplug                = "network,disk,usb"
      [32m+[0m[0m id                     = (known after apply)
      [32m+[0m[0m ipconfig0              = "ip=172.16.1.235/24,gw=172.16.1.1"
      [32m+[0m[0m kvm                    = true
      [32m+[0m[0m linked_vmid            = (known after apply)
      [32m+[0m[0m memory                 = 4096
      [32m+[0m[0m name                   = "k8s-worker-02"
      [32m+[0m[0m nameserver             = "172.16.1.5 172.16.1.6"
      [32m+[0m[0m onboot                 = false
      [32m+[0m[0m os_type                = "cloud-init"
      [32m+[0m[0m protection             = false
      [32m+[0m[0m reboot_required        = (known after apply)
      [32m+[0m[0m scsihw                 = "virtio-scsi-single"
      [32m+[0m[0m searchdomain           = "."
      [32m+[0m[0m skip_ipv4              = false
      [32m+[0m[0m skip_ipv6              = false
      [32m+[0m[0m sockets                = 1
      [32m+[0m[0m ssh_host               = (known after apply)
      [32m+[0m[0m ssh_port               = (known after apply)
      [32m+[0m[0m sshkeys                = <<-EOT
            ssh-ed25519 AAAAC3NzaC1lZDI1NTE5AAAAIHgKmDqIR8VZ+sMoCxjt8HTlerwO29A7MS4lQMNehsr3 root@tasks-automation-server
            ssh-ed25519 AAAAC3NzaC1lZDI1NTE5AAAAIA61Dt7OxM8Jpoy/I0/FmCLjaqjNApU+UO+vRpyavBoj truonghoangphuloc@phus-MacBook-Pro.local
        EOT
      [32m+[0m[0m tablet                 = true
      [32m+[0m[0m tags                   = (known after apply)
      [32m+[0m[0m target_node            = "geekom-dev"
      [32m+[0m[0m unused_disk            = (known after apply)
      [32m+[0m[0m vcpus                  = 0
      [32m+[0m[0m vm_state               = "running"
      [32m+[0m[0m vmid                   = 204

      [32m+[0m[0m disks {
          [32m+[0m[0m ide {
              [32m+[0m[0m ide0 {
                  [32m+[0m[0m cloudinit {
                      [32m+[0m[0m storage = "local-lvm"
                    }
                }
            }
          [32m+[0m[0m scsi {
              [32m+[0m[0m scsi0 {
                  [32m+[0m[0m disk {
                      [32m+[0m[0m backup               = true
                      [32m+[0m[0m emulatessd           = false
                      [32m+[0m[0m format               = "raw"
                      [32m+[0m[0m id                   = (known after apply)
                      [32m+[0m[0m iops_r_burst         = 0
                      [32m+[0m[0m iops_r_burst_length  = 0
                      [32m+[0m[0m iops_r_concurrent    = 0
                      [32m+[0m[0m iops_wr_burst        = 0
                      [32m+[0m[0m iops_wr_burst_length = 0
                      [32m+[0m[0m iops_wr_concurrent   = 0
                      [32m+[0m[0m iothread             = false
                      [32m+[0m[0m linked_disk_id       = (known after apply)
                      [32m+[0m[0m mbps_r_burst         = 0
                      [32m+[0m[0m mbps_r_concurrent    = 0
                      [32m+[0m[0m mbps_wr_burst        = 0
                      [32m+[0m[0m mbps_wr_concurrent   = 0
                      [32m+[0m[0m replicate            = true
                      [32m+[0m[0m size                 = "25G"
                      [32m+[0m[0m storage              = "local-lvm"
                        [90m# (1 unchanged attribute hidden)[0m[0m
                    }
                }
            }
        }

      [32m+[0m[0m smbios (known after apply)
    }

[1m  # module.k8s-nodes-provision.proxmox_vm_qemu.provision-proxmox-vm["k8s-worker-03"][0m will be created
[0m  [32m+[0m[0m resource "proxmox_vm_qemu" "provision-proxmox-vm" {
      [32m+[0m[0m additional_wait        = 5
      [32m+[0m[0m agent                  = 1
      [32m+[0m[0m automatic_reboot       = true
      [32m+[0m[0m balloon                = 0
      [32m+[0m[0m bios                   = "seabios"
      [32m+[0m[0m boot                   = (known after apply)
      [32m+[0m[0m bootdisk               = (known after apply)
      [32m+[0m[0m ciupgrade              = false
      [32m+[0m[0m ciuser                 = "locthp"
      [32m+[0m[0m clone                  = "cloudinit-ubuntu-24.04-template"
      [32m+[0m[0m clone_wait             = 10
      [32m+[0m[0m cores                  = 2
      [32m+[0m[0m cpu                    = "x86-64-v2-AES"
      [32m+[0m[0m default_ipv4_address   = (known after apply)
      [32m+[0m[0m default_ipv6_address   = (known after apply)
      [32m+[0m[0m define_connection_info = true
      [32m+[0m[0m desc                   = "terraform-managed VM"
      [32m+[0m[0m force_create           = false
      [32m+[0m[0m full_clone             = true
      [32m+[0m[0m hotplug                = "network,disk,usb"
      [32m+[0m[0m id                     = (known after apply)
      [32m+[0m[0m ipconfig0              = "ip=172.16.1.236/24,gw=172.16.1.1"
      [32m+[0m[0m kvm                    = true
      [32m+[0m[0m linked_vmid            = (known after apply)
      [32m+[0m[0m memory                 = 4096
      [32m+[0m[0m name                   = "k8s-worker-03"
      [32m+[0m[0m nameserver             = "172.16.1.5 172.16.1.6"
      [32m+[0m[0m onboot                 = false
      [32m+[0m[0m os_type                = "cloud-init"
      [32m+[0m[0m protection             = false
      [32m+[0m[0m reboot_required        = (known after apply)
      [32m+[0m[0m scsihw                 = "virtio-scsi-single"
      [32m+[0m[0m searchdomain           = "."
      [32m+[0m[0m skip_ipv4              = false
      [32m+[0m[0m skip_ipv6              = false
      [32m+[0m[0m sockets                = 1
      [32m+[0m[0m ssh_host               = (known after apply)
      [32m+[0m[0m ssh_port               = (known after apply)
      [32m+[0m[0m sshkeys                = <<-EOT
            ssh-ed25519 AAAAC3NzaC1lZDI1NTE5AAAAIHgKmDqIR8VZ+sMoCxjt8HTlerwO29A7MS4lQMNehsr3 root@tasks-automation-server
            ssh-ed25519 AAAAC3NzaC1lZDI1NTE5AAAAIA61Dt7OxM8Jpoy/I0/FmCLjaqjNApU+UO+vRpyavBoj truonghoangphuloc@phus-MacBook-Pro.local
        EOT
      [32m+[0m[0m tablet                 = true
      [32m+[0m[0m tags                   = (known after apply)
      [32m+[0m[0m target_node            = "geekom-dev"
      [32m+[0m[0m unused_disk            = (known after apply)
      [32m+[0m[0m vcpus                  = 0
      [32m+[0m[0m vm_state               = "running"
      [32m+[0m[0m vmid                   = 205

      [32m+[0m[0m disks {
          [32m+[0m[0m ide {
              [32m+[0m[0m ide0 {
                  [32m+[0m[0m cloudinit {
                      [32m+[0m[0m storage = "local-lvm"
                    }
                }
            }
          [32m+[0m[0m scsi {
              [32m+[0m[0m scsi0 {
                  [32m+[0m[0m disk {
                      [32m+[0m[0m backup               = true
                      [32m+[0m[0m emulatessd           = false
                      [32m+[0m[0m format               = "raw"
                      [32m+[0m[0m id                   = (known after apply)
                      [32m+[0m[0m iops_r_burst         = 0
                      [32m+[0m[0m iops_r_burst_length  = 0
                      [32m+[0m[0m iops_r_concurrent    = 0
                      [32m+[0m[0m iops_wr_burst        = 0
                      [32m+[0m[0m iops_wr_burst_length = 0
                      [32m+[0m[0m iops_wr_concurrent   = 0
                      [32m+[0m[0m iothread             = false
                      [32m+[0m[0m linked_disk_id       = (known after apply)
                      [32m+[0m[0m mbps_r_burst         = 0
                      [32m+[0m[0m mbps_r_concurrent    = 0
                      [32m+[0m[0m mbps_wr_burst        = 0
                      [32m+[0m[0m mbps_wr_concurrent   = 0
                      [32m+[0m[0m replicate            = true
                      [32m+[0m[0m size                 = "25G"
                      [32m+[0m[0m storage              = "local-lvm"
                        [90m# (1 unchanged attribute hidden)[0m[0m
                    }
                }
            }
        }

      [32m+[0m[0m smbios (known after apply)
    }

[1m  # module.k8s-nodes-provision.proxmox_vm_qemu.provision-proxmox-vm["k8s-worker-additional-01"][0m will be created
[0m  [32m+[0m[0m resource "proxmox_vm_qemu" "provision-proxmox-vm" {
      [32m+[0m[0m additional_wait        = 5
      [32m+[0m[0m agent                  = 1
      [32m+[0m[0m automatic_reboot       = true
      [32m+[0m[0m balloon                = 0
      [32m+[0m[0m bios                   = "seabios"
      [32m+[0m[0m boot                   = (known after apply)
      [32m+[0m[0m bootdisk               = (known after apply)
      [32m+[0m[0m ciupgrade              = false
      [32m+[0m[0m ciuser                 = "locthp"
      [32m+[0m[0m clone                  = "cloudinit-ubuntu-24.04-template"
      [32m+[0m[0m clone_wait             = 10
      [32m+[0m[0m cores                  = 2
      [32m+[0m[0m cpu                    = "x86-64-v2-AES"
      [32m+[0m[0m default_ipv4_address   = (known after apply)
      [32m+[0m[0m default_ipv6_address   = (known after apply)
      [32m+[0m[0m define_connection_info = true
      [32m+[0m[0m desc                   = "terraform-managed VM"
      [32m+[0m[0m force_create           = false
      [32m+[0m[0m full_clone             = true
      [32m+[0m[0m hotplug                = "network,disk,usb"
      [32m+[0m[0m id                     = (known after apply)
      [32m+[0m[0m ipconfig0              = "ip=172.16.1.150/24,gw=172.16.1.1"
      [32m+[0m[0m kvm                    = true
      [32m+[0m[0m linked_vmid            = (known after apply)
      [32m+[0m[0m memory                 = 2048
      [32m+[0m[0m name                   = "k8s-worker-additional-01"
      [32m+[0m[0m nameserver             = "172.16.1.5 172.16.1.6"
      [32m+[0m[0m onboot                 = false
      [32m+[0m[0m os_type                = "cloud-init"
      [32m+[0m[0m protection             = false
      [32m+[0m[0m reboot_required        = (known after apply)
      [32m+[0m[0m scsihw                 = "virtio-scsi-single"
      [32m+[0m[0m searchdomain           = "."
      [32m+[0m[0m skip_ipv4              = false
      [32m+[0m[0m skip_ipv6              = false
      [32m+[0m[0m sockets                = 1
      [32m+[0m[0m ssh_host               = (known after apply)
      [32m+[0m[0m ssh_port               = (known after apply)
      [32m+[0m[0m sshkeys                = <<-EOT
            ssh-ed25519 AAAAC3NzaC1lZDI1NTE5AAAAIHgKmDqIR8VZ+sMoCxjt8HTlerwO29A7MS4lQMNehsr3 root@tasks-automation-server
            ssh-ed25519 AAAAC3NzaC1lZDI1NTE5AAAAIA61Dt7OxM8Jpoy/I0/FmCLjaqjNApU+UO+vRpyavBoj truonghoangphuloc@phus-MacBook-Pro.local
        EOT
      [32m+[0m[0m tablet                 = true
      [32m+[0m[0m tags                   = (known after apply)
      [32m+[0m[0m target_node            = "geekom-dev"
      [32m+[0m[0m unused_disk            = (known after apply)
      [32m+[0m[0m vcpus                  = 0
      [32m+[0m[0m vm_state               = "running"
      [32m+[0m[0m vmid                   = 206

      [32m+[0m[0m disks {
          [32m+[0m[0m ide {
              [32m+[0m[0m ide0 {
                  [32m+[0m[0m cloudinit {
                      [32m+[0m[0m storage = "local-lvm"
                    }
                }
            }
          [32m+[0m[0m scsi {
              [32m+[0m[0m scsi0 {
                  [32m+[0m[0m disk {
                      [32m+[0m[0m backup               = true
                      [32m+[0m[0m emulatessd           = false
                      [32m+[0m[0m format               = "raw"
                      [32m+[0m[0m id                   = (known after apply)
                      [32m+[0m[0m iops_r_burst         = 0
                      [32m+[0m[0m iops_r_burst_length  = 0
                      [32m+[0m[0m iops_r_concurrent    = 0
                      [32m+[0m[0m iops_wr_burst        = 0
                      [32m+[0m[0m iops_wr_burst_length = 0
                      [32m+[0m[0m iops_wr_concurrent   = 0
                      [32m+[0m[0m iothread             = false
                      [32m+[0m[0m linked_disk_id       = (known after apply)
                      [32m+[0m[0m mbps_r_burst         = 0
                      [32m+[0m[0m mbps_r_concurrent    = 0
                      [32m+[0m[0m mbps_wr_burst        = 0
                      [32m+[0m[0m mbps_wr_concurrent   = 0
                      [32m+[0m[0m replicate            = true
                      [32m+[0m[0m size                 = "25G"
                      [32m+[0m[0m storage              = "local-lvm"
                        [90m# (1 unchanged attribute hidden)[0m[0m
                    }
                }
            }
        }

      [32m+[0m[0m smbios (known after apply)
    }

[1m  # module.k8s-nodes-provision.proxmox_vm_qemu.provision-proxmox-vm["k8s-worker-additional-02"][0m will be created
[0m  [32m+[0m[0m resource "proxmox_vm_qemu" "provision-proxmox-vm" {
      [32m+[0m[0m additional_wait        = 5
      [32m+[0m[0m agent                  = 1
      [32m+[0m[0m automatic_reboot       = true
      [32m+[0m[0m balloon                = 0
      [32m+[0m[0m bios                   = "seabios"
      [32m+[0m[0m boot                   = (known after apply)
      [32m+[0m[0m bootdisk               = (known after apply)
      [32m+[0m[0m ciupgrade              = false
      [32m+[0m[0m ciuser                 = "locthp"
      [32m+[0m[0m clone                  = "cloudinit-ubuntu-24.04-template"
      [32m+[0m[0m clone_wait             = 10
      [32m+[0m[0m cores                  = 2
      [32m+[0m[0m cpu                    = "x86-64-v2-AES"
      [32m+[0m[0m default_ipv4_address   = (known after apply)
      [32m+[0m[0m default_ipv6_address   = (known after apply)
      [32m+[0m[0m define_connection_info = true
      [32m+[0m[0m desc                   = "terraform-managed VM"
      [32m+[0m[0m force_create           = false
      [32m+[0m[0m full_clone             = true
      [32m+[0m[0m hotplug                = "network,disk,usb"
      [32m+[0m[0m id                     = (known after apply)
      [32m+[0m[0m ipconfig0              = "ip=172.16.1.151/24,gw=172.16.1.1"
      [32m+[0m[0m kvm                    = true
      [32m+[0m[0m linked_vmid            = (known after apply)
      [32m+[0m[0m memory                 = 2048
      [32m+[0m[0m name                   = "k8s-worker-additional-02"
      [32m+[0m[0m nameserver             = "172.16.1.5 172.16.1.6"
      [32m+[0m[0m onboot                 = false
      [32m+[0m[0m os_type                = "cloud-init"
      [32m+[0m[0m protection             = false
      [32m+[0m[0m reboot_required        = (known after apply)
      [32m+[0m[0m scsihw                 = "virtio-scsi-single"
      [32m+[0m[0m searchdomain           = "."
      [32m+[0m[0m skip_ipv4              = false
      [32m+[0m[0m skip_ipv6              = false
      [32m+[0m[0m sockets                = 1
      [32m+[0m[0m ssh_host               = (known after apply)
      [32m+[0m[0m ssh_port               = (known after apply)
      [32m+[0m[0m sshkeys                = <<-EOT
            ssh-ed25519 AAAAC3NzaC1lZDI1NTE5AAAAIHgKmDqIR8VZ+sMoCxjt8HTlerwO29A7MS4lQMNehsr3 root@tasks-automation-server
            ssh-ed25519 AAAAC3NzaC1lZDI1NTE5AAAAIA61Dt7OxM8Jpoy/I0/FmCLjaqjNApU+UO+vRpyavBoj truonghoangphuloc@phus-MacBook-Pro.local
        EOT
      [32m+[0m[0m tablet                 = true
      [32m+[0m[0m tags                   = (known after apply)
      [32m+[0m[0m target_node            = "geekom-dev"
      [32m+[0m[0m unused_disk            = (known after apply)
      [32m+[0m[0m vcpus                  = 0
      [32m+[0m[0m vm_state               = "running"
      [32m+[0m[0m vmid                   = 207

      [32m+[0m[0m disks {
          [32m+[0m[0m ide {
              [32m+[0m[0m ide0 {
                  [32m+[0m[0m cloudinit {
                      [32m+[0m[0m storage = "local-lvm"
                    }
                }
            }
          [32m+[0m[0m scsi {
              [32m+[0m[0m scsi0 {
                  [32m+[0m[0m disk {
                      [32m+[0m[0m backup               = true
                      [32m+[0m[0m emulatessd           = false
                      [32m+[0m[0m format               = "raw"
                      [32m+[0m[0m id                   = (known after apply)
                      [32m+[0m[0m iops_r_burst         = 0
                      [32m+[0m[0m iops_r_burst_length  = 0
                      [32m+[0m[0m iops_r_concurrent    = 0
                      [32m+[0m[0m iops_wr_burst        = 0
                      [32m+[0m[0m iops_wr_burst_length = 0
                      [32m+[0m[0m iops_wr_concurrent   = 0
                      [32m+[0m[0m iothread             = false
                      [32m+[0m[0m linked_disk_id       = (known after apply)
                      [32m+[0m[0m mbps_r_burst         = 0
                      [32m+[0m[0m mbps_r_concurrent    = 0
                      [32m+[0m[0m mbps_wr_burst        = 0
                      [32m+[0m[0m mbps_wr_concurrent   = 0
                      [32m+[0m[0m replicate            = true
                      [32m+[0m[0m size                 = "25G"
                      [32m+[0m[0m storage              = "local-lvm"
                        [90m# (1 unchanged attribute hidden)[0m[0m
                    }
                }
            }
        }

      [32m+[0m[0m smbios (known after apply)
    }

[1m  # module.k8s-nodes-provision.proxmox_vm_qemu.provision-proxmox-vm["k8s-worker-additional-03"][0m will be created
[0m  [32m+[0m[0m resource "proxmox_vm_qemu" "provision-proxmox-vm" {
      [32m+[0m[0m additional_wait        = 5
      [32m+[0m[0m agent                  = 1
      [32m+[0m[0m automatic_reboot       = true
      [32m+[0m[0m balloon                = 0
      [32m+[0m[0m bios                   = "seabios"
      [32m+[0m[0m boot                   = (known after apply)
      [32m+[0m[0m bootdisk               = (known after apply)
      [32m+[0m[0m ciupgrade              = false
      [32m+[0m[0m ciuser                 = "locthp"
      [32m+[0m[0m clone                  = "cloudinit-ubuntu-24.04-template"
      [32m+[0m[0m clone_wait             = 10
      [32m+[0m[0m cores                  = 2
      [32m+[0m[0m cpu                    = "x86-64-v2-AES"
      [32m+[0m[0m default_ipv4_address   = (known after apply)
      [32m+[0m[0m default_ipv6_address   = (known after apply)
      [32m+[0m[0m define_connection_info = true
      [32m+[0m[0m desc                   = "terraform-managed VM"
      [32m+[0m[0m force_create           = false
      [32m+[0m[0m full_clone             = true
      [32m+[0m[0m hotplug                = "network,disk,usb"
      [32m+[0m[0m id                     = (known after apply)
      [32m+[0m[0m ipconfig0              = "ip=172.16.1.152/24,gw=172.16.1.1"
      [32m+[0m[0m kvm                    = true
      [32m+[0m[0m linked_vmid            = (known after apply)
      [32m+[0m[0m memory                 = 2048
      [32m+[0m[0m name                   = "k8s-worker-additional-03"
      [32m+[0m[0m nameserver             = "172.16.1.5 172.16.1.6"
      [32m+[0m[0m onboot                 = false
      [32m+[0m[0m os_type                = "cloud-init"
      [32m+[0m[0m protection             = false
      [32m+[0m[0m reboot_required        = (known after apply)
      [32m+[0m[0m scsihw                 = "virtio-scsi-single"
      [32m+[0m[0m searchdomain           = "."
      [32m+[0m[0m skip_ipv4              = false
      [32m+[0m[0m skip_ipv6              = false
      [32m+[0m[0m sockets                = 1
      [32m+[0m[0m ssh_host               = (known after apply)
      [32m+[0m[0m ssh_port               = (known after apply)
      [32m+[0m[0m sshkeys                = <<-EOT
            ssh-ed25519 AAAAC3NzaC1lZDI1NTE5AAAAIHgKmDqIR8VZ+sMoCxjt8HTlerwO29A7MS4lQMNehsr3 root@tasks-automation-server
            ssh-ed25519 AAAAC3NzaC1lZDI1NTE5AAAAIA61Dt7OxM8Jpoy/I0/FmCLjaqjNApU+UO+vRpyavBoj truonghoangphuloc@phus-MacBook-Pro.local
        EOT
      [32m+[0m[0m tablet                 = true
      [32m+[0m[0m tags                   = (known after apply)
      [32m+[0m[0m target_node            = "geekom-dev"
      [32m+[0m[0m unused_disk            = (known after apply)
      [32m+[0m[0m vcpus                  = 0
      [32m+[0m[0m vm_state               = "running"
      [32m+[0m[0m vmid                   = 208

      [32m+[0m[0m disks {
          [32m+[0m[0m ide {
              [32m+[0m[0m ide0 {
                  [32m+[0m[0m cloudinit {
                      [32m+[0m[0m storage = "local-lvm"
                    }
                }
            }
          [32m+[0m[0m scsi {
              [32m+[0m[0m scsi0 {
                  [32m+[0m[0m disk {
                      [32m+[0m[0m backup               = true
                      [32m+[0m[0m emulatessd           = false
                      [32m+[0m[0m format               = "raw"
                      [32m+[0m[0m id                   = (known after apply)
                      [32m+[0m[0m iops_r_burst         = 0
                      [32m+[0m[0m iops_r_burst_length  = 0
                      [32m+[0m[0m iops_r_concurrent    = 0
                      [32m+[0m[0m iops_wr_burst        = 0
                      [32m+[0m[0m iops_wr_burst_length = 0
                      [32m+[0m[0m iops_wr_concurrent   = 0
                      [32m+[0m[0m iothread             = false
                      [32m+[0m[0m linked_disk_id       = (known after apply)
                      [32m+[0m[0m mbps_r_burst         = 0
                      [32m+[0m[0m mbps_r_concurrent    = 0
                      [32m+[0m[0m mbps_wr_burst        = 0
                      [32m+[0m[0m mbps_wr_concurrent   = 0
                      [32m+[0m[0m replicate            = true
                      [32m+[0m[0m size                 = "25G"
                      [32m+[0m[0m storage              = "local-lvm"
                        [90m# (1 unchanged attribute hidden)[0m[0m
                    }
                }
            }
        }

      [32m+[0m[0m smbios (known after apply)
    }

[1m  # module.k8s-nodes-provision.proxmox_vm_qemu.provision-proxmox-vm["k8s-worker-additional-04"][0m will be created
[0m  [32m+[0m[0m resource "proxmox_vm_qemu" "provision-proxmox-vm" {
      [32m+[0m[0m additional_wait        = 5
      [32m+[0m[0m agent                  = 1
      [32m+[0m[0m automatic_reboot       = true
      [32m+[0m[0m balloon                = 0
      [32m+[0m[0m bios                   = "seabios"
      [32m+[0m[0m boot                   = (known after apply)
      [32m+[0m[0m bootdisk               = (known after apply)
      [32m+[0m[0m ciupgrade              = false
      [32m+[0m[0m ciuser                 = "locthp"
      [32m+[0m[0m clone                  = "cloudinit-ubuntu-24.04-template"
      [32m+[0m[0m clone_wait             = 10
      [32m+[0m[0m cores                  = 2
      [32m+[0m[0m cpu                    = "x86-64-v2-AES"
      [32m+[0m[0m default_ipv4_address   = (known after apply)
      [32m+[0m[0m default_ipv6_address   = (known after apply)
      [32m+[0m[0m define_connection_info = true
      [32m+[0m[0m desc                   = "terraform-managed VM"
      [32m+[0m[0m force_create           = false
      [32m+[0m[0m full_clone             = true
      [32m+[0m[0m hotplug                = "network,disk,usb"
      [32m+[0m[0m id                     = (known after apply)
      [32m+[0m[0m ipconfig0              = "ip=172.16.1.153/24,gw=172.16.1.1"
      [32m+[0m[0m kvm                    = true
      [32m+[0m[0m linked_vmid            = (known after apply)
      [32m+[0m[0m memory                 = 2048
      [32m+[0m[0m name                   = "k8s-worker-additional-04"
      [32m+[0m[0m nameserver             = "172.16.1.5 172.16.1.6"
      [32m+[0m[0m onboot                 = false
      [32m+[0m[0m os_type                = "cloud-init"
      [32m+[0m[0m protection             = false
      [32m+[0m[0m reboot_required        = (known after apply)
      [32m+[0m[0m scsihw                 = "virtio-scsi-single"
      [32m+[0m[0m searchdomain           = "."
      [32m+[0m[0m skip_ipv4              = false
      [32m+[0m[0m skip_ipv6              = false
      [32m+[0m[0m sockets                = 1
      [32m+[0m[0m ssh_host               = (known after apply)
      [32m+[0m[0m ssh_port               = (known after apply)
      [32m+[0m[0m sshkeys                = <<-EOT
            ssh-ed25519 AAAAC3NzaC1lZDI1NTE5AAAAIHgKmDqIR8VZ+sMoCxjt8HTlerwO29A7MS4lQMNehsr3 root@tasks-automation-server
            ssh-ed25519 AAAAC3NzaC1lZDI1NTE5AAAAIA61Dt7OxM8Jpoy/I0/FmCLjaqjNApU+UO+vRpyavBoj truonghoangphuloc@phus-MacBook-Pro.local
        EOT
      [32m+[0m[0m tablet                 = true
      [32m+[0m[0m tags                   = (known after apply)
      [32m+[0m[0m target_node            = "geekom-dev"
      [32m+[0m[0m unused_disk            = (known after apply)
      [32m+[0m[0m vcpus                  = 0
      [32m+[0m[0m vm_state               = "running"
      [32m+[0m[0m vmid                   = 209

      [32m+[0m[0m disks {
          [32m+[0m[0m ide {
              [32m+[0m[0m ide0 {
                  [32m+[0m[0m cloudinit {
                      [32m+[0m[0m storage = "local-lvm"
                    }
                }
            }
          [32m+[0m[0m scsi {
              [32m+[0m[0m scsi0 {
                  [32m+[0m[0m disk {
                      [32m+[0m[0m backup               = true
                      [32m+[0m[0m emulatessd           = false
                      [32m+[0m[0m format               = "raw"
                      [32m+[0m[0m id                   = (known after apply)
                      [32m+[0m[0m iops_r_burst         = 0
                      [32m+[0m[0m iops_r_burst_length  = 0
                      [32m+[0m[0m iops_r_concurrent    = 0
                      [32m+[0m[0m iops_wr_burst        = 0
                      [32m+[0m[0m iops_wr_burst_length = 0
                      [32m+[0m[0m iops_wr_concurrent   = 0
                      [32m+[0m[0m iothread             = false
                      [32m+[0m[0m linked_disk_id       = (known after apply)
                      [32m+[0m[0m mbps_r_burst         = 0
                      [32m+[0m[0m mbps_r_concurrent    = 0
                      [32m+[0m[0m mbps_wr_burst        = 0
                      [32m+[0m[0m mbps_wr_concurrent   = 0
                      [32m+[0m[0m replicate            = true
                      [32m+[0m[0m size                 = "25G"
                      [32m+[0m[0m storage              = "local-lvm"
                        [90m# (1 unchanged attribute hidden)[0m[0m
                    }
                }
            }
        }

      [32m+[0m[0m smbios (known after apply)
    }

[1m  # module.k8s-nodes-provision.proxmox_vm_qemu.provision-proxmox-vm["k8s-worker-additional-05"][0m will be created
[0m  [32m+[0m[0m resource "proxmox_vm_qemu" "provision-proxmox-vm" {
      [32m+[0m[0m additional_wait        = 5
      [32m+[0m[0m agent                  = 1
      [32m+[0m[0m automatic_reboot       = true
      [32m+[0m[0m balloon                = 0
      [32m+[0m[0m bios                   = "seabios"
      [32m+[0m[0m boot                   = (known after apply)
      [32m+[0m[0m bootdisk               = (known after apply)
      [32m+[0m[0m ciupgrade              = false
      [32m+[0m[0m ciuser                 = "locthp"
      [32m+[0m[0m clone                  = "cloudinit-ubuntu-24.04-template"
      [32m+[0m[0m clone_wait             = 10
      [32m+[0m[0m cores                  = 2
      [32m+[0m[0m cpu                    = "x86-64-v2-AES"
      [32m+[0m[0m default_ipv4_address   = (known after apply)
      [32m+[0m[0m default_ipv6_address   = (known after apply)
      [32m+[0m[0m define_connection_info = true
      [32m+[0m[0m desc                   = "terraform-managed VM"
      [32m+[0m[0m force_create           = false
      [32m+[0m[0m full_clone             = true
      [32m+[0m[0m hotplug                = "network,disk,usb"
      [32m+[0m[0m id                     = (known after apply)
      [32m+[0m[0m ipconfig0              = "ip=172.16.1.154/24,gw=172.16.1.1"
      [32m+[0m[0m kvm                    = true
      [32m+[0m[0m linked_vmid            = (known after apply)
      [32m+[0m[0m memory                 = 2048
      [32m+[0m[0m name                   = "k8s-worker-additional-05"
      [32m+[0m[0m nameserver             = "172.16.1.5 172.16.1.6"
      [32m+[0m[0m onboot                 = false
      [32m+[0m[0m os_type                = "cloud-init"
      [32m+[0m[0m protection             = false
      [32m+[0m[0m reboot_required        = (known after apply)
      [32m+[0m[0m scsihw                 = "virtio-scsi-single"
      [32m+[0m[0m searchdomain           = "."
      [32m+[0m[0m skip_ipv4              = false
      [32m+[0m[0m skip_ipv6              = false
      [32m+[0m[0m sockets                = 1
      [32m+[0m[0m ssh_host               = (known after apply)
      [32m+[0m[0m ssh_port               = (known after apply)
      [32m+[0m[0m sshkeys                = <<-EOT
            ssh-ed25519 AAAAC3NzaC1lZDI1NTE5AAAAIHgKmDqIR8VZ+sMoCxjt8HTlerwO29A7MS4lQMNehsr3 root@tasks-automation-server
            ssh-ed25519 AAAAC3NzaC1lZDI1NTE5AAAAIA61Dt7OxM8Jpoy/I0/FmCLjaqjNApU+UO+vRpyavBoj truonghoangphuloc@phus-MacBook-Pro.local
        EOT
      [32m+[0m[0m tablet                 = true
      [32m+[0m[0m tags                   = (known after apply)
      [32m+[0m[0m target_node            = "geekom-dev"
      [32m+[0m[0m unused_disk            = (known after apply)
      [32m+[0m[0m vcpus                  = 0
      [32m+[0m[0m vm_state               = "running"
      [32m+[0m[0m vmid                   = 210

      [32m+[0m[0m disks {
          [32m+[0m[0m ide {
              [32m+[0m[0m ide0 {
                  [32m+[0m[0m cloudinit {
                      [32m+[0m[0m storage = "local-lvm"
                    }
                }
            }
          [32m+[0m[0m scsi {
              [32m+[0m[0m scsi0 {
                  [32m+[0m[0m disk {
                      [32m+[0m[0m backup               = true
                      [32m+[0m[0m emulatessd           = false
                      [32m+[0m[0m format               = "raw"
                      [32m+[0m[0m id                   = (known after apply)
                      [32m+[0m[0m iops_r_burst         = 0
                      [32m+[0m[0m iops_r_burst_length  = 0
                      [32m+[0m[0m iops_r_concurrent    = 0
                      [32m+[0m[0m iops_wr_burst        = 0
                      [32m+[0m[0m iops_wr_burst_length = 0
                      [32m+[0m[0m iops_wr_concurrent   = 0
                      [32m+[0m[0m iothread             = false
                      [32m+[0m[0m linked_disk_id       = (known after apply)
                      [32m+[0m[0m mbps_r_burst         = 0
                      [32m+[0m[0m mbps_r_concurrent    = 0
                      [32m+[0m[0m mbps_wr_burst        = 0
                      [32m+[0m[0m mbps_wr_concurrent   = 0
                      [32m+[0m[0m replicate            = true
                      [32m+[0m[0m size                 = "25G"
                      [32m+[0m[0m storage              = "local-lvm"
                        [90m# (1 unchanged attribute hidden)[0m[0m
                    }
                }
            }
        }

      [32m+[0m[0m smbios (known after apply)
    }

[1m  # module.k8s-nodes-provision.proxmox_vm_qemu.provision-proxmox-vm["k8s-worker-additional-06"][0m will be created
[0m  [32m+[0m[0m resource "proxmox_vm_qemu" "provision-proxmox-vm" {
      [32m+[0m[0m additional_wait        = 5
      [32m+[0m[0m agent                  = 1
      [32m+[0m[0m automatic_reboot       = true
      [32m+[0m[0m balloon                = 0
      [32m+[0m[0m bios                   = "seabios"
      [32m+[0m[0m boot                   = (known after apply)
      [32m+[0m[0m bootdisk               = (known after apply)
      [32m+[0m[0m ciupgrade              = false
      [32m+[0m[0m ciuser                 = "locthp"
      [32m+[0m[0m clone                  = "cloudinit-ubuntu-24.04-template"
      [32m+[0m[0m clone_wait             = 10
      [32m+[0m[0m cores                  = 2
      [32m+[0m[0m cpu                    = "x86-64-v2-AES"
      [32m+[0m[0m default_ipv4_address   = (known after apply)
      [32m+[0m[0m default_ipv6_address   = (known after apply)
      [32m+[0m[0m define_connection_info = true
      [32m+[0m[0m desc                   = "terraform-managed VM"
      [32m+[0m[0m force_create           = false
      [32m+[0m[0m full_clone             = true
      [32m+[0m[0m hotplug                = "network,disk,usb"
      [32m+[0m[0m id                     = (known after apply)
      [32m+[0m[0m ipconfig0              = "ip=172.16.1.155/24,gw=172.16.1.1"
      [32m+[0m[0m kvm                    = true
      [32m+[0m[0m linked_vmid            = (known after apply)
      [32m+[0m[0m memory                 = 2048
      [32m+[0m[0m name                   = "k8s-worker-additional-06"
      [32m+[0m[0m nameserver             = "172.16.1.5 172.16.1.6"
      [32m+[0m[0m onboot                 = false
      [32m+[0m[0m os_type                = "cloud-init"
      [32m+[0m[0m protection             = false
      [32m+[0m[0m reboot_required        = (known after apply)
      [32m+[0m[0m scsihw                 = "virtio-scsi-single"
      [32m+[0m[0m searchdomain           = "."
      [32m+[0m[0m skip_ipv4              = false
      [32m+[0m[0m skip_ipv6              = false
      [32m+[0m[0m sockets                = 1
      [32m+[0m[0m ssh_host               = (known after apply)
      [32m+[0m[0m ssh_port               = (known after apply)
      [32m+[0m[0m sshkeys                = <<-EOT
            ssh-ed25519 AAAAC3NzaC1lZDI1NTE5AAAAIHgKmDqIR8VZ+sMoCxjt8HTlerwO29A7MS4lQMNehsr3 root@tasks-automation-server
            ssh-ed25519 AAAAC3NzaC1lZDI1NTE5AAAAIA61Dt7OxM8Jpoy/I0/FmCLjaqjNApU+UO+vRpyavBoj truonghoangphuloc@phus-MacBook-Pro.local
        EOT
      [32m+[0m[0m tablet                 = true
      [32m+[0m[0m tags                   = (known after apply)
      [32m+[0m[0m target_node            = "geekom-dev"
      [32m+[0m[0m unused_disk            = (known after apply)
      [32m+[0m[0m vcpus                  = 0
      [32m+[0m[0m vm_state               = "running"
      [32m+[0m[0m vmid                   = 211

      [32m+[0m[0m disks {
          [32m+[0m[0m ide {
              [32m+[0m[0m ide0 {
                  [32m+[0m[0m cloudinit {
                      [32m+[0m[0m storage = "local-lvm"
                    }
                }
            }
          [32m+[0m[0m scsi {
              [32m+[0m[0m scsi0 {
                  [32m+[0m[0m disk {
                      [32m+[0m[0m backup               = true
                      [32m+[0m[0m emulatessd           = false
                      [32m+[0m[0m format               = "raw"
                      [32m+[0m[0m id                   = (known after apply)
                      [32m+[0m[0m iops_r_burst         = 0
                      [32m+[0m[0m iops_r_burst_length  = 0
                      [32m+[0m[0m iops_r_concurrent    = 0
                      [32m+[0m[0m iops_wr_burst        = 0
                      [32m+[0m[0m iops_wr_burst_length = 0
                      [32m+[0m[0m iops_wr_concurrent   = 0
                      [32m+[0m[0m iothread             = false
                      [32m+[0m[0m linked_disk_id       = (known after apply)
                      [32m+[0m[0m mbps_r_burst         = 0
                      [32m+[0m[0m mbps_r_concurrent    = 0
                      [32m+[0m[0m mbps_wr_burst        = 0
                      [32m+[0m[0m mbps_wr_concurrent   = 0
                      [32m+[0m[0m replicate            = true
                      [32m+[0m[0m size                 = "25G"
                      [32m+[0m[0m storage              = "local-lvm"
                        [90m# (1 unchanged attribute hidden)[0m[0m
                    }
                }
            }
        }

      [32m+[0m[0m smbios (known after apply)
    }

[1m  # module.k8s-nodes-provision.proxmox_vm_qemu.provision-proxmox-vm["terraform-haproxy-01"][0m will be created
[0m  [32m+[0m[0m resource "proxmox_vm_qemu" "provision-proxmox-vm" {
      [32m+[0m[0m additional_wait        = 5
      [32m+[0m[0m agent                  = 1
      [32m+[0m[0m automatic_reboot       = true
      [32m+[0m[0m balloon                = 0
      [32m+[0m[0m bios                   = "seabios"
      [32m+[0m[0m boot                   = (known after apply)
      [32m+[0m[0m bootdisk               = (known after apply)
      [32m+[0m[0m ciupgrade              = false
      [32m+[0m[0m ciuser                 = "locthp"
      [32m+[0m[0m clone                  = "cloudinit-ubuntu-24.04-template"
      [32m+[0m[0m clone_wait             = 10
      [32m+[0m[0m cores                  = 2
      [32m+[0m[0m cpu                    = "x86-64-v2-AES"
      [32m+[0m[0m default_ipv4_address   = (known after apply)
      [32m+[0m[0m default_ipv6_address   = (known after apply)
      [32m+[0m[0m define_connection_info = true
      [32m+[0m[0m desc                   = "terraform-managed VM"
      [32m+[0m[0m force_create           = false
      [32m+[0m[0m full_clone             = true
      [32m+[0m[0m hotplug                = "network,disk,usb"
      [32m+[0m[0m id                     = (known after apply)
      [32m+[0m[0m ipconfig0              = "ip=172.16.1.190/24,gw=172.16.1.1"
      [32m+[0m[0m kvm                    = true
      [32m+[0m[0m linked_vmid            = (known after apply)
      [32m+[0m[0m memory                 = 4096
      [32m+[0m[0m name                   = "terraform-haproxy-01"
      [32m+[0m[0m nameserver             = "172.16.1.5 172.16.1.6"
      [32m+[0m[0m onboot                 = false
      [32m+[0m[0m os_type                = "cloud-init"
      [32m+[0m[0m protection             = false
      [32m+[0m[0m reboot_required        = (known after apply)
      [32m+[0m[0m scsihw                 = "virtio-scsi-single"
      [32m+[0m[0m searchdomain           = "."
      [32m+[0m[0m skip_ipv4              = false
      [32m+[0m[0m skip_ipv6              = false
      [32m+[0m[0m sockets                = 1
      [32m+[0m[0m ssh_host               = (known after apply)
      [32m+[0m[0m ssh_port               = (known after apply)
      [32m+[0m[0m sshkeys                = <<-EOT
            ssh-ed25519 AAAAC3NzaC1lZDI1NTE5AAAAIHgKmDqIR8VZ+sMoCxjt8HTlerwO29A7MS4lQMNehsr3 root@tasks-automation-server
            ssh-ed25519 AAAAC3NzaC1lZDI1NTE5AAAAIA61Dt7OxM8Jpoy/I0/FmCLjaqjNApU+UO+vRpyavBoj truonghoangphuloc@phus-MacBook-Pro.local
        EOT
      [32m+[0m[0m tablet                 = true
      [32m+[0m[0m tags                   = (known after apply)
      [32m+[0m[0m target_node            = "geekom-dev"
      [32m+[0m[0m unused_disk            = (known after apply)
      [32m+[0m[0m vcpus                  = 0
      [32m+[0m[0m vm_state               = "running"
      [32m+[0m[0m vmid                   = 220

      [32m+[0m[0m disks {
          [32m+[0m[0m ide {
              [32m+[0m[0m ide0 {
                  [32m+[0m[0m cloudinit {
                      [32m+[0m[0m storage = "local-lvm"
                    }
                }
            }
          [32m+[0m[0m scsi {
              [32m+[0m[0m scsi0 {
                  [32m+[0m[0m disk {
                      [32m+[0m[0m backup               = true
                      [32m+[0m[0m emulatessd           = false
                      [32m+[0m[0m format               = "raw"
                      [32m+[0m[0m id                   = (known after apply)
                      [32m+[0m[0m iops_r_burst         = 0
                      [32m+[0m[0m iops_r_burst_length  = 0
                      [32m+[0m[0m iops_r_concurrent    = 0
                      [32m+[0m[0m iops_wr_burst        = 0
                      [32m+[0m[0m iops_wr_burst_length = 0
                      [32m+[0m[0m iops_wr_concurrent   = 0
                      [32m+[0m[0m iothread             = false
                      [32m+[0m[0m linked_disk_id       = (known after apply)
                      [32m+[0m[0m mbps_r_burst         = 0
                      [32m+[0m[0m mbps_r_concurrent    = 0
                      [32m+[0m[0m mbps_wr_burst        = 0
                      [32m+[0m[0m mbps_wr_concurrent   = 0
                      [32m+[0m[0m replicate            = true
                      [32m+[0m[0m size                 = "25G"
                      [32m+[0m[0m storage              = "local-lvm"
                        [90m# (1 unchanged attribute hidden)[0m[0m
                    }
                }
            }
        }

      [32m+[0m[0m smbios (known after apply)
    }

[1m  # module.k8s-nodes-provision.proxmox_vm_qemu.provision-proxmox-vm["terraform-haproxy-02"][0m will be created
[0m  [32m+[0m[0m resource "proxmox_vm_qemu" "provision-proxmox-vm" {
      [32m+[0m[0m additional_wait        = 5
      [32m+[0m[0m agent                  = 1
      [32m+[0m[0m automatic_reboot       = true
      [32m+[0m[0m balloon                = 0
      [32m+[0m[0m bios                   = "seabios"
      [32m+[0m[0m boot                   = (known after apply)
      [32m+[0m[0m bootdisk               = (known after apply)
      [32m+[0m[0m ciupgrade              = false
      [32m+[0m[0m ciuser                 = "locthp"
      [32m+[0m[0m clone                  = "cloudinit-ubuntu-24.04-template"
      [32m+[0m[0m clone_wait             = 10
      [32m+[0m[0m cores                  = 2
      [32m+[0m[0m cpu                    = "x86-64-v2-AES"
      [32m+[0m[0m default_ipv4_address   = (known after apply)
      [32m+[0m[0m default_ipv6_address   = (known after apply)
      [32m+[0m[0m define_connection_info = true
      [32m+[0m[0m desc                   = "terraform-managed VM"
      [32m+[0m[0m force_create           = false
      [32m+[0m[0m full_clone             = true
      [32m+[0m[0m hotplug                = "network,disk,usb"
      [32m+[0m[0m id                     = (known after apply)
      [32m+[0m[0m ipconfig0              = "ip=172.16.1.191/24,gw=172.16.1.1"
      [32m+[0m[0m kvm                    = true
      [32m+[0m[0m linked_vmid            = (known after apply)
      [32m+[0m[0m memory                 = 4096
      [32m+[0m[0m name                   = "terraform-haproxy-02"
      [32m+[0m[0m nameserver             = "172.16.1.5 172.16.1.6"
      [32m+[0m[0m onboot                 = false
      [32m+[0m[0m os_type                = "cloud-init"
      [32m+[0m[0m protection             = false
      [32m+[0m[0m reboot_required        = (known after apply)
      [32m+[0m[0m scsihw                 = "virtio-scsi-single"
      [32m+[0m[0m searchdomain           = "."
      [32m+[0m[0m skip_ipv4              = false
      [32m+[0m[0m skip_ipv6              = false
      [32m+[0m[0m sockets                = 1
      [32m+[0m[0m ssh_host               = (known after apply)
      [32m+[0m[0m ssh_port               = (known after apply)
      [32m+[0m[0m sshkeys                = <<-EOT
            ssh-ed25519 AAAAC3NzaC1lZDI1NTE5AAAAIHgKmDqIR8VZ+sMoCxjt8HTlerwO29A7MS4lQMNehsr3 root@tasks-automation-server
            ssh-ed25519 AAAAC3NzaC1lZDI1NTE5AAAAIA61Dt7OxM8Jpoy/I0/FmCLjaqjNApU+UO+vRpyavBoj truonghoangphuloc@phus-MacBook-Pro.local
        EOT
      [32m+[0m[0m tablet                 = true
      [32m+[0m[0m tags                   = (known after apply)
      [32m+[0m[0m target_node            = "geekom-dev"
      [32m+[0m[0m unused_disk            = (known after apply)
      [32m+[0m[0m vcpus                  = 0
      [32m+[0m[0m vm_state               = "running"
      [32m+[0m[0m vmid                   = 221

      [32m+[0m[0m disks {
          [32m+[0m[0m ide {
              [32m+[0m[0m ide0 {
                  [32m+[0m[0m cloudinit {
                      [32m+[0m[0m storage = "local-lvm"
                    }
                }
            }
          [32m+[0m[0m scsi {
              [32m+[0m[0m scsi0 {
                  [32m+[0m[0m disk {
                      [32m+[0m[0m backup               = true
                      [32m+[0m[0m emulatessd           = false
                      [32m+[0m[0m format               = "raw"
                      [32m+[0m[0m id                   = (known after apply)
                      [32m+[0m[0m iops_r_burst         = 0
                      [32m+[0m[0m iops_r_burst_length  = 0
                      [32m+[0m[0m iops_r_concurrent    = 0
                      [32m+[0m[0m iops_wr_burst        = 0
                      [32m+[0m[0m iops_wr_burst_length = 0
                      [32m+[0m[0m iops_wr_concurrent   = 0
                      [32m+[0m[0m iothread             = false
                      [32m+[0m[0m linked_disk_id       = (known after apply)
                      [32m+[0m[0m mbps_r_burst         = 0
                      [32m+[0m[0m mbps_r_concurrent    = 0
                      [32m+[0m[0m mbps_wr_burst        = 0
                      [32m+[0m[0m mbps_wr_concurrent   = 0
                      [32m+[0m[0m replicate            = true
                      [32m+[0m[0m size                 = "25G"
                      [32m+[0m[0m storage              = "local-lvm"
                        [90m# (1 unchanged attribute hidden)[0m[0m
                    }
                }
            }
        }

      [32m+[0m[0m smbios (known after apply)
    }

[1mPlan:[0m 48 to add, 0 to change, 0 to destroy.
[0m
Changes to Outputs:
  [32m+[0m[0m cluster_output = {
      [32m+[0m[0m terraform-provisioned-cluster = {
          [32m+[0m[0m external-bgp-router      = "172.16.1.170"
          [32m+[0m[0m k8s-master-01            = "172.16.1.231"
          [32m+[0m[0m k8s-master-02            = "172.16.1.232"
          [32m+[0m[0m k8s-master-03            = "172.16.1.233"
          [32m+[0m[0m k8s-worker-01            = "172.16.1.234"
          [32m+[0m[0m k8s-worker-02            = "172.16.1.235"
          [32m+[0m[0m k8s-worker-03            = "172.16.1.236"
          [32m+[0m[0m k8s-worker-additional-01 = "172.16.1.150"
          [32m+[0m[0m k8s-worker-additional-02 = "172.16.1.151"
          [32m+[0m[0m k8s-worker-additional-03 = "172.16.1.152"
          [32m+[0m[0m k8s-worker-additional-04 = "172.16.1.153"
          [32m+[0m[0m k8s-worker-additional-05 = "172.16.1.154"
          [32m+[0m[0m k8s-worker-additional-06 = "172.16.1.155"
          [32m+[0m[0m terraform-haproxy-01     = "172.16.1.190"
          [32m+[0m[0m terraform-haproxy-02     = "172.16.1.191"
        }
    }
[0m[1mansible_group.group-external-bgp-router: Creating...[0m[0m
[0m[1mansible_group.group-all: Creating...[0m[0m
[0m[1mansible_group.group-all: Creation complete after 0s [id=all][0m
[0m[1mansible_group.group-external-bgp-router: Creation complete after 0s [id=external-bgp-router][0m
[0m[1mmodule.k8s-nodes-provision.proxmox_vm_qemu.provision-proxmox-vm["external-bgp-router"]: Creating...[0m[0m
[0m[1mmodule.k8s-nodes-provision.proxmox_vm_qemu.provision-proxmox-vm["k8s-worker-additional-04"]: Creating...[0m[0m
[0m[1mmodule.k8s-nodes-provision.proxmox_vm_qemu.provision-proxmox-vm["k8s-worker-02"]: Creating...[0m[0m
[0m[1mmodule.k8s-nodes-provision.proxmox_vm_qemu.provision-proxmox-vm["k8s-worker-additional-05"]: Creating...[0m[0m
[0m[1mmodule.k8s-nodes-provision.proxmox_vm_qemu.provision-proxmox-vm["k8s-worker-additional-02"]: Creating...[0m[0m
[0m[1mmodule.k8s-nodes-provision.proxmox_vm_qemu.provision-proxmox-vm["k8s-worker-01"]: Creating...[0m[0m
[0m[1mmodule.k8s-nodes-provision.proxmox_vm_qemu.provision-proxmox-vm["k8s-worker-additional-03"]: Creating...[0m[0m
[0m[1mmodule.k8s-nodes-provision.proxmox_vm_qemu.provision-proxmox-vm["k8s-worker-additional-06"]: Creating...[0m[0m
[0m[1mmodule.k8s-nodes-provision.proxmox_vm_qemu.provision-proxmox-vm["terraform-haproxy-01"]: Creating...[0m[0m
[0m[1mmodule.k8s-nodes-provision.proxmox_vm_qemu.provision-proxmox-vm["k8s-master-03"]: Creating...[0m[0m
[0m[1mmodule.k8s-nodes-provision.proxmox_vm_qemu.provision-proxmox-vm["external-bgp-router"]: Still creating... [10s elapsed][0m[0m
[0m[1mmodule.k8s-nodes-provision.proxmox_vm_qemu.provision-proxmox-vm["k8s-worker-additional-04"]: Still creating... [10s elapsed][0m[0m
[0m[1mmodule.k8s-nodes-provision.proxmox_vm_qemu.provision-proxmox-vm["k8s-worker-02"]: Still creating... [10s elapsed][0m[0m
[0m[1mmodule.k8s-nodes-provision.proxmox_vm_qemu.provision-proxmox-vm["k8s-worker-additional-05"]: Still creating... [10s elapsed][0m[0m
[0m[1mmodule.k8s-nodes-provision.proxmox_vm_qemu.provision-proxmox-vm["k8s-worker-additional-02"]: Still creating... [10s elapsed][0m[0m
[0m[1mmodule.k8s-nodes-provision.proxmox_vm_qemu.provision-proxmox-vm["k8s-worker-01"]: Still creating... [10s elapsed][0m[0m
[0m[1mmodule.k8s-nodes-provision.proxmox_vm_qemu.provision-proxmox-vm["k8s-worker-additional-03"]: Still creating... [10s elapsed][0m[0m
[0m[1mmodule.k8s-nodes-provision.proxmox_vm_qemu.provision-proxmox-vm["k8s-worker-additional-06"]: Still creating... [10s elapsed][0m[0m
[0m[1mmodule.k8s-nodes-provision.proxmox_vm_qemu.provision-proxmox-vm["terraform-haproxy-01"]: Still creating... [10s elapsed][0m[0m
[0m[1mmodule.k8s-nodes-provision.proxmox_vm_qemu.provision-proxmox-vm["k8s-master-03"]: Still creating... [10s elapsed][0m[0m
[0m[1mmodule.k8s-nodes-provision.proxmox_vm_qemu.provision-proxmox-vm["external-bgp-router"]: Still creating... [20s elapsed][0m[0m
[0m[1mmodule.k8s-nodes-provision.proxmox_vm_qemu.provision-proxmox-vm["k8s-worker-additional-04"]: Still creating... [20s elapsed][0m[0m
[0m[1mmodule.k8s-nodes-provision.proxmox_vm_qemu.provision-proxmox-vm["k8s-worker-02"]: Still creating... [20s elapsed][0m[0m
[0m[1mmodule.k8s-nodes-provision.proxmox_vm_qemu.provision-proxmox-vm["k8s-worker-additional-05"]: Still creating... [20s elapsed][0m[0m
[0m[1mmodule.k8s-nodes-provision.proxmox_vm_qemu.provision-proxmox-vm["k8s-worker-additional-02"]: Still creating... [20s elapsed][0m[0m
[0m[1mmodule.k8s-nodes-provision.proxmox_vm_qemu.provision-proxmox-vm["k8s-worker-01"]: Still creating... [20s elapsed][0m[0m
[0m[1mmodule.k8s-nodes-provision.proxmox_vm_qemu.provision-proxmox-vm["k8s-worker-additional-03"]: Still creating... [20s elapsed][0m[0m
[0m[1mmodule.k8s-nodes-provision.proxmox_vm_qemu.provision-proxmox-vm["k8s-worker-additional-06"]: Still creating... [20s elapsed][0m[0m
[0m[1mmodule.k8s-nodes-provision.proxmox_vm_qemu.provision-proxmox-vm["terraform-haproxy-01"]: Still creating... [20s elapsed][0m[0m
[0m[1mmodule.k8s-nodes-provision.proxmox_vm_qemu.provision-proxmox-vm["k8s-master-03"]: Still creating... [20s elapsed][0m[0m
[0m[1mmodule.k8s-nodes-provision.proxmox_vm_qemu.provision-proxmox-vm["external-bgp-router"]: Creation complete after 28s [id=geekom-dev/qemu/215][0m
[0m[1mmodule.k8s-nodes-provision.proxmox_vm_qemu.provision-proxmox-vm["k8s-master-01"]: Creating...[0m[0m
[0m[1mmodule.k8s-nodes-provision.proxmox_vm_qemu.provision-proxmox-vm["k8s-worker-additional-04"]: Still creating... [30s elapsed][0m[0m
[0m[1mmodule.k8s-nodes-provision.proxmox_vm_qemu.provision-proxmox-vm["k8s-worker-02"]: Still creating... [30s elapsed][0m[0m
[0m[1mmodule.k8s-nodes-provision.proxmox_vm_qemu.provision-proxmox-vm["k8s-worker-additional-05"]: Still creating... [30s elapsed][0m[0m
[0m[1mmodule.k8s-nodes-provision.proxmox_vm_qemu.provision-proxmox-vm["k8s-worker-additional-02"]: Still creating... [30s elapsed][0m[0m
[0m[1mmodule.k8s-nodes-provision.proxmox_vm_qemu.provision-proxmox-vm["k8s-worker-01"]: Still creating... [30s elapsed][0m[0m
[0m[1mmodule.k8s-nodes-provision.proxmox_vm_qemu.provision-proxmox-vm["k8s-worker-additional-03"]: Still creating... [30s elapsed][0m[0m
[0m[1mmodule.k8s-nodes-provision.proxmox_vm_qemu.provision-proxmox-vm["k8s-worker-additional-06"]: Still creating... [30s elapsed][0m[0m
[0m[1mmodule.k8s-nodes-provision.proxmox_vm_qemu.provision-proxmox-vm["terraform-haproxy-01"]: Still creating... [30s elapsed][0m[0m
[0m[1mmodule.k8s-nodes-provision.proxmox_vm_qemu.provision-proxmox-vm["k8s-master-03"]: Still creating... [30s elapsed][0m[0m
[0m[1mmodule.k8s-nodes-provision.proxmox_vm_qemu.provision-proxmox-vm["k8s-master-01"]: Still creating... [10s elapsed][0m[0m
[0m[1mmodule.k8s-nodes-provision.proxmox_vm_qemu.provision-proxmox-vm["k8s-worker-additional-04"]: Still creating... [40s elapsed][0m[0m
[0m[1mmodule.k8s-nodes-provision.proxmox_vm_qemu.provision-proxmox-vm["k8s-worker-02"]: Still creating... [40s elapsed][0m[0m
[0m[1mmodule.k8s-nodes-provision.proxmox_vm_qemu.provision-proxmox-vm["k8s-worker-additional-05"]: Still creating... [40s elapsed][0m[0m
[0m[1mmodule.k8s-nodes-provision.proxmox_vm_qemu.provision-proxmox-vm["k8s-worker-additional-02"]: Still creating... [40s elapsed][0m[0m
[0m[1mmodule.k8s-nodes-provision.proxmox_vm_qemu.provision-proxmox-vm["k8s-worker-01"]: Still creating... [40s elapsed][0m[0m
[0m[1mmodule.k8s-nodes-provision.proxmox_vm_qemu.provision-proxmox-vm["k8s-worker-additional-03"]: Still creating... [40s elapsed][0m[0m
[0m[1mmodule.k8s-nodes-provision.proxmox_vm_qemu.provision-proxmox-vm["k8s-worker-additional-06"]: Still creating... [40s elapsed][0m[0m
[0m[1mmodule.k8s-nodes-provision.proxmox_vm_qemu.provision-proxmox-vm["terraform-haproxy-01"]: Still creating... [40s elapsed][0m[0m
[0m[1mmodule.k8s-nodes-provision.proxmox_vm_qemu.provision-proxmox-vm["k8s-master-03"]: Still creating... [40s elapsed][0m[0m
[0m[1mmodule.k8s-nodes-provision.proxmox_vm_qemu.provision-proxmox-vm["k8s-master-01"]: Still creating... [20s elapsed][0m[0m
[0m[1mmodule.k8s-nodes-provision.proxmox_vm_qemu.provision-proxmox-vm["k8s-worker-additional-04"]: Still creating... [50s elapsed][0m[0m
[0m[1mmodule.k8s-nodes-provision.proxmox_vm_qemu.provision-proxmox-vm["k8s-worker-02"]: Still creating... [50s elapsed][0m[0m
[0m[1mmodule.k8s-nodes-provision.proxmox_vm_qemu.provision-proxmox-vm["k8s-worker-additional-05"]: Still creating... [50s elapsed][0m[0m
[0m[1mmodule.k8s-nodes-provision.proxmox_vm_qemu.provision-proxmox-vm["k8s-worker-additional-02"]: Still creating... [50s elapsed][0m[0m
[0m[1mmodule.k8s-nodes-provision.proxmox_vm_qemu.provision-proxmox-vm["k8s-worker-additional-03"]: Still creating... [50s elapsed][0m[0m
[0m[1mmodule.k8s-nodes-provision.proxmox_vm_qemu.provision-proxmox-vm["k8s-worker-01"]: Still creating... [50s elapsed][0m[0m
[0m[1mmodule.k8s-nodes-provision.proxmox_vm_qemu.provision-proxmox-vm["k8s-worker-additional-06"]: Still creating... [50s elapsed][0m[0m
[0m[1mmodule.k8s-nodes-provision.proxmox_vm_qemu.provision-proxmox-vm["terraform-haproxy-01"]: Still creating... [50s elapsed][0m[0m
[0m[1mmodule.k8s-nodes-provision.proxmox_vm_qemu.provision-proxmox-vm["k8s-master-03"]: Still creating... [50s elapsed][0m[0m
[0m[1mmodule.k8s-nodes-provision.proxmox_vm_qemu.provision-proxmox-vm["k8s-master-01"]: Still creating... [30s elapsed][0m[0m
[0m[1mmodule.k8s-nodes-provision.proxmox_vm_qemu.provision-proxmox-vm["k8s-worker-additional-04"]: Still creating... [1m0s elapsed][0m[0m
[0m[1mmodule.k8s-nodes-provision.proxmox_vm_qemu.provision-proxmox-vm["k8s-worker-02"]: Still creating... [1m0s elapsed][0m[0m
[0m[1mmodule.k8s-nodes-provision.proxmox_vm_qemu.provision-proxmox-vm["k8s-worker-additional-05"]: Still creating... [1m0s elapsed][0m[0m
[0m[1mmodule.k8s-nodes-provision.proxmox_vm_qemu.provision-proxmox-vm["k8s-worker-additional-02"]: Still creating... [1m0s elapsed][0m[0m
[0m[1mmodule.k8s-nodes-provision.proxmox_vm_qemu.provision-proxmox-vm["k8s-worker-01"]: Still creating... [1m0s elapsed][0m[0m
[0m[1mmodule.k8s-nodes-provision.proxmox_vm_qemu.provision-proxmox-vm["k8s-worker-additional-03"]: Still creating... [1m0s elapsed][0m[0m
[0m[1mmodule.k8s-nodes-provision.proxmox_vm_qemu.provision-proxmox-vm["k8s-worker-additional-06"]: Still creating... [1m0s elapsed][0m[0m
[0m[1mmodule.k8s-nodes-provision.proxmox_vm_qemu.provision-proxmox-vm["terraform-haproxy-01"]: Still creating... [1m0s elapsed][0m[0m
[0m[1mmodule.k8s-nodes-provision.proxmox_vm_qemu.provision-proxmox-vm["k8s-master-03"]: Still creating... [1m0s elapsed][0m[0m
[0m[1mmodule.k8s-nodes-provision.proxmox_vm_qemu.provision-proxmox-vm["k8s-worker-02"]: Creation complete after 1m1s [id=geekom-dev/qemu/204][0m
[0m[1mmodule.k8s-nodes-provision.proxmox_vm_qemu.provision-proxmox-vm["k8s-master-02"]: Creating...[0m[0m
[0m[1mmodule.k8s-nodes-provision.proxmox_vm_qemu.provision-proxmox-vm["k8s-master-01"]: Still creating... [40s elapsed][0m[0m
[0m[1mmodule.k8s-nodes-provision.proxmox_vm_qemu.provision-proxmox-vm["k8s-worker-additional-04"]: Still creating... [1m10s elapsed][0m[0m
[0m[1mmodule.k8s-nodes-provision.proxmox_vm_qemu.provision-proxmox-vm["k8s-worker-additional-05"]: Still creating... [1m10s elapsed][0m[0m
[0m[1mmodule.k8s-nodes-provision.proxmox_vm_qemu.provision-proxmox-vm["k8s-worker-additional-02"]: Still creating... [1m10s elapsed][0m[0m
[0m[1mmodule.k8s-nodes-provision.proxmox_vm_qemu.provision-proxmox-vm["k8s-worker-01"]: Still creating... [1m10s elapsed][0m[0m
[0m[1mmodule.k8s-nodes-provision.proxmox_vm_qemu.provision-proxmox-vm["k8s-worker-additional-03"]: Still creating... [1m10s elapsed][0m[0m
[0m[1mmodule.k8s-nodes-provision.proxmox_vm_qemu.provision-proxmox-vm["k8s-worker-additional-06"]: Still creating... [1m10s elapsed][0m[0m
[0m[1mmodule.k8s-nodes-provision.proxmox_vm_qemu.provision-proxmox-vm["terraform-haproxy-01"]: Still creating... [1m10s elapsed][0m[0m
[0m[1mmodule.k8s-nodes-provision.proxmox_vm_qemu.provision-proxmox-vm["k8s-master-03"]: Still creating... [1m10s elapsed][0m[0m
[0m[1mmodule.k8s-nodes-provision.proxmox_vm_qemu.provision-proxmox-vm["k8s-master-02"]: Still creating... [10s elapsed][0m[0m
[0m[1mmodule.k8s-nodes-provision.proxmox_vm_qemu.provision-proxmox-vm["k8s-master-01"]: Still creating... [50s elapsed][0m[0m
[0m[1mmodule.k8s-nodes-provision.proxmox_vm_qemu.provision-proxmox-vm["k8s-worker-additional-04"]: Still creating... [1m20s elapsed][0m[0m
[0m[1mmodule.k8s-nodes-provision.proxmox_vm_qemu.provision-proxmox-vm["k8s-worker-additional-05"]: Still creating... [1m20s elapsed][0m[0m
[0m[1mmodule.k8s-nodes-provision.proxmox_vm_qemu.provision-proxmox-vm["k8s-worker-additional-02"]: Still creating... [1m20s elapsed][0m[0m
[0m[1mmodule.k8s-nodes-provision.proxmox_vm_qemu.provision-proxmox-vm["k8s-worker-additional-03"]: Still creating... [1m20s elapsed][0m[0m
[0m[1mmodule.k8s-nodes-provision.proxmox_vm_qemu.provision-proxmox-vm["k8s-worker-01"]: Still creating... [1m20s elapsed][0m[0m
[0m[1mmodule.k8s-nodes-provision.proxmox_vm_qemu.provision-proxmox-vm["k8s-worker-additional-06"]: Still creating... [1m20s elapsed][0m[0m
[0m[1mmodule.k8s-nodes-provision.proxmox_vm_qemu.provision-proxmox-vm["terraform-haproxy-01"]: Still creating... [1m20s elapsed][0m[0m
[0m[1mmodule.k8s-nodes-provision.proxmox_vm_qemu.provision-proxmox-vm["k8s-master-03"]: Still creating... [1m20s elapsed][0m[0m
[0m[1mmodule.k8s-nodes-provision.proxmox_vm_qemu.provision-proxmox-vm["k8s-master-02"]: Still creating... [20s elapsed][0m[0m
[0m[1mmodule.k8s-nodes-provision.proxmox_vm_qemu.provision-proxmox-vm["k8s-master-01"]: Still creating... [1m0s elapsed][0m[0m
[0m[1mmodule.k8s-nodes-provision.proxmox_vm_qemu.provision-proxmox-vm["k8s-worker-additional-04"]: Still creating... [1m30s elapsed][0m[0m
[0m[1mmodule.k8s-nodes-provision.proxmox_vm_qemu.provision-proxmox-vm["k8s-worker-additional-05"]: Still creating... [1m30s elapsed][0m[0m
[0m[1mmodule.k8s-nodes-provision.proxmox_vm_qemu.provision-proxmox-vm["k8s-worker-additional-02"]: Still creating... [1m30s elapsed][0m[0m
[0m[1mmodule.k8s-nodes-provision.proxmox_vm_qemu.provision-proxmox-vm["k8s-worker-additional-03"]: Still creating... [1m30s elapsed][0m[0m
[0m[1mmodule.k8s-nodes-provision.proxmox_vm_qemu.provision-proxmox-vm["k8s-worker-01"]: Still creating... [1m30s elapsed][0m[0m
[0m[1mmodule.k8s-nodes-provision.proxmox_vm_qemu.provision-proxmox-vm["k8s-worker-additional-06"]: Still creating... [1m30s elapsed][0m[0m
[0m[1mmodule.k8s-nodes-provision.proxmox_vm_qemu.provision-proxmox-vm["terraform-haproxy-01"]: Still creating... [1m30s elapsed][0m[0m
[0m[1mmodule.k8s-nodes-provision.proxmox_vm_qemu.provision-proxmox-vm["k8s-master-03"]: Still creating... [1m30s elapsed][0m[0m
[0m[1mmodule.k8s-nodes-provision.proxmox_vm_qemu.provision-proxmox-vm["k8s-worker-additional-02"]: Creation complete after 1m30s [id=geekom-dev/qemu/207][0m
[0m[1mmodule.k8s-nodes-provision.proxmox_vm_qemu.provision-proxmox-vm["k8s-worker-additional-01"]: Creating...[0m[0m
[0m[1mmodule.k8s-nodes-provision.proxmox_vm_qemu.provision-proxmox-vm["k8s-master-02"]: Still creating... [30s elapsed][0m[0m
[0m[1mmodule.k8s-nodes-provision.proxmox_vm_qemu.provision-proxmox-vm["k8s-master-01"]: Still creating... [1m10s elapsed][0m[0m
[0m[1mmodule.k8s-nodes-provision.proxmox_vm_qemu.provision-proxmox-vm["k8s-worker-additional-04"]: Still creating... [1m40s elapsed][0m[0m
[0m[1mmodule.k8s-nodes-provision.proxmox_vm_qemu.provision-proxmox-vm["k8s-worker-additional-05"]: Still creating... [1m40s elapsed][0m[0m
[0m[1mmodule.k8s-nodes-provision.proxmox_vm_qemu.provision-proxmox-vm["k8s-worker-01"]: Still creating... [1m40s elapsed][0m[0m
[0m[1mmodule.k8s-nodes-provision.proxmox_vm_qemu.provision-proxmox-vm["k8s-worker-additional-03"]: Still creating... [1m40s elapsed][0m[0m
[0m[1mmodule.k8s-nodes-provision.proxmox_vm_qemu.provision-proxmox-vm["k8s-worker-additional-06"]: Still creating... [1m40s elapsed][0m[0m
[0m[1mmodule.k8s-nodes-provision.proxmox_vm_qemu.provision-proxmox-vm["terraform-haproxy-01"]: Still creating... [1m40s elapsed][0m[0m
[0m[1mmodule.k8s-nodes-provision.proxmox_vm_qemu.provision-proxmox-vm["k8s-master-03"]: Still creating... [1m40s elapsed][0m[0m
[0m[1mmodule.k8s-nodes-provision.proxmox_vm_qemu.provision-proxmox-vm["k8s-worker-additional-01"]: Still creating... [10s elapsed][0m[0m
[0m[1mmodule.k8s-nodes-provision.proxmox_vm_qemu.provision-proxmox-vm["k8s-master-02"]: Still creating... [40s elapsed][0m[0m
[0m[1mmodule.k8s-nodes-provision.proxmox_vm_qemu.provision-proxmox-vm["k8s-master-01"]: Still creating... [1m20s elapsed][0m[0m
[0m[1mmodule.k8s-nodes-provision.proxmox_vm_qemu.provision-proxmox-vm["k8s-worker-additional-04"]: Still creating... [1m50s elapsed][0m[0m
[0m[1mmodule.k8s-nodes-provision.proxmox_vm_qemu.provision-proxmox-vm["k8s-worker-additional-05"]: Still creating... [1m50s elapsed][0m[0m
[0m[1mmodule.k8s-nodes-provision.proxmox_vm_qemu.provision-proxmox-vm["k8s-worker-01"]: Still creating... [1m50s elapsed][0m[0m
[0m[1mmodule.k8s-nodes-provision.proxmox_vm_qemu.provision-proxmox-vm["k8s-worker-additional-03"]: Still creating... [1m50s elapsed][0m[0m
[0m[1mmodule.k8s-nodes-provision.proxmox_vm_qemu.provision-proxmox-vm["k8s-worker-additional-06"]: Still creating... [1m50s elapsed][0m[0m
[0m[1mmodule.k8s-nodes-provision.proxmox_vm_qemu.provision-proxmox-vm["terraform-haproxy-01"]: Still creating... [1m50s elapsed][0m[0m
[0m[1mmodule.k8s-nodes-provision.proxmox_vm_qemu.provision-proxmox-vm["k8s-master-03"]: Still creating... [1m50s elapsed][0m[0m
[0m[1mmodule.k8s-nodes-provision.proxmox_vm_qemu.provision-proxmox-vm["k8s-worker-additional-01"]: Still creating... [20s elapsed][0m[0m
[0m[1mmodule.k8s-nodes-provision.proxmox_vm_qemu.provision-proxmox-vm["k8s-master-02"]: Still creating... [50s elapsed][0m[0m
[0m[1mmodule.k8s-nodes-provision.proxmox_vm_qemu.provision-proxmox-vm["k8s-master-01"]: Still creating... [1m30s elapsed][0m[0m
[0m[1mmodule.k8s-nodes-provision.proxmox_vm_qemu.provision-proxmox-vm["k8s-worker-additional-04"]: Still creating... [2m0s elapsed][0m[0m
[0m[1mmodule.k8s-nodes-provision.proxmox_vm_qemu.provision-proxmox-vm["k8s-worker-additional-03"]: Creation complete after 2m0s [id=geekom-dev/qemu/208][0m
[0m[1mmodule.k8s-nodes-provision.proxmox_vm_qemu.provision-proxmox-vm["k8s-worker-additional-05"]: Still creating... [2m0s elapsed][0m[0m
[0m[1mmodule.k8s-nodes-provision.proxmox_vm_qemu.provision-proxmox-vm["k8s-worker-01"]: Still creating... [2m0s elapsed][0m[0m
[0m[1mmodule.k8s-nodes-provision.proxmox_vm_qemu.provision-proxmox-vm["terraform-haproxy-02"]: Creating...[0m[0m
[0m[1mmodule.k8s-nodes-provision.proxmox_vm_qemu.provision-proxmox-vm["k8s-worker-additional-06"]: Still creating... [2m0s elapsed][0m[0m
[0m[1mmodule.k8s-nodes-provision.proxmox_vm_qemu.provision-proxmox-vm["terraform-haproxy-01"]: Still creating... [2m0s elapsed][0m[0m
[0m[1mmodule.k8s-nodes-provision.proxmox_vm_qemu.provision-proxmox-vm["k8s-master-03"]: Still creating... [2m0s elapsed][0m[0m
[0m[1mmodule.k8s-nodes-provision.proxmox_vm_qemu.provision-proxmox-vm["k8s-worker-additional-01"]: Still creating... [30s elapsed][0m[0m
[0m[1mmodule.k8s-nodes-provision.proxmox_vm_qemu.provision-proxmox-vm["k8s-master-02"]: Still creating... [1m0s elapsed][0m[0m
[0m[1mmodule.k8s-nodes-provision.proxmox_vm_qemu.provision-proxmox-vm["k8s-master-01"]: Still creating... [1m40s elapsed][0m[0m
[0m[1mmodule.k8s-nodes-provision.proxmox_vm_qemu.provision-proxmox-vm["k8s-worker-additional-04"]: Still creating... [2m10s elapsed][0m[0m
[0m[1mmodule.k8s-nodes-provision.proxmox_vm_qemu.provision-proxmox-vm["k8s-worker-additional-05"]: Still creating... [2m10s elapsed][0m[0m
[0m[1mmodule.k8s-nodes-provision.proxmox_vm_qemu.provision-proxmox-vm["k8s-worker-01"]: Still creating... [2m10s elapsed][0m[0m
[0m[1mmodule.k8s-nodes-provision.proxmox_vm_qemu.provision-proxmox-vm["terraform-haproxy-02"]: Still creating... [10s elapsed][0m[0m
[0m[1mmodule.k8s-nodes-provision.proxmox_vm_qemu.provision-proxmox-vm["k8s-worker-additional-06"]: Still creating... [2m10s elapsed][0m[0m
[0m[1mmodule.k8s-nodes-provision.proxmox_vm_qemu.provision-proxmox-vm["terraform-haproxy-01"]: Still creating... [2m10s elapsed][0m[0m
[0m[1mmodule.k8s-nodes-provision.proxmox_vm_qemu.provision-proxmox-vm["k8s-master-03"]: Still creating... [2m10s elapsed][0m[0m
[0m[1mmodule.k8s-nodes-provision.proxmox_vm_qemu.provision-proxmox-vm["k8s-worker-additional-01"]: Still creating... [40s elapsed][0m[0m
[0m[1mmodule.k8s-nodes-provision.proxmox_vm_qemu.provision-proxmox-vm["k8s-master-02"]: Still creating... [1m10s elapsed][0m[0m
[0m[1mmodule.k8s-nodes-provision.proxmox_vm_qemu.provision-proxmox-vm["k8s-master-01"]: Still creating... [1m50s elapsed][0m[0m
[0m[1mmodule.k8s-nodes-provision.proxmox_vm_qemu.provision-proxmox-vm["k8s-worker-additional-04"]: Still creating... [2m20s elapsed][0m[0m
[0m[1mmodule.k8s-nodes-provision.proxmox_vm_qemu.provision-proxmox-vm["k8s-worker-additional-05"]: Still creating... [2m20s elapsed][0m[0m
[0m[1mmodule.k8s-nodes-provision.proxmox_vm_qemu.provision-proxmox-vm["k8s-worker-01"]: Still creating... [2m20s elapsed][0m[0m
[0m[1mmodule.k8s-nodes-provision.proxmox_vm_qemu.provision-proxmox-vm["terraform-haproxy-02"]: Still creating... [20s elapsed][0m[0m
[0m[1mmodule.k8s-nodes-provision.proxmox_vm_qemu.provision-proxmox-vm["k8s-worker-additional-06"]: Still creating... [2m20s elapsed][0m[0m
[0m[1mmodule.k8s-nodes-provision.proxmox_vm_qemu.provision-proxmox-vm["terraform-haproxy-01"]: Still creating... [2m20s elapsed][0m[0m
[0m[1mmodule.k8s-nodes-provision.proxmox_vm_qemu.provision-proxmox-vm["k8s-master-03"]: Still creating... [2m20s elapsed][0m[0m
[0m[1mmodule.k8s-nodes-provision.proxmox_vm_qemu.provision-proxmox-vm["k8s-worker-additional-01"]: Still creating... [50s elapsed][0m[0m
[0m[1mmodule.k8s-nodes-provision.proxmox_vm_qemu.provision-proxmox-vm["k8s-master-02"]: Still creating... [1m20s elapsed][0m[0m
[0m[1mmodule.k8s-nodes-provision.proxmox_vm_qemu.provision-proxmox-vm["k8s-master-01"]: Still creating... [2m0s elapsed][0m[0m
[0m[1mmodule.k8s-nodes-provision.proxmox_vm_qemu.provision-proxmox-vm["k8s-worker-additional-04"]: Still creating... [2m30s elapsed][0m[0m
[0m[1mmodule.k8s-nodes-provision.proxmox_vm_qemu.provision-proxmox-vm["k8s-worker-additional-05"]: Still creating... [2m30s elapsed][0m[0m
[0m[1mmodule.k8s-nodes-provision.proxmox_vm_qemu.provision-proxmox-vm["k8s-worker-01"]: Still creating... [2m30s elapsed][0m[0m
[0m[1mmodule.k8s-nodes-provision.proxmox_vm_qemu.provision-proxmox-vm["terraform-haproxy-02"]: Still creating... [30s elapsed][0m[0m
[0m[1mmodule.k8s-nodes-provision.proxmox_vm_qemu.provision-proxmox-vm["k8s-worker-additional-06"]: Still creating... [2m30s elapsed][0m[0m
[0m[1mmodule.k8s-nodes-provision.proxmox_vm_qemu.provision-proxmox-vm["terraform-haproxy-01"]: Still creating... [2m30s elapsed][0m[0m
[0m[1mmodule.k8s-nodes-provision.proxmox_vm_qemu.provision-proxmox-vm["k8s-master-03"]: Still creating... [2m30s elapsed][0m[0m
[0m[1mmodule.k8s-nodes-provision.proxmox_vm_qemu.provision-proxmox-vm["k8s-worker-additional-01"]: Still creating... [1m0s elapsed][0m[0m
[0m[1mmodule.k8s-nodes-provision.proxmox_vm_qemu.provision-proxmox-vm["k8s-master-02"]: Still creating... [1m30s elapsed][0m[0m
[0m[1mmodule.k8s-nodes-provision.proxmox_vm_qemu.provision-proxmox-vm["k8s-master-01"]: Still creating... [2m10s elapsed][0m[0m
[0m[1mmodule.k8s-nodes-provision.proxmox_vm_qemu.provision-proxmox-vm["k8s-worker-additional-04"]: Still creating... [2m40s elapsed][0m[0m
[0m[1mmodule.k8s-nodes-provision.proxmox_vm_qemu.provision-proxmox-vm["k8s-worker-additional-05"]: Still creating... [2m40s elapsed][0m[0m
[0m[1mmodule.k8s-nodes-provision.proxmox_vm_qemu.provision-proxmox-vm["k8s-worker-01"]: Still creating... [2m40s elapsed][0m[0m
[0m[1mmodule.k8s-nodes-provision.proxmox_vm_qemu.provision-proxmox-vm["terraform-haproxy-02"]: Still creating... [40s elapsed][0m[0m
[0m[1mmodule.k8s-nodes-provision.proxmox_vm_qemu.provision-proxmox-vm["k8s-worker-additional-06"]: Still creating... [2m40s elapsed][0m[0m
[0m[1mmodule.k8s-nodes-provision.proxmox_vm_qemu.provision-proxmox-vm["terraform-haproxy-01"]: Still creating... [2m40s elapsed][0m[0m
[0m[1mmodule.k8s-nodes-provision.proxmox_vm_qemu.provision-proxmox-vm["k8s-master-03"]: Still creating... [2m40s elapsed][0m[0m
[0m[1mmodule.k8s-nodes-provision.proxmox_vm_qemu.provision-proxmox-vm["k8s-worker-additional-01"]: Still creating... [1m10s elapsed][0m[0m
[0m[1mmodule.k8s-nodes-provision.proxmox_vm_qemu.provision-proxmox-vm["k8s-master-02"]: Still creating... [1m40s elapsed][0m[0m
[0m[1mmodule.k8s-nodes-provision.proxmox_vm_qemu.provision-proxmox-vm["terraform-haproxy-01"]: Creation complete after 2m41s [id=geekom-dev/qemu/220][0m
[0m[1mmodule.k8s-nodes-provision.proxmox_vm_qemu.provision-proxmox-vm["k8s-worker-03"]: Creating...[0m[0m
[0m[1mmodule.k8s-nodes-provision.proxmox_vm_qemu.provision-proxmox-vm["k8s-master-01"]: Still creating... [2m20s elapsed][0m[0m
[0m[1mmodule.k8s-nodes-provision.proxmox_vm_qemu.provision-proxmox-vm["k8s-worker-additional-04"]: Still creating... [2m50s elapsed][0m[0m
[0m[1mmodule.k8s-nodes-provision.proxmox_vm_qemu.provision-proxmox-vm["k8s-worker-additional-05"]: Still creating... [2m50s elapsed][0m[0m
[0m[1mmodule.k8s-nodes-provision.proxmox_vm_qemu.provision-proxmox-vm["k8s-worker-01"]: Still creating... [2m50s elapsed][0m[0m
[0m[1mmodule.k8s-nodes-provision.proxmox_vm_qemu.provision-proxmox-vm["terraform-haproxy-02"]: Still creating... [50s elapsed][0m[0m
[0m[1mmodule.k8s-nodes-provision.proxmox_vm_qemu.provision-proxmox-vm["k8s-worker-additional-06"]: Still creating... [2m50s elapsed][0m[0m
[0m[1mmodule.k8s-nodes-provision.proxmox_vm_qemu.provision-proxmox-vm["k8s-master-03"]: Still creating... [2m50s elapsed][0m[0m
[0m[1mmodule.k8s-nodes-provision.proxmox_vm_qemu.provision-proxmox-vm["k8s-worker-additional-01"]: Still creating... [1m20s elapsed][0m[0m
[0m[1mmodule.k8s-nodes-provision.proxmox_vm_qemu.provision-proxmox-vm["k8s-master-02"]: Still creating... [1m50s elapsed][0m[0m
[0m[1mmodule.k8s-nodes-provision.proxmox_vm_qemu.provision-proxmox-vm["k8s-worker-03"]: Still creating... [10s elapsed][0m[0m
[0m[1mmodule.k8s-nodes-provision.proxmox_vm_qemu.provision-proxmox-vm["k8s-master-01"]: Still creating... [2m30s elapsed][0m[0m
[0m[1mmodule.k8s-nodes-provision.proxmox_vm_qemu.provision-proxmox-vm["k8s-worker-additional-04"]: Still creating... [3m0s elapsed][0m[0m
[0m[1mmodule.k8s-nodes-provision.proxmox_vm_qemu.provision-proxmox-vm["k8s-worker-additional-05"]: Still creating... [3m0s elapsed][0m[0m
[0m[1mmodule.k8s-nodes-provision.proxmox_vm_qemu.provision-proxmox-vm["k8s-worker-01"]: Still creating... [3m0s elapsed][0m[0m
[0m[1mmodule.k8s-nodes-provision.proxmox_vm_qemu.provision-proxmox-vm["terraform-haproxy-02"]: Still creating... [1m0s elapsed][0m[0m
[0m[1mmodule.k8s-nodes-provision.proxmox_vm_qemu.provision-proxmox-vm["k8s-worker-additional-06"]: Still creating... [3m0s elapsed][0m[0m
[0m[1mmodule.k8s-nodes-provision.proxmox_vm_qemu.provision-proxmox-vm["k8s-master-03"]: Still creating... [3m0s elapsed][0m[0m
[0m[1mmodule.k8s-nodes-provision.proxmox_vm_qemu.provision-proxmox-vm["k8s-worker-additional-01"]: Still creating... [1m30s elapsed][0m[0m
[0m[1mmodule.k8s-nodes-provision.proxmox_vm_qemu.provision-proxmox-vm["k8s-master-02"]: Still creating... [2m0s elapsed][0m[0m
[0m[1mmodule.k8s-nodes-provision.proxmox_vm_qemu.provision-proxmox-vm["k8s-worker-03"]: Still creating... [20s elapsed][0m[0m
[0m[1mmodule.k8s-nodes-provision.proxmox_vm_qemu.provision-proxmox-vm["k8s-master-01"]: Still creating... [2m40s elapsed][0m[0m
[0m[1mmodule.k8s-nodes-provision.proxmox_vm_qemu.provision-proxmox-vm["k8s-worker-additional-04"]: Still creating... [3m10s elapsed][0m[0m
[0m[1mmodule.k8s-nodes-provision.proxmox_vm_qemu.provision-proxmox-vm["k8s-worker-additional-05"]: Still creating... [3m10s elapsed][0m[0m
[0m[1mmodule.k8s-nodes-provision.proxmox_vm_qemu.provision-proxmox-vm["k8s-worker-01"]: Still creating... [3m10s elapsed][0m[0m
[0m[1mmodule.k8s-nodes-provision.proxmox_vm_qemu.provision-proxmox-vm["terraform-haproxy-02"]: Still creating... [1m10s elapsed][0m[0m
[0m[1mmodule.k8s-nodes-provision.proxmox_vm_qemu.provision-proxmox-vm["k8s-worker-additional-06"]: Still creating... [3m10s elapsed][0m[0m
[0m[1mmodule.k8s-nodes-provision.proxmox_vm_qemu.provision-proxmox-vm["k8s-master-03"]: Still creating... [3m10s elapsed][0m[0m
[0m[1mmodule.k8s-nodes-provision.proxmox_vm_qemu.provision-proxmox-vm["k8s-worker-additional-01"]: Still creating... [1m40s elapsed][0m[0m
[0m[1mmodule.k8s-nodes-provision.proxmox_vm_qemu.provision-proxmox-vm["k8s-worker-additional-04"]: Creation complete after 3m11s [id=geekom-dev/qemu/209][0m
[0m[1mmodule.k8s-nodes-provision.proxmox_vm_qemu.provision-proxmox-vm["k8s-master-02"]: Still creating... [2m10s elapsed][0m[0m
[0m[1mmodule.k8s-nodes-provision.proxmox_vm_qemu.provision-proxmox-vm["k8s-worker-03"]: Still creating... [30s elapsed][0m[0m
[0m[1mmodule.k8s-nodes-provision.proxmox_vm_qemu.provision-proxmox-vm["k8s-master-01"]: Still creating... [2m50s elapsed][0m[0m
[0m[1mmodule.k8s-nodes-provision.proxmox_vm_qemu.provision-proxmox-vm["k8s-worker-additional-05"]: Still creating... [3m20s elapsed][0m[0m
[0m[1mmodule.k8s-nodes-provision.proxmox_vm_qemu.provision-proxmox-vm["k8s-worker-01"]: Still creating... [3m20s elapsed][0m[0m
[0m[1mmodule.k8s-nodes-provision.proxmox_vm_qemu.provision-proxmox-vm["terraform-haproxy-02"]: Still creating... [1m20s elapsed][0m[0m
[0m[1mmodule.k8s-nodes-provision.proxmox_vm_qemu.provision-proxmox-vm["k8s-worker-additional-06"]: Still creating... [3m20s elapsed][0m[0m
[0m[1mmodule.k8s-nodes-provision.proxmox_vm_qemu.provision-proxmox-vm["k8s-master-03"]: Still creating... [3m20s elapsed][0m[0m
[0m[1mmodule.k8s-nodes-provision.proxmox_vm_qemu.provision-proxmox-vm["k8s-worker-additional-01"]: Still creating... [1m50s elapsed][0m[0m
[0m[1mmodule.k8s-nodes-provision.proxmox_vm_qemu.provision-proxmox-vm["k8s-master-02"]: Still creating... [2m20s elapsed][0m[0m
[0m[1mmodule.k8s-nodes-provision.proxmox_vm_qemu.provision-proxmox-vm["k8s-worker-03"]: Still creating... [40s elapsed][0m[0m
[0m[1mmodule.k8s-nodes-provision.proxmox_vm_qemu.provision-proxmox-vm["k8s-master-01"]: Still creating... [3m0s elapsed][0m[0m
[0m[1mmodule.k8s-nodes-provision.proxmox_vm_qemu.provision-proxmox-vm["k8s-worker-additional-05"]: Still creating... [3m30s elapsed][0m[0m
[0m[1mmodule.k8s-nodes-provision.proxmox_vm_qemu.provision-proxmox-vm["k8s-worker-01"]: Still creating... [3m30s elapsed][0m[0m
[0m[1mmodule.k8s-nodes-provision.proxmox_vm_qemu.provision-proxmox-vm["terraform-haproxy-02"]: Still creating... [1m30s elapsed][0m[0m
[0m[1mmodule.k8s-nodes-provision.proxmox_vm_qemu.provision-proxmox-vm["k8s-worker-additional-06"]: Still creating... [3m30s elapsed][0m[0m
[0m[1mmodule.k8s-nodes-provision.proxmox_vm_qemu.provision-proxmox-vm["k8s-master-03"]: Still creating... [3m30s elapsed][0m[0m
[0m[1mmodule.k8s-nodes-provision.proxmox_vm_qemu.provision-proxmox-vm["k8s-worker-additional-01"]: Still creating... [2m0s elapsed][0m[0m
[0m[1mmodule.k8s-nodes-provision.proxmox_vm_qemu.provision-proxmox-vm["k8s-master-02"]: Still creating... [2m30s elapsed][0m[0m
[0m[1mmodule.k8s-nodes-provision.proxmox_vm_qemu.provision-proxmox-vm["k8s-worker-03"]: Still creating... [50s elapsed][0m[0m
[0m[1mmodule.k8s-nodes-provision.proxmox_vm_qemu.provision-proxmox-vm["k8s-master-01"]: Still creating... [3m10s elapsed][0m[0m
[0m[1mmodule.k8s-nodes-provision.proxmox_vm_qemu.provision-proxmox-vm["k8s-worker-additional-05"]: Still creating... [3m40s elapsed][0m[0m
[0m[1mmodule.k8s-nodes-provision.proxmox_vm_qemu.provision-proxmox-vm["k8s-worker-01"]: Still creating... [3m40s elapsed][0m[0m
[0m[1mmodule.k8s-nodes-provision.proxmox_vm_qemu.provision-proxmox-vm["terraform-haproxy-02"]: Still creating... [1m40s elapsed][0m[0m
[0m[1mmodule.k8s-nodes-provision.proxmox_vm_qemu.provision-proxmox-vm["k8s-worker-additional-06"]: Still creating... [3m40s elapsed][0m[0m
[0m[1mmodule.k8s-nodes-provision.proxmox_vm_qemu.provision-proxmox-vm["k8s-master-03"]: Still creating... [3m40s elapsed][0m[0m
[0m[1mmodule.k8s-nodes-provision.proxmox_vm_qemu.provision-proxmox-vm["k8s-worker-additional-01"]: Still creating... [2m10s elapsed][0m[0m
[0m[1mmodule.k8s-nodes-provision.proxmox_vm_qemu.provision-proxmox-vm["k8s-master-02"]: Still creating... [2m40s elapsed][0m[0m
[0m[1mmodule.k8s-nodes-provision.proxmox_vm_qemu.provision-proxmox-vm["k8s-worker-03"]: Still creating... [1m0s elapsed][0m[0m
[0m[1mmodule.k8s-nodes-provision.proxmox_vm_qemu.provision-proxmox-vm["k8s-master-01"]: Still creating... [3m20s elapsed][0m[0m
[0m[1mmodule.k8s-nodes-provision.proxmox_vm_qemu.provision-proxmox-vm["k8s-worker-additional-05"]: Still creating... [3m50s elapsed][0m[0m
[0m[1mmodule.k8s-nodes-provision.proxmox_vm_qemu.provision-proxmox-vm["k8s-worker-01"]: Still creating... [3m50s elapsed][0m[0m
[0m[1mmodule.k8s-nodes-provision.proxmox_vm_qemu.provision-proxmox-vm["terraform-haproxy-02"]: Still creating... [1m50s elapsed][0m[0m
[0m[1mmodule.k8s-nodes-provision.proxmox_vm_qemu.provision-proxmox-vm["k8s-worker-additional-06"]: Still creating... [3m50s elapsed][0m[0m
[0m[1mmodule.k8s-nodes-provision.proxmox_vm_qemu.provision-proxmox-vm["k8s-master-03"]: Still creating... [3m50s elapsed][0m[0m
[0m[1mmodule.k8s-nodes-provision.proxmox_vm_qemu.provision-proxmox-vm["k8s-worker-additional-01"]: Still creating... [2m20s elapsed][0m[0m
[0m[1mmodule.k8s-nodes-provision.proxmox_vm_qemu.provision-proxmox-vm["k8s-master-02"]: Still creating... [2m50s elapsed][0m[0m
[0m[1mmodule.k8s-nodes-provision.proxmox_vm_qemu.provision-proxmox-vm["k8s-worker-03"]: Still creating... [1m10s elapsed][0m[0m
[0m[1mmodule.k8s-nodes-provision.proxmox_vm_qemu.provision-proxmox-vm["k8s-master-01"]: Still creating... [3m30s elapsed][0m[0m
[0m[1mmodule.k8s-nodes-provision.proxmox_vm_qemu.provision-proxmox-vm["k8s-worker-additional-05"]: Still creating... [4m0s elapsed][0m[0m
[0m[1mmodule.k8s-nodes-provision.proxmox_vm_qemu.provision-proxmox-vm["k8s-worker-01"]: Still creating... [4m0s elapsed][0m[0m
[0m[1mmodule.k8s-nodes-provision.proxmox_vm_qemu.provision-proxmox-vm["terraform-haproxy-02"]: Still creating... [2m0s elapsed][0m[0m
[0m[1mmodule.k8s-nodes-provision.proxmox_vm_qemu.provision-proxmox-vm["k8s-worker-additional-06"]: Still creating... [4m0s elapsed][0m[0m
[0m[1mmodule.k8s-nodes-provision.proxmox_vm_qemu.provision-proxmox-vm["k8s-master-03"]: Still creating... [4m0s elapsed][0m[0m
[0m[1mmodule.k8s-nodes-provision.proxmox_vm_qemu.provision-proxmox-vm["k8s-worker-additional-05"]: Creation complete after 4m0s [id=geekom-dev/qemu/210][0m
[0m[1mmodule.k8s-nodes-provision.proxmox_vm_qemu.provision-proxmox-vm["k8s-worker-additional-01"]: Still creating... [2m30s elapsed][0m[0m
[0m[1mmodule.k8s-nodes-provision.proxmox_vm_qemu.provision-proxmox-vm["k8s-master-02"]: Still creating... [3m0s elapsed][0m[0m
[0m[1mmodule.k8s-nodes-provision.proxmox_vm_qemu.provision-proxmox-vm["k8s-worker-03"]: Still creating... [1m20s elapsed][0m[0m
[0m[1mmodule.k8s-nodes-provision.proxmox_vm_qemu.provision-proxmox-vm["k8s-master-01"]: Still creating... [3m40s elapsed][0m[0m
[0m[1mmodule.k8s-nodes-provision.proxmox_vm_qemu.provision-proxmox-vm["k8s-worker-01"]: Still creating... [4m10s elapsed][0m[0m
[0m[1mmodule.k8s-nodes-provision.proxmox_vm_qemu.provision-proxmox-vm["terraform-haproxy-02"]: Still creating... [2m10s elapsed][0m[0m
[0m[1mmodule.k8s-nodes-provision.proxmox_vm_qemu.provision-proxmox-vm["k8s-worker-additional-06"]: Still creating... [4m10s elapsed][0m[0m
[0m[1mmodule.k8s-nodes-provision.proxmox_vm_qemu.provision-proxmox-vm["k8s-master-03"]: Still creating... [4m10s elapsed][0m[0m
[0m[1mmodule.k8s-nodes-provision.proxmox_vm_qemu.provision-proxmox-vm["k8s-worker-additional-01"]: Still creating... [2m40s elapsed][0m[0m
[0m[1mmodule.k8s-nodes-provision.proxmox_vm_qemu.provision-proxmox-vm["k8s-master-02"]: Still creating... [3m10s elapsed][0m[0m
[0m[1mmodule.k8s-nodes-provision.proxmox_vm_qemu.provision-proxmox-vm["k8s-worker-03"]: Still creating... [1m30s elapsed][0m[0m
[0m[1mmodule.k8s-nodes-provision.proxmox_vm_qemu.provision-proxmox-vm["k8s-master-01"]: Still creating... [3m50s elapsed][0m[0m
[0m[1mmodule.k8s-nodes-provision.proxmox_vm_qemu.provision-proxmox-vm["k8s-worker-01"]: Still creating... [4m20s elapsed][0m[0m
[0m[1mmodule.k8s-nodes-provision.proxmox_vm_qemu.provision-proxmox-vm["terraform-haproxy-02"]: Still creating... [2m20s elapsed][0m[0m
[0m[1mmodule.k8s-nodes-provision.proxmox_vm_qemu.provision-proxmox-vm["k8s-worker-additional-06"]: Still creating... [4m20s elapsed][0m[0m
[0m[1mmodule.k8s-nodes-provision.proxmox_vm_qemu.provision-proxmox-vm["k8s-master-03"]: Still creating... [4m20s elapsed][0m[0m
[0m[1mmodule.k8s-nodes-provision.proxmox_vm_qemu.provision-proxmox-vm["k8s-worker-additional-01"]: Still creating... [2m50s elapsed][0m[0m
[0m[1mmodule.k8s-nodes-provision.proxmox_vm_qemu.provision-proxmox-vm["k8s-master-02"]: Still creating... [3m20s elapsed][0m[0m
[0m[1mmodule.k8s-nodes-provision.proxmox_vm_qemu.provision-proxmox-vm["k8s-worker-03"]: Still creating... [1m40s elapsed][0m[0m
[0m[1mmodule.k8s-nodes-provision.proxmox_vm_qemu.provision-proxmox-vm["k8s-master-01"]: Still creating... [4m0s elapsed][0m[0m
[0m[1mmodule.k8s-nodes-provision.proxmox_vm_qemu.provision-proxmox-vm["k8s-worker-01"]: Still creating... [4m30s elapsed][0m[0m
[0m[1mmodule.k8s-nodes-provision.proxmox_vm_qemu.provision-proxmox-vm["terraform-haproxy-02"]: Still creating... [2m30s elapsed][0m[0m
[0m[1mmodule.k8s-nodes-provision.proxmox_vm_qemu.provision-proxmox-vm["k8s-worker-additional-06"]: Still creating... [4m30s elapsed][0m[0m
[0m[1mmodule.k8s-nodes-provision.proxmox_vm_qemu.provision-proxmox-vm["k8s-master-03"]: Still creating... [4m30s elapsed][0m[0m
[0m[1mmodule.k8s-nodes-provision.proxmox_vm_qemu.provision-proxmox-vm["k8s-worker-additional-01"]: Still creating... [3m0s elapsed][0m[0m
[0m[1mmodule.k8s-nodes-provision.proxmox_vm_qemu.provision-proxmox-vm["k8s-master-02"]: Still creating... [3m30s elapsed][0m[0m
[0m[1mmodule.k8s-nodes-provision.proxmox_vm_qemu.provision-proxmox-vm["k8s-worker-03"]: Still creating... [1m50s elapsed][0m[0m
[0m[1mmodule.k8s-nodes-provision.proxmox_vm_qemu.provision-proxmox-vm["k8s-worker-01"]: Creation complete after 4m32s [id=geekom-dev/qemu/203][0m
[0m[1mmodule.k8s-nodes-provision.proxmox_vm_qemu.provision-proxmox-vm["k8s-master-01"]: Still creating... [4m10s elapsed][0m[0m
[0m[1mmodule.k8s-nodes-provision.proxmox_vm_qemu.provision-proxmox-vm["terraform-haproxy-02"]: Still creating... [2m40s elapsed][0m[0m
[0m[1mmodule.k8s-nodes-provision.proxmox_vm_qemu.provision-proxmox-vm["k8s-worker-additional-06"]: Still creating... [4m40s elapsed][0m[0m
[0m[1mmodule.k8s-nodes-provision.proxmox_vm_qemu.provision-proxmox-vm["k8s-master-03"]: Still creating... [4m40s elapsed][0m[0m
[0m[1mmodule.k8s-nodes-provision.proxmox_vm_qemu.provision-proxmox-vm["k8s-worker-additional-01"]: Still creating... [3m10s elapsed][0m[0m
[0m[1mmodule.k8s-nodes-provision.proxmox_vm_qemu.provision-proxmox-vm["k8s-master-02"]: Still creating... [3m40s elapsed][0m[0m
[0m[1mmodule.k8s-nodes-provision.proxmox_vm_qemu.provision-proxmox-vm["k8s-worker-03"]: Still creating... [2m0s elapsed][0m[0m
[0m[1mmodule.k8s-nodes-provision.proxmox_vm_qemu.provision-proxmox-vm["k8s-master-01"]: Still creating... [4m20s elapsed][0m[0m
[0m[1mmodule.k8s-nodes-provision.proxmox_vm_qemu.provision-proxmox-vm["terraform-haproxy-02"]: Still creating... [2m50s elapsed][0m[0m
[0m[1mmodule.k8s-nodes-provision.proxmox_vm_qemu.provision-proxmox-vm["k8s-worker-additional-06"]: Still creating... [4m50s elapsed][0m[0m
[0m[1mmodule.k8s-nodes-provision.proxmox_vm_qemu.provision-proxmox-vm["k8s-master-03"]: Still creating... [4m50s elapsed][0m[0m
[0m[1mmodule.k8s-nodes-provision.proxmox_vm_qemu.provision-proxmox-vm["k8s-worker-additional-01"]: Still creating... [3m20s elapsed][0m[0m
[0m[1mmodule.k8s-nodes-provision.proxmox_vm_qemu.provision-proxmox-vm["k8s-master-02"]: Still creating... [3m50s elapsed][0m[0m
[0m[1mmodule.k8s-nodes-provision.proxmox_vm_qemu.provision-proxmox-vm["k8s-worker-03"]: Still creating... [2m10s elapsed][0m[0m
[0m[1mmodule.k8s-nodes-provision.proxmox_vm_qemu.provision-proxmox-vm["k8s-master-01"]: Still creating... [4m30s elapsed][0m[0m
[0m[1mmodule.k8s-nodes-provision.proxmox_vm_qemu.provision-proxmox-vm["terraform-haproxy-02"]: Still creating... [3m0s elapsed][0m[0m
[0m[1mmodule.k8s-nodes-provision.proxmox_vm_qemu.provision-proxmox-vm["k8s-worker-additional-06"]: Still creating... [5m0s elapsed][0m[0m
[0m[1mmodule.k8s-nodes-provision.proxmox_vm_qemu.provision-proxmox-vm["k8s-master-03"]: Still creating... [5m0s elapsed][0m[0m
[0m[1mmodule.k8s-nodes-provision.proxmox_vm_qemu.provision-proxmox-vm["k8s-worker-additional-01"]: Still creating... [3m30s elapsed][0m[0m
[0m[1mmodule.k8s-nodes-provision.proxmox_vm_qemu.provision-proxmox-vm["k8s-master-02"]: Still creating... [4m0s elapsed][0m[0m
[0m[1mmodule.k8s-nodes-provision.proxmox_vm_qemu.provision-proxmox-vm["k8s-worker-03"]: Still creating... [2m20s elapsed][0m[0m
[0m[1mmodule.k8s-nodes-provision.proxmox_vm_qemu.provision-proxmox-vm["k8s-master-03"]: Creation complete after 5m3s [id=geekom-dev/qemu/202][0m
[0m[1mmodule.k8s-nodes-provision.proxmox_vm_qemu.provision-proxmox-vm["k8s-master-01"]: Still creating... [4m40s elapsed][0m[0m
[0m[1mmodule.k8s-nodes-provision.proxmox_vm_qemu.provision-proxmox-vm["terraform-haproxy-02"]: Still creating... [3m10s elapsed][0m[0m
[0m[1mmodule.k8s-nodes-provision.proxmox_vm_qemu.provision-proxmox-vm["k8s-worker-additional-06"]: Still creating... [5m10s elapsed][0m[0m
[0m[1mmodule.k8s-nodes-provision.proxmox_vm_qemu.provision-proxmox-vm["k8s-worker-additional-01"]: Still creating... [3m40s elapsed][0m[0m
[0m[1mmodule.k8s-nodes-provision.proxmox_vm_qemu.provision-proxmox-vm["k8s-master-02"]: Still creating... [4m10s elapsed][0m[0m
[0m[1mmodule.k8s-nodes-provision.proxmox_vm_qemu.provision-proxmox-vm["k8s-worker-03"]: Still creating... [2m30s elapsed][0m[0m
[0m[1mmodule.k8s-nodes-provision.proxmox_vm_qemu.provision-proxmox-vm["k8s-master-01"]: Still creating... [4m50s elapsed][0m[0m
[0m[1mmodule.k8s-nodes-provision.proxmox_vm_qemu.provision-proxmox-vm["terraform-haproxy-02"]: Still creating... [3m20s elapsed][0m[0m
[0m[1mmodule.k8s-nodes-provision.proxmox_vm_qemu.provision-proxmox-vm["k8s-worker-additional-06"]: Still creating... [5m20s elapsed][0m[0m
[0m[1mmodule.k8s-nodes-provision.proxmox_vm_qemu.provision-proxmox-vm["k8s-worker-additional-01"]: Still creating... [3m50s elapsed][0m[0m
[0m[1mmodule.k8s-nodes-provision.proxmox_vm_qemu.provision-proxmox-vm["k8s-master-02"]: Still creating... [4m20s elapsed][0m[0m
[0m[1mmodule.k8s-nodes-provision.proxmox_vm_qemu.provision-proxmox-vm["k8s-worker-03"]: Still creating... [2m40s elapsed][0m[0m
[0m[1mmodule.k8s-nodes-provision.proxmox_vm_qemu.provision-proxmox-vm["k8s-master-01"]: Still creating... [5m0s elapsed][0m[0m
[0m[1mmodule.k8s-nodes-provision.proxmox_vm_qemu.provision-proxmox-vm["terraform-haproxy-02"]: Still creating... [3m30s elapsed][0m[0m
[0m[1mmodule.k8s-nodes-provision.proxmox_vm_qemu.provision-proxmox-vm["k8s-worker-additional-06"]: Still creating... [5m30s elapsed][0m[0m
[0m[1mmodule.k8s-nodes-provision.proxmox_vm_qemu.provision-proxmox-vm["k8s-worker-additional-01"]: Still creating... [4m0s elapsed][0m[0m
[0m[1mmodule.k8s-nodes-provision.proxmox_vm_qemu.provision-proxmox-vm["k8s-master-02"]: Still creating... [4m30s elapsed][0m[0m
[0m[1mmodule.k8s-nodes-provision.proxmox_vm_qemu.provision-proxmox-vm["k8s-worker-03"]: Still creating... [2m50s elapsed][0m[0m
[0m[1mmodule.k8s-nodes-provision.proxmox_vm_qemu.provision-proxmox-vm["k8s-master-01"]: Still creating... [5m10s elapsed][0m[0m
[0m[1mmodule.k8s-nodes-provision.proxmox_vm_qemu.provision-proxmox-vm["terraform-haproxy-02"]: Still creating... [3m40s elapsed][0m[0m
[0m[1mmodule.k8s-nodes-provision.proxmox_vm_qemu.provision-proxmox-vm["k8s-worker-additional-06"]: Still creating... [5m40s elapsed][0m[0m
[0m[1mmodule.k8s-nodes-provision.proxmox_vm_qemu.provision-proxmox-vm["k8s-worker-additional-01"]: Still creating... [4m10s elapsed][0m[0m
[0m[1mmodule.k8s-nodes-provision.proxmox_vm_qemu.provision-proxmox-vm["k8s-master-02"]: Still creating... [4m40s elapsed][0m[0m
[0m[1mmodule.k8s-nodes-provision.proxmox_vm_qemu.provision-proxmox-vm["k8s-worker-03"]: Still creating... [3m0s elapsed][0m[0m
[0m[1mmodule.k8s-nodes-provision.proxmox_vm_qemu.provision-proxmox-vm["k8s-worker-additional-06"]: Creation complete after 5m47s [id=geekom-dev/qemu/211][0m
[0m[1mmodule.k8s-nodes-provision.proxmox_vm_qemu.provision-proxmox-vm["k8s-master-01"]: Still creating... [5m20s elapsed][0m[0m
[0m[1mmodule.k8s-nodes-provision.proxmox_vm_qemu.provision-proxmox-vm["terraform-haproxy-02"]: Still creating... [3m50s elapsed][0m[0m
[0m[1mmodule.k8s-nodes-provision.proxmox_vm_qemu.provision-proxmox-vm["k8s-worker-additional-01"]: Still creating... [4m20s elapsed][0m[0m
[0m[1mmodule.k8s-nodes-provision.proxmox_vm_qemu.provision-proxmox-vm["k8s-master-02"]: Still creating... [4m50s elapsed][0m[0m
[0m[1mmodule.k8s-nodes-provision.proxmox_vm_qemu.provision-proxmox-vm["k8s-worker-03"]: Still creating... [3m10s elapsed][0m[0m
[0m[1mmodule.k8s-nodes-provision.proxmox_vm_qemu.provision-proxmox-vm["k8s-master-01"]: Still creating... [5m30s elapsed][0m[0m
[0m[1mmodule.k8s-nodes-provision.proxmox_vm_qemu.provision-proxmox-vm["terraform-haproxy-02"]: Still creating... [4m0s elapsed][0m[0m
[0m[1mmodule.k8s-nodes-provision.proxmox_vm_qemu.provision-proxmox-vm["k8s-worker-additional-01"]: Still creating... [4m30s elapsed][0m[0m
[0m[1mmodule.k8s-nodes-provision.proxmox_vm_qemu.provision-proxmox-vm["k8s-master-02"]: Still creating... [5m0s elapsed][0m[0m
[0m[1mmodule.k8s-nodes-provision.proxmox_vm_qemu.provision-proxmox-vm["k8s-worker-03"]: Still creating... [3m20s elapsed][0m[0m
[0m[1mmodule.k8s-nodes-provision.proxmox_vm_qemu.provision-proxmox-vm["k8s-master-01"]: Still creating... [5m40s elapsed][0m[0m
[0m[1mmodule.k8s-nodes-provision.proxmox_vm_qemu.provision-proxmox-vm["terraform-haproxy-02"]: Still creating... [4m10s elapsed][0m[0m
[0m[1mmodule.k8s-nodes-provision.proxmox_vm_qemu.provision-proxmox-vm["k8s-worker-additional-01"]: Still creating... [4m40s elapsed][0m[0m
[0m[1mmodule.k8s-nodes-provision.proxmox_vm_qemu.provision-proxmox-vm["k8s-master-02"]: Still creating... [5m10s elapsed][0m[0m
[0m[1mmodule.k8s-nodes-provision.proxmox_vm_qemu.provision-proxmox-vm["k8s-worker-03"]: Still creating... [3m30s elapsed][0m[0m
[0m[1mmodule.k8s-nodes-provision.proxmox_vm_qemu.provision-proxmox-vm["k8s-master-01"]: Creation complete after 5m48s [id=geekom-dev/qemu/200][0m
[0m[1mmodule.k8s-nodes-provision.proxmox_vm_qemu.provision-proxmox-vm["terraform-haproxy-02"]: Still creating... [4m20s elapsed][0m[0m
[0m[1mmodule.k8s-nodes-provision.proxmox_vm_qemu.provision-proxmox-vm["k8s-worker-additional-01"]: Still creating... [4m50s elapsed][0m[0m
[0m[1mmodule.k8s-nodes-provision.proxmox_vm_qemu.provision-proxmox-vm["k8s-master-02"]: Still creating... [5m20s elapsed][0m[0m
[0m[1mmodule.k8s-nodes-provision.proxmox_vm_qemu.provision-proxmox-vm["k8s-worker-03"]: Still creating... [3m40s elapsed][0m[0m
[0m[1mmodule.k8s-nodes-provision.proxmox_vm_qemu.provision-proxmox-vm["terraform-haproxy-02"]: Still creating... [4m30s elapsed][0m[0m
[0m[1mmodule.k8s-nodes-provision.proxmox_vm_qemu.provision-proxmox-vm["k8s-worker-additional-01"]: Still creating... [5m0s elapsed][0m[0m
[0m[1mmodule.k8s-nodes-provision.proxmox_vm_qemu.provision-proxmox-vm["k8s-master-02"]: Still creating... [5m30s elapsed][0m[0m
[0m[1mmodule.k8s-nodes-provision.proxmox_vm_qemu.provision-proxmox-vm["k8s-worker-03"]: Still creating... [3m50s elapsed][0m[0m
[0m[1mmodule.k8s-nodes-provision.proxmox_vm_qemu.provision-proxmox-vm["terraform-haproxy-02"]: Still creating... [4m40s elapsed][0m[0m
[0m[1mmodule.k8s-nodes-provision.proxmox_vm_qemu.provision-proxmox-vm["k8s-worker-additional-01"]: Still creating... [5m10s elapsed][0m[0m
[0m[1mmodule.k8s-nodes-provision.proxmox_vm_qemu.provision-proxmox-vm["k8s-master-02"]: Still creating... [5m40s elapsed][0m[0m
[0m[1mmodule.k8s-nodes-provision.proxmox_vm_qemu.provision-proxmox-vm["k8s-worker-03"]: Still creating... [4m0s elapsed][0m[0m
[0m[1mmodule.k8s-nodes-provision.proxmox_vm_qemu.provision-proxmox-vm["terraform-haproxy-02"]: Still creating... [4m50s elapsed][0m[0m
[0m[1mmodule.k8s-nodes-provision.proxmox_vm_qemu.provision-proxmox-vm["k8s-worker-additional-01"]: Still creating... [5m20s elapsed][0m[0m
[0m[1mmodule.k8s-nodes-provision.proxmox_vm_qemu.provision-proxmox-vm["k8s-master-02"]: Still creating... [5m50s elapsed][0m[0m
[0m[1mmodule.k8s-nodes-provision.proxmox_vm_qemu.provision-proxmox-vm["k8s-worker-03"]: Still creating... [4m10s elapsed][0m[0m
[0m[1mmodule.k8s-nodes-provision.proxmox_vm_qemu.provision-proxmox-vm["k8s-worker-additional-01"]: Creation complete after 5m24s [id=geekom-dev/qemu/206][0m
[0m[1mmodule.k8s-nodes-provision.proxmox_vm_qemu.provision-proxmox-vm["terraform-haproxy-02"]: Still creating... [5m0s elapsed][0m[0m
[0m[1mmodule.k8s-nodes-provision.proxmox_vm_qemu.provision-proxmox-vm["k8s-master-02"]: Still creating... [6m0s elapsed][0m[0m
[0m[1mmodule.k8s-nodes-provision.proxmox_vm_qemu.provision-proxmox-vm["k8s-worker-03"]: Still creating... [4m20s elapsed][0m[0m
[0m[1mmodule.k8s-nodes-provision.proxmox_vm_qemu.provision-proxmox-vm["terraform-haproxy-02"]: Still creating... [5m10s elapsed][0m[0m
[0m[1mmodule.k8s-nodes-provision.proxmox_vm_qemu.provision-proxmox-vm["k8s-master-02"]: Still creating... [6m10s elapsed][0m[0m
[0m[1mmodule.k8s-nodes-provision.proxmox_vm_qemu.provision-proxmox-vm["k8s-worker-03"]: Still creating... [4m30s elapsed][0m[0m
[0m[1mmodule.k8s-nodes-provision.proxmox_vm_qemu.provision-proxmox-vm["terraform-haproxy-02"]: Still creating... [5m20s elapsed][0m[0m
[0m[1mmodule.k8s-nodes-provision.proxmox_vm_qemu.provision-proxmox-vm["k8s-master-02"]: Still creating... [6m20s elapsed][0m[0m
[0m[1mmodule.k8s-nodes-provision.proxmox_vm_qemu.provision-proxmox-vm["k8s-worker-03"]: Still creating... [4m40s elapsed][0m[0m
[0m[1mmodule.k8s-nodes-provision.proxmox_vm_qemu.provision-proxmox-vm["terraform-haproxy-02"]: Still creating... [5m30s elapsed][0m[0m
[0m[1mmodule.k8s-nodes-provision.proxmox_vm_qemu.provision-proxmox-vm["k8s-master-02"]: Still creating... [6m30s elapsed][0m[0m
[0m[1mmodule.k8s-nodes-provision.proxmox_vm_qemu.provision-proxmox-vm["k8s-worker-03"]: Still creating... [4m50s elapsed][0m[0m
[0m[1mmodule.k8s-nodes-provision.proxmox_vm_qemu.provision-proxmox-vm["terraform-haproxy-02"]: Still creating... [5m40s elapsed][0m[0m
[0m[1mmodule.k8s-nodes-provision.proxmox_vm_qemu.provision-proxmox-vm["k8s-master-02"]: Still creating... [6m40s elapsed][0m[0m
[0m[1mmodule.k8s-nodes-provision.proxmox_vm_qemu.provision-proxmox-vm["k8s-worker-03"]: Still creating... [5m0s elapsed][0m[0m
[0m[1mmodule.k8s-nodes-provision.proxmox_vm_qemu.provision-proxmox-vm["k8s-worker-03"]: Creation complete after 5m1s [id=geekom-dev/qemu/205][0m
[0m[1mmodule.k8s-nodes-provision.proxmox_vm_qemu.provision-proxmox-vm["terraform-haproxy-02"]: Still creating... [5m50s elapsed][0m[0m
[0m[1mmodule.k8s-nodes-provision.proxmox_vm_qemu.provision-proxmox-vm["k8s-master-02"]: Still creating... [6m50s elapsed][0m[0m
[0m[1mmodule.k8s-nodes-provision.proxmox_vm_qemu.provision-proxmox-vm["terraform-haproxy-02"]: Still creating... [6m0s elapsed][0m[0m
[0m[1mmodule.k8s-nodes-provision.proxmox_vm_qemu.provision-proxmox-vm["k8s-master-02"]: Still creating... [7m0s elapsed][0m[0m
[0m[1mmodule.k8s-nodes-provision.proxmox_vm_qemu.provision-proxmox-vm["terraform-haproxy-02"]: Creation complete after 6m9s [id=geekom-dev/qemu/221][0m
[0m[1mmodule.k8s-nodes-provision.proxmox_vm_qemu.provision-proxmox-vm["k8s-master-02"]: Still creating... [7m10s elapsed][0m[0m
[0m[1mmodule.k8s-nodes-provision.proxmox_vm_qemu.provision-proxmox-vm["k8s-master-02"]: Still creating... [7m20s elapsed][0m[0m
[0m[1mmodule.k8s-nodes-provision.proxmox_vm_qemu.provision-proxmox-vm["k8s-master-02"]: Still creating... [7m30s elapsed][0m[0m
[0m[1mmodule.k8s-nodes-provision.proxmox_vm_qemu.provision-proxmox-vm["k8s-master-02"]: Still creating... [7m40s elapsed][0m[0m
[0m[1mmodule.k8s-nodes-provision.proxmox_vm_qemu.provision-proxmox-vm["k8s-master-02"]: Still creating... [7m50s elapsed][0m[0m
[0m[1mmodule.k8s-nodes-provision.proxmox_vm_qemu.provision-proxmox-vm["k8s-master-02"]: Creation complete after 7m50s [id=geekom-dev/qemu/201][0m
[0m[1mnull_resource.waiting_instances_ready["k8s-worker-additional-06"]: Creating...[0m[0m
[0m[1mnull_resource.waiting_instances_ready["k8s-master-03"]: Creating...[0m[0m
[0m[1mnull_resource.waiting_instances_ready["k8s-worker-additional-06"]: Provisioning with 'remote-exec'...[0m[0m
[0m[1mnull_resource.waiting_instances_ready["k8s-worker-additional-06"] (remote-exec):[0m [0mConnecting to remote host via SSH...
[0m[1mnull_resource.waiting_instances_ready["k8s-worker-additional-06"] (remote-exec):[0m [0m  Host: 172.16.1.155
[0m[1mnull_resource.waiting_instances_ready["k8s-worker-additional-06"] (remote-exec):[0m [0m  User: locthp
[0m[1mnull_resource.waiting_instances_ready["k8s-worker-additional-06"] (remote-exec):[0m [0m  Password: false
[0m[1mnull_resource.waiting_instances_ready["k8s-worker-additional-06"] (remote-exec):[0m [0m  Private key: true
[0m[1mnull_resource.waiting_instances_ready["k8s-worker-additional-06"] (remote-exec):[0m [0m  Certificate: false
[0m[1mnull_resource.waiting_instances_ready["k8s-worker-additional-06"] (remote-exec):[0m [0m  SSH Agent: false
[0m[1mnull_resource.waiting_instances_ready["k8s-worker-additional-06"] (remote-exec):[0m [0m  Checking Host Key: false
[0m[1mnull_resource.waiting_instances_ready["k8s-worker-additional-06"] (remote-exec):[0m [0m  Target Platform: unix
[0m[1mnull_resource.waiting_instances_ready["terraform-haproxy-01"]: Creating...[0m[0m
[0m[1mnull_resource.waiting_instances_ready["k8s-worker-additional-03"]: Creating...[0m[0m
[0m[1mnull_resource.waiting_instances_ready["k8s-master-03"]: Provisioning with 'remote-exec'...[0m[0m
[0m[1mnull_resource.waiting_instances_ready["k8s-master-03"] (remote-exec):[0m [0mConnecting to remote host via SSH...
[0m[1mnull_resource.waiting_instances_ready["k8s-master-03"] (remote-exec):[0m [0m  Host: 172.16.1.233
[0m[1mnull_resource.waiting_instances_ready["k8s-master-03"] (remote-exec):[0m [0m  User: locthp
[0m[1mnull_resource.waiting_instances_ready["k8s-master-03"] (remote-exec):[0m [0m  Password: false
[0m[1mnull_resource.waiting_instances_ready["k8s-master-03"] (remote-exec):[0m [0m  Private key: true
[0m[1mnull_resource.waiting_instances_ready["k8s-master-03"] (remote-exec):[0m [0m  Certificate: false
[0m[1mnull_resource.waiting_instances_ready["k8s-master-03"] (remote-exec):[0m [0m  SSH Agent: false
[0m[1mnull_resource.waiting_instances_ready["k8s-master-03"] (remote-exec):[0m [0m  Checking Host Key: false
[0m[1mnull_resource.waiting_instances_ready["k8s-master-03"] (remote-exec):[0m [0m  Target Platform: unix
[0m[1mnull_resource.waiting_instances_ready["k8s-master-01"]: Creating...[0m[0m
[0m[1mnull_resource.waiting_instances_ready["k8s-worker-additional-04"]: Creating...[0m[0m
[0m[1mnull_resource.waiting_instances_ready["k8s-master-02"]: Creating...[0m[0m
[0m[1mnull_resource.waiting_instances_ready["external-bgp-router"]: Creating...[0m[0m
[0m[1mnull_resource.waiting_instances_ready["k8s-worker-02"]: Creating...[0m[0m
[0m[1mnull_resource.waiting_instances_ready["k8s-worker-additional-04"]: Provisioning with 'remote-exec'...[0m[0m
[0m[1mnull_resource.waiting_instances_ready["k8s-worker-additional-04"] (remote-exec):[0m [0mConnecting to remote host via SSH...
[0m[1mnull_resource.waiting_instances_ready["k8s-worker-additional-04"] (remote-exec):[0m [0m  Host: 172.16.1.153
[0m[1mnull_resource.waiting_instances_ready["k8s-worker-additional-04"] (remote-exec):[0m [0m  User: locthp
[0m[1mnull_resource.waiting_instances_ready["k8s-worker-additional-04"] (remote-exec):[0m [0m  Password: false
[0m[1mnull_resource.waiting_instances_ready["k8s-worker-additional-04"] (remote-exec):[0m [0m  Private key: true
[0m[1mnull_resource.waiting_instances_ready["k8s-worker-additional-04"] (remote-exec):[0m [0m  Certificate: false
[0m[1mnull_resource.waiting_instances_ready["k8s-worker-additional-04"] (remote-exec):[0m [0m  SSH Agent: false
[0m[1mnull_resource.waiting_instances_ready["k8s-worker-additional-04"] (remote-exec):[0m [0m  Checking Host Key: false
[0m[1mnull_resource.waiting_instances_ready["k8s-worker-additional-04"] (remote-exec):[0m [0m  Target Platform: unix
[0m[1mnull_resource.waiting_instances_ready["k8s-worker-additional-03"]: Provisioning with 'remote-exec'...[0m[0m
[0m[1mnull_resource.waiting_instances_ready["k8s-worker-additional-03"] (remote-exec):[0m [0mConnecting to remote host via SSH...
[0m[1mnull_resource.waiting_instances_ready["k8s-worker-additional-03"] (remote-exec):[0m [0m  Host: 172.16.1.152
[0m[1mnull_resource.waiting_instances_ready["k8s-worker-additional-03"] (remote-exec):[0m [0m  User: locthp
[0m[1mnull_resource.waiting_instances_ready["k8s-worker-additional-03"] (remote-exec):[0m [0m  Password: false
[0m[1mnull_resource.waiting_instances_ready["k8s-worker-additional-03"] (remote-exec):[0m [0m  Private key: true
[0m[1mnull_resource.waiting_instances_ready["k8s-worker-additional-03"] (remote-exec):[0m [0m  Certificate: false
[0m[1mnull_resource.waiting_instances_ready["k8s-worker-additional-03"] (remote-exec):[0m [0m  SSH Agent: false
[0m[1mnull_resource.waiting_instances_ready["k8s-worker-additional-03"] (remote-exec):[0m [0m  Checking Host Key: false
[0m[1mnull_resource.waiting_instances_ready["k8s-worker-additional-03"] (remote-exec):[0m [0m  Target Platform: unix
[0m[1mnull_resource.waiting_instances_ready["k8s-master-02"]: Provisioning with 'remote-exec'...[0m[0m
[0m[1mnull_resource.waiting_instances_ready["terraform-haproxy-01"]: Provisioning with 'remote-exec'...[0m[0m
[0m[1mnull_resource.waiting_instances_ready["k8s-master-02"] (remote-exec):[0m [0mConnecting to remote host via SSH...
[0m[1mnull_resource.waiting_instances_ready["k8s-master-02"] (remote-exec):[0m [0m  Host: 172.16.1.232
[0m[1mnull_resource.waiting_instances_ready["k8s-master-02"] (remote-exec):[0m [0m  User: locthp
[0m[1mnull_resource.waiting_instances_ready["k8s-master-02"] (remote-exec):[0m [0m  Password: false
[0m[1mnull_resource.waiting_instances_ready["k8s-master-02"] (remote-exec):[0m [0m  Private key: true
[0m[1mnull_resource.waiting_instances_ready["k8s-master-02"] (remote-exec):[0m [0m  Certificate: false
[0m[1mnull_resource.waiting_instances_ready["k8s-master-02"] (remote-exec):[0m [0m  SSH Agent: false
[0m[1mnull_resource.waiting_instances_ready["k8s-master-02"] (remote-exec):[0m [0m  Checking Host Key: false
[0m[1mnull_resource.waiting_instances_ready["k8s-master-02"] (remote-exec):[0m [0m  Target Platform: unix
[0m[1mnull_resource.waiting_instances_ready["k8s-master-01"]: Provisioning with 'remote-exec'...[0m[0m
[0m[1mnull_resource.waiting_instances_ready["k8s-master-01"] (remote-exec):[0m [0mConnecting to remote host via SSH...
[0m[1mnull_resource.waiting_instances_ready["k8s-master-01"] (remote-exec):[0m [0m  Host: 172.16.1.231
[0m[1mnull_resource.waiting_instances_ready["k8s-master-01"] (remote-exec):[0m [0m  User: locthp
[0m[1mnull_resource.waiting_instances_ready["k8s-master-01"] (remote-exec):[0m [0m  Password: false
[0m[1mnull_resource.waiting_instances_ready["k8s-master-01"] (remote-exec):[0m [0m  Private key: true
[0m[1mnull_resource.waiting_instances_ready["k8s-master-01"] (remote-exec):[0m [0m  Certificate: false
[0m[1mnull_resource.waiting_instances_ready["k8s-master-01"] (remote-exec):[0m [0m  SSH Agent: false
[0m[1mnull_resource.waiting_instances_ready["k8s-master-01"] (remote-exec):[0m [0m  Checking Host Key: false
[0m[1mnull_resource.waiting_instances_ready["k8s-master-01"] (remote-exec):[0m [0m  Target Platform: unix
[0m[1mnull_resource.waiting_instances_ready["k8s-worker-additional-02"]: Creating...[0m[0m
[0m[1mnull_resource.waiting_instances_ready["k8s-worker-02"]: Provisioning with 'remote-exec'...[0m[0m
[0m[1mnull_resource.waiting_instances_ready["terraform-haproxy-01"] (remote-exec):[0m [0mConnecting to remote host via SSH...
[0m[1mnull_resource.waiting_instances_ready["terraform-haproxy-01"] (remote-exec):[0m [0m  Host: 172.16.1.190
[0m[1mnull_resource.waiting_instances_ready["terraform-haproxy-01"] (remote-exec):[0m [0m  User: locthp
[0m[1mnull_resource.waiting_instances_ready["terraform-haproxy-01"] (remote-exec):[0m [0m  Password: false
[0m[1mnull_resource.waiting_instances_ready["terraform-haproxy-01"] (remote-exec):[0m [0m  Private key: true
[0m[1mnull_resource.waiting_instances_ready["terraform-haproxy-01"] (remote-exec):[0m [0m  Certificate: false
[0m[1mnull_resource.waiting_instances_ready["terraform-haproxy-01"] (remote-exec):[0m [0m  SSH Agent: false
[0m[1mnull_resource.waiting_instances_ready["terraform-haproxy-01"] (remote-exec):[0m [0m  Checking Host Key: false
[0m[1mnull_resource.waiting_instances_ready["terraform-haproxy-01"] (remote-exec):[0m [0m  Target Platform: unix
[0m[1mnull_resource.waiting_instances_ready["k8s-worker-02"] (remote-exec):[0m [0mConnecting to remote host via SSH...
[0m[1mnull_resource.waiting_instances_ready["k8s-worker-02"] (remote-exec):[0m [0m  Host: 172.16.1.235
[0m[1mnull_resource.waiting_instances_ready["k8s-worker-02"] (remote-exec):[0m [0m  User: locthp
[0m[1mnull_resource.waiting_instances_ready["k8s-worker-02"] (remote-exec):[0m [0m  Password: false
[0m[1mnull_resource.waiting_instances_ready["k8s-worker-02"] (remote-exec):[0m [0m  Private key: true
[0m[1mnull_resource.waiting_instances_ready["k8s-worker-02"] (remote-exec):[0m [0m  Certificate: false
[0m[1mnull_resource.waiting_instances_ready["k8s-worker-02"] (remote-exec):[0m [0m  SSH Agent: false
[0m[1mnull_resource.waiting_instances_ready["k8s-worker-02"] (remote-exec):[0m [0m  Checking Host Key: false
[0m[1mnull_resource.waiting_instances_ready["k8s-worker-02"] (remote-exec):[0m [0m  Target Platform: unix
[0m[1mnull_resource.waiting_instances_ready["external-bgp-router"]: Provisioning with 'remote-exec'...[0m[0m
[0m[1mnull_resource.waiting_instances_ready["k8s-worker-additional-02"]: Provisioning with 'remote-exec'...[0m[0m
[0m[1mnull_resource.waiting_instances_ready["external-bgp-router"] (remote-exec):[0m [0mConnecting to remote host via SSH...
[0m[1mnull_resource.waiting_instances_ready["external-bgp-router"] (remote-exec):[0m [0m  Host: 172.16.1.170
[0m[1mnull_resource.waiting_instances_ready["external-bgp-router"] (remote-exec):[0m [0m  User: locthp
[0m[1mnull_resource.waiting_instances_ready["external-bgp-router"] (remote-exec):[0m [0m  Password: false
[0m[1mnull_resource.waiting_instances_ready["external-bgp-router"] (remote-exec):[0m [0m  Private key: true
[0m[1mnull_resource.waiting_instances_ready["external-bgp-router"] (remote-exec):[0m [0m  Certificate: false
[0m[1mnull_resource.waiting_instances_ready["external-bgp-router"] (remote-exec):[0m [0m  SSH Agent: false
[0m[1mnull_resource.waiting_instances_ready["external-bgp-router"] (remote-exec):[0m [0m  Checking Host Key: false
[0m[1mnull_resource.waiting_instances_ready["external-bgp-router"] (remote-exec):[0m [0m  Target Platform: unix
[0m[1mnull_resource.waiting_instances_ready["k8s-worker-additional-02"] (remote-exec):[0m [0mConnecting to remote host via SSH...
[0m[1mnull_resource.waiting_instances_ready["k8s-worker-additional-02"] (remote-exec):[0m [0m  Host: 172.16.1.151
[0m[1mnull_resource.waiting_instances_ready["k8s-worker-additional-02"] (remote-exec):[0m [0m  User: locthp
[0m[1mnull_resource.waiting_instances_ready["k8s-worker-additional-02"] (remote-exec):[0m [0m  Password: false
[0m[1mnull_resource.waiting_instances_ready["k8s-worker-additional-02"] (remote-exec):[0m [0m  Private key: true
[0m[1mnull_resource.waiting_instances_ready["k8s-worker-additional-02"] (remote-exec):[0m [0m  Certificate: false
[0m[1mnull_resource.waiting_instances_ready["k8s-worker-additional-02"] (remote-exec):[0m [0m  SSH Agent: false
[0m[1mnull_resource.waiting_instances_ready["k8s-worker-additional-02"] (remote-exec):[0m [0m  Checking Host Key: false
[0m[1mnull_resource.waiting_instances_ready["k8s-worker-additional-02"] (remote-exec):[0m [0m  Target Platform: unix
[0m[1mnull_resource.waiting_instances_ready["k8s-worker-additional-06"] (remote-exec):[0m [0mConnected!
[0m[1mnull_resource.waiting_instances_ready["k8s-master-03"] (remote-exec):[0m [0mConnected!
[0m[1mnull_resource.waiting_instances_ready["k8s-worker-02"] (remote-exec):[0m [0mConnected!
[0m[1mnull_resource.waiting_instances_ready["k8s-worker-additional-04"] (remote-exec):[0m [0mConnected!
[0m[1mnull_resource.waiting_instances_ready["k8s-master-01"] (remote-exec):[0m [0mConnected!
[0m[1mnull_resource.waiting_instances_ready["terraform-haproxy-01"] (remote-exec):[0m [0mConnected!
[0m[1mnull_resource.waiting_instances_ready["k8s-worker-additional-02"] (remote-exec):[0m [0mConnected!
[0m[1mnull_resource.waiting_instances_ready["external-bgp-router"] (remote-exec):[0m [0mConnected!
[0m[1mnull_resource.waiting_instances_ready["k8s-worker-additional-03"] (remote-exec):[0m [0mConnected!
[0m[1mnull_resource.waiting_instances_ready["k8s-master-01"]: Creation complete after 1s [id=4099739865424532449][0m
[0m[1mnull_resource.waiting_instances_ready["k8s-worker-additional-06"]: Creation complete after 1s [id=1845699613750474821][0m
[0m[1mnull_resource.waiting_instances_ready["k8s-worker-03"]: Creating...[0m[0m
[0m[1mnull_resource.waiting_instances_ready["k8s-worker-03"]: Provisioning with 'remote-exec'...[0m[0m
[0m[1mnull_resource.waiting_instances_ready["k8s-worker-03"] (remote-exec):[0m [0mConnecting to remote host via SSH...
[0m[1mnull_resource.waiting_instances_ready["k8s-worker-03"] (remote-exec):[0m [0m  Host: 172.16.1.236
[0m[1mnull_resource.waiting_instances_ready["k8s-worker-03"] (remote-exec):[0m [0m  User: locthp
[0m[1mnull_resource.waiting_instances_ready["k8s-worker-03"] (remote-exec):[0m [0m  Password: false
[0m[1mnull_resource.waiting_instances_ready["k8s-worker-03"] (remote-exec):[0m [0m  Private key: true
[0m[1mnull_resource.waiting_instances_ready["k8s-worker-03"] (remote-exec):[0m [0m  Certificate: false
[0m[1mnull_resource.waiting_instances_ready["k8s-worker-03"] (remote-exec):[0m [0m  SSH Agent: false
[0m[1mnull_resource.waiting_instances_ready["k8s-worker-03"] (remote-exec):[0m [0m  Checking Host Key: false
[0m[1mnull_resource.waiting_instances_ready["k8s-worker-03"] (remote-exec):[0m [0m  Target Platform: unix
[0m[1mnull_resource.waiting_instances_ready["k8s-worker-additional-05"]: Creating...[0m[0m
[0m[1mnull_resource.waiting_instances_ready["k8s-worker-additional-05"]: Provisioning with 'remote-exec'...[0m[0m
[0m[1mnull_resource.waiting_instances_ready["k8s-worker-additional-05"] (remote-exec):[0m [0mConnecting to remote host via SSH...
[0m[1mnull_resource.waiting_instances_ready["k8s-worker-additional-05"] (remote-exec):[0m [0m  Host: 172.16.1.154
[0m[1mnull_resource.waiting_instances_ready["k8s-worker-additional-05"] (remote-exec):[0m [0m  User: locthp
[0m[1mnull_resource.waiting_instances_ready["k8s-worker-additional-05"] (remote-exec):[0m [0m  Password: false
[0m[1mnull_resource.waiting_instances_ready["k8s-worker-additional-05"] (remote-exec):[0m [0m  Private key: true
[0m[1mnull_resource.waiting_instances_ready["k8s-worker-additional-05"] (remote-exec):[0m [0m  Certificate: false
[0m[1mnull_resource.waiting_instances_ready["k8s-worker-additional-05"] (remote-exec):[0m [0m  SSH Agent: false
[0m[1mnull_resource.waiting_instances_ready["k8s-worker-additional-05"] (remote-exec):[0m [0m  Checking Host Key: false
[0m[1mnull_resource.waiting_instances_ready["k8s-worker-additional-05"] (remote-exec):[0m [0m  Target Platform: unix
[0m[1mnull_resource.waiting_instances_ready["k8s-master-03"]: Creation complete after 1s [id=1336127752539986881][0m
[0m[1mnull_resource.waiting_instances_ready["k8s-worker-02"]: Creation complete after 1s [id=1291988317734186281][0m
[0m[1mnull_resource.waiting_instances_ready["k8s-worker-01"]: Creating...[0m[0m
[0m[1mnull_resource.waiting_instances_ready["k8s-worker-01"]: Provisioning with 'remote-exec'...[0m[0m
[0m[1mnull_resource.waiting_instances_ready["k8s-worker-01"] (remote-exec):[0m [0mConnecting to remote host via SSH...
[0m[1mnull_resource.waiting_instances_ready["k8s-worker-01"] (remote-exec):[0m [0m  Host: 172.16.1.234
[0m[1mnull_resource.waiting_instances_ready["k8s-worker-01"] (remote-exec):[0m [0m  User: locthp
[0m[1mnull_resource.waiting_instances_ready["k8s-worker-01"] (remote-exec):[0m [0m  Password: false
[0m[1mnull_resource.waiting_instances_ready["k8s-worker-01"] (remote-exec):[0m [0m  Private key: true
[0m[1mnull_resource.waiting_instances_ready["k8s-worker-01"] (remote-exec):[0m [0m  Certificate: false
[0m[1mnull_resource.waiting_instances_ready["k8s-worker-01"] (remote-exec):[0m [0m  SSH Agent: false
[0m[1mnull_resource.waiting_instances_ready["k8s-worker-01"] (remote-exec):[0m [0m  Checking Host Key: false
[0m[1mnull_resource.waiting_instances_ready["k8s-worker-01"] (remote-exec):[0m [0m  Target Platform: unix
[0m[1mnull_resource.waiting_instances_ready["terraform-haproxy-02"]: Creating...[0m[0m
[0m[1mnull_resource.waiting_instances_ready["terraform-haproxy-02"]: Provisioning with 'remote-exec'...[0m[0m
[0m[1mnull_resource.waiting_instances_ready["terraform-haproxy-02"] (remote-exec):[0m [0mConnecting to remote host via SSH...
[0m[1mnull_resource.waiting_instances_ready["terraform-haproxy-02"] (remote-exec):[0m [0m  Host: 172.16.1.191
[0m[1mnull_resource.waiting_instances_ready["terraform-haproxy-02"] (remote-exec):[0m [0m  User: locthp
[0m[1mnull_resource.waiting_instances_ready["terraform-haproxy-02"] (remote-exec):[0m [0m  Password: false
[0m[1mnull_resource.waiting_instances_ready["terraform-haproxy-02"] (remote-exec):[0m [0m  Private key: true
[0m[1mnull_resource.waiting_instances_ready["terraform-haproxy-02"] (remote-exec):[0m [0m  Certificate: false
[0m[1mnull_resource.waiting_instances_ready["terraform-haproxy-02"] (remote-exec):[0m [0m  SSH Agent: false
[0m[1mnull_resource.waiting_instances_ready["terraform-haproxy-02"] (remote-exec):[0m [0m  Checking Host Key: false
[0m[1mnull_resource.waiting_instances_ready["terraform-haproxy-02"] (remote-exec):[0m [0m  Target Platform: unix
[0m[1mnull_resource.waiting_instances_ready["k8s-worker-additional-02"]: Creation complete after 1s [id=5304789712066232804][0m
[0m[1mnull_resource.waiting_instances_ready["k8s-worker-additional-01"]: Creating...[0m[0m
[0m[1mnull_resource.waiting_instances_ready["k8s-worker-additional-01"]: Provisioning with 'remote-exec'...[0m[0m
[0m[1mnull_resource.waiting_instances_ready["k8s-worker-additional-01"] (remote-exec):[0m [0mConnecting to remote host via SSH...
[0m[1mnull_resource.waiting_instances_ready["k8s-worker-additional-01"] (remote-exec):[0m [0m  Host: 172.16.1.150
[0m[1mnull_resource.waiting_instances_ready["k8s-worker-additional-01"] (remote-exec):[0m [0m  User: locthp
[0m[1mnull_resource.waiting_instances_ready["k8s-worker-additional-01"] (remote-exec):[0m [0m  Password: false
[0m[1mnull_resource.waiting_instances_ready["k8s-worker-additional-01"] (remote-exec):[0m [0m  Private key: true
[0m[1mnull_resource.waiting_instances_ready["k8s-worker-additional-01"] (remote-exec):[0m [0m  Certificate: false
[0m[1mnull_resource.waiting_instances_ready["k8s-worker-additional-01"] (remote-exec):[0m [0m  SSH Agent: false
[0m[1mnull_resource.waiting_instances_ready["k8s-worker-additional-01"] (remote-exec):[0m [0m  Checking Host Key: false
[0m[1mnull_resource.waiting_instances_ready["k8s-worker-additional-01"] (remote-exec):[0m [0m  Target Platform: unix
[0m[1mnull_resource.waiting_instances_ready["k8s-worker-03"] (remote-exec):[0m [0mConnected!
[0m[1mnull_resource.waiting_instances_ready["k8s-worker-additional-05"] (remote-exec):[0m [0mConnected!
[0m[1mnull_resource.waiting_instances_ready["terraform-haproxy-02"] (remote-exec):[0m [0mConnected!
[0m[1mnull_resource.waiting_instances_ready["k8s-worker-01"] (remote-exec):[0m [0mConnected!
[0m[1mnull_resource.waiting_instances_ready["k8s-worker-additional-01"] (remote-exec):[0m [0mConnected!
[0m[1mnull_resource.waiting_instances_ready["external-bgp-router"]: Creation complete after 2s [id=9107932186305177194][0m
[0m[1mnull_resource.waiting_instances_ready["k8s-worker-additional-03"]: Creation complete after 2s [id=874924410516794643][0m
[0m[1mnull_resource.waiting_instances_ready["terraform-haproxy-01"]: Creation complete after 2s [id=532732416267336375][0m
[0m[1mnull_resource.waiting_instances_ready["k8s-worker-additional-04"]: Creation complete after 2s [id=7786845172521392273][0m
[0m[1mnull_resource.waiting_instances_ready["terraform-haproxy-02"]: Creation complete after 2s [id=7800524492445099022][0m
[0m[1mnull_resource.waiting_instances_ready["k8s-worker-03"]: Creation complete after 2s [id=6291108017275834956][0m
[0m[1mnull_resource.waiting_instances_ready["k8s-worker-additional-05"]: Creation complete after 2s [id=3899488081455929161][0m
[0m[1mnull_resource.waiting_instances_ready["k8s-worker-additional-01"]: Creation complete after 2s [id=5748101968258375705][0m
[0m[1mnull_resource.waiting_instances_ready["k8s-worker-01"]: Creation complete after 2s [id=3569472010623888923][0m
[0m[1mnull_resource.waiting_instances_ready["k8s-master-02"]: Still creating... [10s elapsed][0m[0m
[0m[1mnull_resource.waiting_instances_ready["k8s-master-02"] (remote-exec):[0m [0mConnecting to remote host via SSH...
[0m[1mnull_resource.waiting_instances_ready["k8s-master-02"] (remote-exec):[0m [0m  Host: 172.16.1.232
[0m[1mnull_resource.waiting_instances_ready["k8s-master-02"] (remote-exec):[0m [0m  User: locthp
[0m[1mnull_resource.waiting_instances_ready["k8s-master-02"] (remote-exec):[0m [0m  Password: false
[0m[1mnull_resource.waiting_instances_ready["k8s-master-02"] (remote-exec):[0m [0m  Private key: true
[0m[1mnull_resource.waiting_instances_ready["k8s-master-02"] (remote-exec):[0m [0m  Certificate: false
[0m[1mnull_resource.waiting_instances_ready["k8s-master-02"] (remote-exec):[0m [0m  SSH Agent: false
[0m[1mnull_resource.waiting_instances_ready["k8s-master-02"] (remote-exec):[0m [0m  Checking Host Key: false
[0m[1mnull_resource.waiting_instances_ready["k8s-master-02"] (remote-exec):[0m [0m  Target Platform: unix
[0m[1mnull_resource.waiting_instances_ready["k8s-master-02"] (remote-exec):[0m [0mConnected!
[0m[1mnull_resource.waiting_instances_ready["k8s-master-02"]: Creation complete after 17s [id=5900802524786837400][0m
[0m[1mansible_host.hosts["k8s-master-03"]: Creating...[0m[0m
[0m[1mansible_host.hosts["k8s-worker-additional-02"]: Creating...[0m[0m
[0m[1mansible_host.hosts["k8s-worker-additional-05"]: Creating...[0m[0m
[0m[1mansible_host.hosts["k8s-worker-01"]: Creating...[0m[0m
[0m[1mansible_host.hosts["k8s-master-03"]: Creation complete after 0s [id=172.16.1.233][0m
[0m[1mansible_host.hosts["k8s-worker-additional-06"]: Creating...[0m[0m
[0m[1mansible_host.hosts["k8s-worker-02"]: Creating...[0m[0m
[0m[1mansible_host.hosts["k8s-worker-additional-01"]: Creating...[0m[0m
[0m[1mansible_host.hosts["k8s-master-01"]: Creating...[0m[0m
[0m[1mansible_host.hosts["k8s-master-02"]: Creating...[0m[0m
[0m[1mansible_host.hosts["terraform-haproxy-02"]: Creating...[0m[0m
[0m[1mansible_host.hosts["k8s-worker-additional-06"]: Creation complete after 0s [id=172.16.1.155][0m
[0m[1mansible_host.hosts["terraform-haproxy-01"]: Creating...[0m[0m
[0m[1mansible_host.hosts["terraform-haproxy-02"]: Creation complete after 0s [id=172.16.1.191][0m
[0m[1mansible_host.hosts["terraform-haproxy-01"]: Creation complete after 0s [id=172.16.1.190][0m
[0m[1mansible_host.hosts["k8s-worker-03"]: Creating...[0m[0m
[0m[1mansible_host.hosts["k8s-worker-03"]: Creation complete after 0s [id=172.16.1.236][0m
[0m[1mansible_host.hosts["external-bgp-router"]: Creating...[0m[0m
[0m[1mansible_host.hosts["k8s-worker-additional-03"]: Creating...[0m[0m
[0m[1mansible_host.hosts["k8s-master-02"]: Creation complete after 0s [id=172.16.1.232][0m
[0m[1mansible_host.hosts["k8s-worker-additional-04"]: Creating...[0m[0m
[0m[1mansible_host.hosts["k8s-worker-additional-01"]: Creation complete after 0s [id=172.16.1.150][0m
[0m[1mansible_host.hosts["k8s-worker-02"]: Creation complete after 0s [id=172.16.1.235][0m
[0m[1mansible_host.hosts["k8s-worker-additional-05"]: Creation complete after 0s [id=172.16.1.154][0m
[0m[1mansible_host.hosts["k8s-worker-01"]: Creation complete after 0s [id=172.16.1.234][0m
[0m[1mansible_host.hosts["k8s-worker-additional-02"]: Creation complete after 0s [id=172.16.1.151][0m
[0m[1mansible_host.hosts["k8s-master-01"]: Creation complete after 0s [id=172.16.1.231][0m
[0m[1mansible_host.hosts["k8s-worker-additional-04"]: Creation complete after 0s [id=172.16.1.153][0m
[0m[1mansible_host.hosts["external-bgp-router"]: Creation complete after 0s [id=172.16.1.170][0m
[0m[1mansible_host.hosts["k8s-worker-additional-03"]: Creation complete after 0s [id=172.16.1.152][0m
[0m[1mnull_resource.running-ansible: Creating...[0m[0m
[0m[1mnull_resource.running-ansible: Provisioning with 'local-exec'...[0m[0m
[0m[1mnull_resource.running-ansible (local-exec):[0m [0mExecuting: ["/bin/sh" "-c" "ansible-playbook -i inventory.yaml ../ansible/main.yaml"]
[0m[1mnull_resource.running-ansible (local-exec):[0m [0m[WARNING]: Invalid characters were found in group names but not replaced, use
[0m[1mnull_resource.running-ansible (local-exec):[0m [0m-vvvv to see details

[0m[1mnull_resource.running-ansible (local-exec):[0m [0mPLAY [127.0.0.1] ***************************************************************

[0m[1mnull_resource.running-ansible (local-exec):[0m [0mTASK [Gathering Facts] *********************************************************
[0m[1mnull_resource.running-ansible (local-exec):[0m [0mok: [127.0.0.1]

[0m[1mnull_resource.running-ansible (local-exec):[0m [0mTASK [Rescan SSH key] **********************************************************
[0m[1mnull_resource.running-ansible (local-exec):[0m [0mchanged: [127.0.0.1] => (item=172.16.1.170)
[0m[1mnull_resource.running-ansible (local-exec):[0m [0mchanged: [127.0.0.1] => (item=172.16.1.231)
[0m[1mnull_resource.running-ansible (local-exec):[0m [0mchanged: [127.0.0.1] => (item=172.16.1.232)
[0m[1mnull_resource.running-ansible (local-exec):[0m [0mchanged: [127.0.0.1] => (item=172.16.1.233)
[0m[1mnull_resource.running-ansible (local-exec):[0m [0mchanged: [127.0.0.1] => (item=172.16.1.234)
[0m[1mnull_resource.running-ansible (local-exec):[0m [0mchanged: [127.0.0.1] => (item=172.16.1.235)
[0m[1mnull_resource.running-ansible (local-exec):[0m [0mchanged: [127.0.0.1] => (item=172.16.1.236)
[0m[1mnull_resource.running-ansible (local-exec):[0m [0mchanged: [127.0.0.1] => (item=172.16.1.150)
[0m[1mnull_resource.running-ansible (local-exec):[0m [0mchanged: [127.0.0.1] => (item=172.16.1.151)
[0m[1mnull_resource.running-ansible (local-exec):[0m [0mchanged: [127.0.0.1] => (item=172.16.1.152)
[0m[1mnull_resource.running-ansible (local-exec):[0m [0mchanged: [127.0.0.1] => (item=172.16.1.153)
[0m[1mnull_resource.running-ansible (local-exec):[0m [0mchanged: [127.0.0.1] => (item=172.16.1.154)
[0m[1mnull_resource.running-ansible (local-exec):[0m [0mchanged: [127.0.0.1] => (item=172.16.1.155)
[0m[1mnull_resource.running-ansible (local-exec):[0m [0mchanged: [127.0.0.1] => (item=172.16.1.190)
[0m[1mnull_resource.running-ansible (local-exec):[0m [0mchanged: [127.0.0.1] => (item=172.16.1.191)

[0m[1mnull_resource.running-ansible (local-exec):[0m [0mPLAY [all] *********************************************************************

[0m[1mnull_resource.running-ansible (local-exec):[0m [0mTASK [Gathering Facts] *********************************************************
[0m[1mnull_resource.running-ansible (local-exec):[0m [0mok: [172.16.1.232]
[0m[1mnull_resource.running-ansible (local-exec):[0m [0mok: [172.16.1.170]
[0m[1mnull_resource.running-ansible (local-exec):[0m [0mok: [172.16.1.233]
[0m[1mnull_resource.running-ansible (local-exec):[0m [0mok: [172.16.1.234]
[0m[1mnull_resource.running-ansible (local-exec):[0m [0mok: [172.16.1.231]
[0m[1mnull_resource.running-ansible (local-exec):[0m [0mok: [172.16.1.235]
[0m[1mnull_resource.running-ansible (local-exec):[0m [0mok: [172.16.1.236]
[0m[1mnull_resource.running-ansible (local-exec):[0m [0mok: [172.16.1.150]
[0m[1mnull_resource.running-ansible (local-exec):[0m [0mok: [172.16.1.151]
[0m[1mnull_resource.running-ansible (local-exec):[0m [0mok: [172.16.1.152]
[0m[1mnull_resource.running-ansible (local-exec):[0m [0mok: [172.16.1.153]
[0m[1mnull_resource.running-ansible (local-exec):[0m [0mok: [172.16.1.154]
[0m[1mnull_resource.running-ansible (local-exec):[0m [0mok: [172.16.1.155]
[0m[1mnull_resource.running-ansible (local-exec):[0m [0mok: [172.16.1.191]
[0m[1mnull_resource.running-ansible (local-exec):[0m [0mok: [172.16.1.190]

[0m[1mnull_resource.running-ansible (local-exec):[0m [0mTASK [essential : Update the Ubuntu servers to be latest] **********************
[0m[1mnull_resource.running-ansible: Still creating... [10s elapsed][0m[0m
[0m[1mnull_resource.running-ansible: Still creating... [20s elapsed][0m[0m
[0m[1mnull_resource.running-ansible: Still creating... [30s elapsed][0m[0m
[0m[1mnull_resource.running-ansible: Still creating... [40s elapsed][0m[0m
[0m[1mnull_resource.running-ansible: Still creating... [50s elapsed][0m[0m
[0m[1mnull_resource.running-ansible: Still creating... [1m0s elapsed][0m[0m
[0m[1mnull_resource.running-ansible: Still creating... [1m10s elapsed][0m[0m
[0m[1mnull_resource.running-ansible: Still creating... [1m20s elapsed][0m[0m
[0m[1mnull_resource.running-ansible: Still creating... [1m30s elapsed][0m[0m
[0m[1mnull_resource.running-ansible: Still creating... [1m40s elapsed][0m[0m
[0m[1mnull_resource.running-ansible: Still creating... [1m50s elapsed][0m[0m
[0m[1mnull_resource.running-ansible: Still creating... [2m0s elapsed][0m[0m
[0m[1mnull_resource.running-ansible: Still creating... [2m10s elapsed][0m[0m
[0m[1mnull_resource.running-ansible (local-exec):[0m [0mASYNC POLL on 172.16.1.231: jid=j514498461582.1429 started=1 finished=0
[0m[1mnull_resource.running-ansible (local-exec):[0m [0mASYNC POLL on 172.16.1.232: jid=j722468579061.1397 started=1 finished=0
[0m[1mnull_resource.running-ansible (local-exec):[0m [0mASYNC POLL on 172.16.1.234: jid=j303242575420.1431 started=1 finished=0
[0m[1mnull_resource.running-ansible (local-exec):[0m [0mASYNC POLL on 172.16.1.233: jid=j528382271416.1427 started=1 finished=0
[0m[1mnull_resource.running-ansible (local-exec):[0m [0mASYNC POLL on 172.16.1.170: jid=j108220834925.1428 started=1 finished=0
[0m[1mnull_resource.running-ansible (local-exec):[0m [0mASYNC POLL on 172.16.1.231: jid=j514498461582.1429 started=1 finished=0
[0m[1mnull_resource.running-ansible (local-exec):[0m [0mASYNC POLL on 172.16.1.232: jid=j722468579061.1397 started=1 finished=0
[0m[1mnull_resource.running-ansible (local-exec):[0m [0mASYNC POLL on 172.16.1.234: jid=j303242575420.1431 started=1 finished=0
[0m[1mnull_resource.running-ansible (local-exec):[0m [0mASYNC POLL on 172.16.1.233: jid=j528382271416.1427 started=1 finished=0
[0m[1mnull_resource.running-ansible (local-exec):[0m [0mASYNC POLL on 172.16.1.170: jid=j108220834925.1428 started=1 finished=0
[0m[1mnull_resource.running-ansible (local-exec):[0m [0mASYNC POLL on 172.16.1.231: jid=j514498461582.1429 started=1 finished=0
[0m[1mnull_resource.running-ansible (local-exec):[0m [0mASYNC POLL on 172.16.1.232: jid=j722468579061.1397 started=1 finished=0
[0m[1mnull_resource.running-ansible (local-exec):[0m [0mASYNC POLL on 172.16.1.170: jid=j108220834925.1428 started=1 finished=0
[0m[1mnull_resource.running-ansible (local-exec):[0m [0mASYNC POLL on 172.16.1.234: jid=j303242575420.1431 started=1 finished=0
[0m[1mnull_resource.running-ansible (local-exec):[0m [0mASYNC POLL on 172.16.1.233: jid=j528382271416.1427 started=1 finished=0
[0m[1mnull_resource.running-ansible (local-exec):[0m [0mASYNC POLL on 172.16.1.231: jid=j514498461582.1429 started=1 finished=0
[0m[1mnull_resource.running-ansible (local-exec):[0m [0mASYNC POLL on 172.16.1.232: jid=j722468579061.1397 started=1 finished=0
[0m[1mnull_resource.running-ansible (local-exec):[0m [0mASYNC POLL on 172.16.1.170: jid=j108220834925.1428 started=1 finished=0
[0m[1mnull_resource.running-ansible (local-exec):[0m [0mASYNC POLL on 172.16.1.233: jid=j528382271416.1427 started=1 finished=0
[0m[1mnull_resource.running-ansible (local-exec):[0m [0mASYNC POLL on 172.16.1.234: jid=j303242575420.1431 started=1 finished=0
[0m[1mnull_resource.running-ansible (local-exec):[0m [0mASYNC POLL on 172.16.1.231: jid=j514498461582.1429 started=1 finished=0
[0m[1mnull_resource.running-ansible (local-exec):[0m [0mASYNC POLL on 172.16.1.232: jid=j722468579061.1397 started=1 finished=0
[0m[1mnull_resource.running-ansible (local-exec):[0m [0mASYNC POLL on 172.16.1.170: jid=j108220834925.1428 started=1 finished=0
[0m[1mnull_resource.running-ansible (local-exec):[0m [0mASYNC POLL on 172.16.1.233: jid=j528382271416.1427 started=1 finished=0
[0m[1mnull_resource.running-ansible (local-exec):[0m [0mASYNC POLL on 172.16.1.234: jid=j303242575420.1431 started=1 finished=0
[0m[1mnull_resource.running-ansible (local-exec):[0m [0mASYNC POLL on 172.16.1.231: jid=j514498461582.1429 started=1 finished=0
[0m[1mnull_resource.running-ansible (local-exec):[0m [0mASYNC POLL on 172.16.1.232: jid=j722468579061.1397 started=1 finished=0
[0m[1mnull_resource.running-ansible (local-exec):[0m [0mASYNC POLL on 172.16.1.233: jid=j528382271416.1427 started=1 finished=0
[0m[1mnull_resource.running-ansible (local-exec):[0m [0mASYNC POLL on 172.16.1.170: jid=j108220834925.1428 started=1 finished=0
[0m[1mnull_resource.running-ansible (local-exec):[0m [0mASYNC POLL on 172.16.1.234: jid=j303242575420.1431 started=1 finished=0
[0m[1mnull_resource.running-ansible (local-exec):[0m [0mASYNC POLL on 172.16.1.231: jid=j514498461582.1429 started=1 finished=0
[0m[1mnull_resource.running-ansible (local-exec):[0m [0mASYNC POLL on 172.16.1.232: jid=j722468579061.1397 started=1 finished=0
[0m[1mnull_resource.running-ansible (local-exec):[0m [0mASYNC POLL on 172.16.1.233: jid=j528382271416.1427 started=1 finished=0
[0m[1mnull_resource.running-ansible (local-exec):[0m [0mASYNC POLL on 172.16.1.170: jid=j108220834925.1428 started=1 finished=0
[0m[1mnull_resource.running-ansible (local-exec):[0m [0mASYNC POLL on 172.16.1.234: jid=j303242575420.1431 started=1 finished=0
[0m[1mnull_resource.running-ansible (local-exec):[0m [0mASYNC POLL on 172.16.1.231: jid=j514498461582.1429 started=1 finished=0
[0m[1mnull_resource.running-ansible (local-exec):[0m [0mASYNC POLL on 172.16.1.232: jid=j722468579061.1397 started=1 finished=0
[0m[1mnull_resource.running-ansible (local-exec):[0m [0mASYNC POLL on 172.16.1.233: jid=j528382271416.1427 started=1 finished=0
[0m[1mnull_resource.running-ansible (local-exec):[0m [0mASYNC POLL on 172.16.1.170: jid=j108220834925.1428 started=1 finished=0
[0m[1mnull_resource.running-ansible (local-exec):[0m [0mASYNC POLL on 172.16.1.234: jid=j303242575420.1431 started=1 finished=0
[0m[1mnull_resource.running-ansible (local-exec):[0m [0mASYNC POLL on 172.16.1.231: jid=j514498461582.1429 started=1 finished=0
[0m[1mnull_resource.running-ansible (local-exec):[0m [0mASYNC POLL on 172.16.1.232: jid=j722468579061.1397 started=1 finished=0
[0m[1mnull_resource.running-ansible (local-exec):[0m [0mASYNC POLL on 172.16.1.233: jid=j528382271416.1427 started=1 finished=0
[0m[1mnull_resource.running-ansible (local-exec):[0m [0mASYNC POLL on 172.16.1.170: jid=j108220834925.1428 started=1 finished=0
[0m[1mnull_resource.running-ansible (local-exec):[0m [0mASYNC POLL on 172.16.1.234: jid=j303242575420.1431 started=1 finished=0
[0m[1mnull_resource.running-ansible (local-exec):[0m [0mASYNC POLL on 172.16.1.231: jid=j514498461582.1429 started=1 finished=0
[0m[1mnull_resource.running-ansible (local-exec):[0m [0mASYNC POLL on 172.16.1.232: jid=j722468579061.1397 started=1 finished=0
[0m[1mnull_resource.running-ansible (local-exec):[0m [0mASYNC POLL on 172.16.1.233: jid=j528382271416.1427 started=1 finished=0
[0m[1mnull_resource.running-ansible (local-exec):[0m [0mASYNC POLL on 172.16.1.170: jid=j108220834925.1428 started=1 finished=0
[0m[1mnull_resource.running-ansible (local-exec):[0m [0mASYNC POLL on 172.16.1.234: jid=j303242575420.1431 started=1 finished=0
[0m[1mnull_resource.running-ansible (local-exec):[0m [0mASYNC POLL on 172.16.1.233: jid=j528382271416.1427 started=1 finished=0
[0m[1mnull_resource.running-ansible (local-exec):[0m [0mASYNC POLL on 172.16.1.232: jid=j722468579061.1397 started=1 finished=0
[0m[1mnull_resource.running-ansible (local-exec):[0m [0mASYNC POLL on 172.16.1.170: jid=j108220834925.1428 started=1 finished=0
[0m[1mnull_resource.running-ansible (local-exec):[0m [0mASYNC POLL on 172.16.1.234: jid=j303242575420.1431 started=1 finished=0
[0m[1mnull_resource.running-ansible (local-exec):[0m [0mASYNC POLL on 172.16.1.231: jid=j514498461582.1429 started=1 finished=0
[0m[1mnull_resource.running-ansible (local-exec):[0m [0mASYNC POLL on 172.16.1.233: jid=j528382271416.1427 started=1 finished=0
[0m[1mnull_resource.running-ansible (local-exec):[0m [0mASYNC POLL on 172.16.1.232: jid=j722468579061.1397 started=1 finished=0
[0m[1mnull_resource.running-ansible (local-exec):[0m [0mASYNC POLL on 172.16.1.170: jid=j108220834925.1428 started=1 finished=0
[0m[1mnull_resource.running-ansible (local-exec):[0m [0mASYNC POLL on 172.16.1.234: jid=j303242575420.1431 started=1 finished=0
[0m[1mnull_resource.running-ansible (local-exec):[0m [0mASYNC POLL on 172.16.1.231: jid=j514498461582.1429 started=1 finished=0
[0m[1mnull_resource.running-ansible (local-exec):[0m [0mASYNC POLL on 172.16.1.233: jid=j528382271416.1427 started=1 finished=0
[0m[1mnull_resource.running-ansible (local-exec):[0m [0mASYNC POLL on 172.16.1.170: jid=j108220834925.1428 started=1 finished=0
[0m[1mnull_resource.running-ansible (local-exec):[0m [0mASYNC POLL on 172.16.1.234: jid=j303242575420.1431 started=1 finished=0
[0m[1mnull_resource.running-ansible (local-exec):[0m [0mASYNC POLL on 172.16.1.232: jid=j722468579061.1397 started=1 finished=0
[0m[1mnull_resource.running-ansible (local-exec):[0m [0mASYNC POLL on 172.16.1.231: jid=j514498461582.1429 started=1 finished=0
[0m[1mnull_resource.running-ansible (local-exec):[0m [0mASYNC POLL on 172.16.1.233: jid=j528382271416.1427 started=1 finished=0
[0m[1mnull_resource.running-ansible (local-exec):[0m [0mASYNC POLL on 172.16.1.170: jid=j108220834925.1428 started=1 finished=0
[0m[1mnull_resource.running-ansible (local-exec):[0m [0mASYNC POLL on 172.16.1.234: jid=j303242575420.1431 started=1 finished=0
[0m[1mnull_resource.running-ansible (local-exec):[0m [0mASYNC POLL on 172.16.1.231: jid=j514498461582.1429 started=1 finished=0
[0m[1mnull_resource.running-ansible (local-exec):[0m [0mASYNC POLL on 172.16.1.232: jid=j722468579061.1397 started=1 finished=0
[0m[1mnull_resource.running-ansible (local-exec):[0m [0mASYNC POLL on 172.16.1.233: jid=j528382271416.1427 started=1 finished=0
[0m[1mnull_resource.running-ansible (local-exec):[0m [0mASYNC POLL on 172.16.1.170: jid=j108220834925.1428 started=1 finished=0
[0m[1mnull_resource.running-ansible (local-exec):[0m [0mASYNC POLL on 172.16.1.231: jid=j514498461582.1429 started=1 finished=0
[0m[1mnull_resource.running-ansible (local-exec):[0m [0mASYNC POLL on 172.16.1.234: jid=j303242575420.1431 started=1 finished=0
[0m[1mnull_resource.running-ansible (local-exec):[0m [0mASYNC POLL on 172.16.1.232: jid=j722468579061.1397 started=1 finished=0
[0m[1mnull_resource.running-ansible (local-exec):[0m [0mASYNC POLL on 172.16.1.233: jid=j528382271416.1427 started=1 finished=0
[0m[1mnull_resource.running-ansible (local-exec):[0m [0mASYNC POLL on 172.16.1.170: jid=j108220834925.1428 started=1 finished=0
[0m[1mnull_resource.running-ansible (local-exec):[0m [0mASYNC POLL on 172.16.1.231: jid=j514498461582.1429 started=1 finished=0
[0m[1mnull_resource.running-ansible (local-exec):[0m [0mASYNC POLL on 172.16.1.234: jid=j303242575420.1431 started=1 finished=0
[0m[1mnull_resource.running-ansible (local-exec):[0m [0mASYNC POLL on 172.16.1.232: jid=j722468579061.1397 started=1 finished=0
[0m[1mnull_resource.running-ansible (local-exec):[0m [0mASYNC POLL on 172.16.1.233: jid=j528382271416.1427 started=1 finished=0
[0m[1mnull_resource.running-ansible (local-exec):[0m [0mASYNC POLL on 172.16.1.231: jid=j514498461582.1429 started=1 finished=0
[0m[1mnull_resource.running-ansible (local-exec):[0m [0mASYNC POLL on 172.16.1.232: jid=j722468579061.1397 started=1 finished=0
[0m[1mnull_resource.running-ansible (local-exec):[0m [0mASYNC POLL on 172.16.1.234: jid=j303242575420.1431 started=1 finished=0
[0m[1mnull_resource.running-ansible (local-exec):[0m [0mASYNC POLL on 172.16.1.170: jid=j108220834925.1428 started=1 finished=0
[0m[1mnull_resource.running-ansible (local-exec):[0m [0mASYNC POLL on 172.16.1.233: jid=j528382271416.1427 started=1 finished=0
[0m[1mnull_resource.running-ansible (local-exec):[0m [0mASYNC POLL on 172.16.1.231: jid=j514498461582.1429 started=1 finished=0
[0m[1mnull_resource.running-ansible (local-exec):[0m [0mASYNC POLL on 172.16.1.232: jid=j722468579061.1397 started=1 finished=0
[0m[1mnull_resource.running-ansible (local-exec):[0m [0mASYNC POLL on 172.16.1.234: jid=j303242575420.1431 started=1 finished=0
[0m[1mnull_resource.running-ansible (local-exec):[0m [0mASYNC POLL on 172.16.1.170: jid=j108220834925.1428 started=1 finished=0
[0m[1mnull_resource.running-ansible (local-exec):[0m [0mASYNC POLL on 172.16.1.233: jid=j528382271416.1427 started=1 finished=0
[0m[1mnull_resource.running-ansible (local-exec):[0m [0mASYNC POLL on 172.16.1.231: jid=j514498461582.1429 started=1 finished=0
[0m[1mnull_resource.running-ansible (local-exec):[0m [0mASYNC POLL on 172.16.1.232: jid=j722468579061.1397 started=1 finished=0
[0m[1mnull_resource.running-ansible (local-exec):[0m [0mASYNC POLL on 172.16.1.234: jid=j303242575420.1431 started=1 finished=0
[0m[1mnull_resource.running-ansible (local-exec):[0m [0mASYNC POLL on 172.16.1.170: jid=j108220834925.1428 started=1 finished=0
[0m[1mnull_resource.running-ansible (local-exec):[0m [0mASYNC POLL on 172.16.1.233: jid=j528382271416.1427 started=1 finished=0
[0m[1mnull_resource.running-ansible (local-exec):[0m [0mASYNC POLL on 172.16.1.231: jid=j514498461582.1429 started=1 finished=0
[0m[1mnull_resource.running-ansible (local-exec):[0m [0mASYNC POLL on 172.16.1.232: jid=j722468579061.1397 started=1 finished=0
[0m[1mnull_resource.running-ansible (local-exec):[0m [0mASYNC POLL on 172.16.1.234: jid=j303242575420.1431 started=1 finished=0
[0m[1mnull_resource.running-ansible (local-exec):[0m [0mASYNC POLL on 172.16.1.170: jid=j108220834925.1428 started=1 finished=0
[0m[1mnull_resource.running-ansible (local-exec):[0m [0mASYNC POLL on 172.16.1.233: jid=j528382271416.1427 started=1 finished=0
[0m[1mnull_resource.running-ansible (local-exec):[0m [0mASYNC POLL on 172.16.1.231: jid=j514498461582.1429 started=1 finished=0
[0m[1mnull_resource.running-ansible (local-exec):[0m [0mASYNC POLL on 172.16.1.232: jid=j722468579061.1397 started=1 finished=0
[0m[1mnull_resource.running-ansible (local-exec):[0m [0mASYNC POLL on 172.16.1.234: jid=j303242575420.1431 started=1 finished=0
[0m[1mnull_resource.running-ansible (local-exec):[0m [0mASYNC POLL on 172.16.1.170: jid=j108220834925.1428 started=1 finished=0
[0m[1mnull_resource.running-ansible (local-exec):[0m [0mASYNC POLL on 172.16.1.233: jid=j528382271416.1427 started=1 finished=0
[0m[1mnull_resource.running-ansible (local-exec):[0m [0mASYNC POLL on 172.16.1.231: jid=j514498461582.1429 started=1 finished=0
[0m[1mnull_resource.running-ansible (local-exec):[0m [0mASYNC POLL on 172.16.1.232: jid=j722468579061.1397 started=1 finished=0
[0m[1mnull_resource.running-ansible (local-exec):[0m [0mASYNC POLL on 172.16.1.234: jid=j303242575420.1431 started=1 finished=0
[0m[1mnull_resource.running-ansible (local-exec):[0m [0mASYNC POLL on 172.16.1.170: jid=j108220834925.1428 started=1 finished=0
[0m[1mnull_resource.running-ansible (local-exec):[0m [0mASYNC POLL on 172.16.1.233: jid=j528382271416.1427 started=1 finished=0
[0m[1mnull_resource.running-ansible (local-exec):[0m [0mASYNC POLL on 172.16.1.231: jid=j514498461582.1429 started=1 finished=0
[0m[1mnull_resource.running-ansible (local-exec):[0m [0mASYNC POLL on 172.16.1.232: jid=j722468579061.1397 started=1 finished=0
[0m[1mnull_resource.running-ansible (local-exec):[0m [0mASYNC POLL on 172.16.1.234: jid=j303242575420.1431 started=1 finished=0
[0m[1mnull_resource.running-ansible (local-exec):[0m [0mASYNC POLL on 172.16.1.170: jid=j108220834925.1428 started=1 finished=0
[0m[1mnull_resource.running-ansible (local-exec):[0m [0mASYNC POLL on 172.16.1.233: jid=j528382271416.1427 started=1 finished=0
[0m[1mnull_resource.running-ansible (local-exec):[0m [0mASYNC OK on 172.16.1.231: jid=j514498461582.1429
[0m[1mnull_resource.running-ansible (local-exec):[0m [0mASYNC POLL on 172.16.1.234: jid=j303242575420.1431 started=1 finished=0
[0m[1mnull_resource.running-ansible (local-exec):[0m [0mchanged: [172.16.1.231]
[0m[1mnull_resource.running-ansible (local-exec):[0m [0mASYNC OK on 172.16.1.232: jid=j722468579061.1397
[0m[1mnull_resource.running-ansible: Still creating... [2m20s elapsed][0m[0m
[0m[1mnull_resource.running-ansible: Still creating... [2m30s elapsed][0m[0m
[0m[1mnull_resource.running-ansible: Still creating... [2m40s elapsed][0m[0m
[0m[1mnull_resource.running-ansible (local-exec):[0m [0mchanged: [172.16.1.232]
[0m[1mnull_resource.running-ansible (local-exec):[0m [0mASYNC POLL on 172.16.1.170: jid=j108220834925.1428 started=1 finished=0
[0m[1mnull_resource.running-ansible (local-exec):[0m [0mASYNC POLL on 172.16.1.233: jid=j528382271416.1427 started=1 finished=0
[0m[1mnull_resource.running-ansible (local-exec):[0m [0mASYNC POLL on 172.16.1.234: jid=j303242575420.1431 started=1 finished=0
[0m[1mnull_resource.running-ansible (local-exec):[0m [0mASYNC POLL on 172.16.1.170: jid=j108220834925.1428 started=1 finished=0
[0m[1mnull_resource.running-ansible (local-exec):[0m [0mASYNC POLL on 172.16.1.235: jid=j26256785046.1524 started=1 finished=0
[0m[1mnull_resource.running-ansible (local-exec):[0m [0mASYNC POLL on 172.16.1.236: jid=j36325967914.1510 started=1 finished=0
[0m[1mnull_resource.running-ansible (local-exec):[0m [0mASYNC POLL on 172.16.1.233: jid=j528382271416.1427 started=1 finished=0
[0m[1mnull_resource.running-ansible (local-exec):[0m [0mASYNC POLL on 172.16.1.234: jid=j303242575420.1431 started=1 finished=0
[0m[1mnull_resource.running-ansible (local-exec):[0m [0mASYNC POLL on 172.16.1.170: jid=j108220834925.1428 started=1 finished=0
[0m[1mnull_resource.running-ansible (local-exec):[0m [0mASYNC POLL on 172.16.1.235: jid=j26256785046.1524 started=1 finished=0
[0m[1mnull_resource.running-ansible (local-exec):[0m [0mASYNC POLL on 172.16.1.236: jid=j36325967914.1510 started=1 finished=0
[0m[1mnull_resource.running-ansible (local-exec):[0m [0mASYNC POLL on 172.16.1.233: jid=j528382271416.1427 started=1 finished=0
[0m[1mnull_resource.running-ansible (local-exec):[0m [0mASYNC POLL on 172.16.1.234: jid=j303242575420.1431 started=1 finished=0
[0m[1mnull_resource.running-ansible (local-exec):[0m [0mASYNC POLL on 172.16.1.170: jid=j108220834925.1428 started=1 finished=0
[0m[1mnull_resource.running-ansible (local-exec):[0m [0mASYNC POLL on 172.16.1.235: jid=j26256785046.1524 started=1 finished=0
[0m[1mnull_resource.running-ansible (local-exec):[0m [0mASYNC POLL on 172.16.1.236: jid=j36325967914.1510 started=1 finished=0
[0m[1mnull_resource.running-ansible (local-exec):[0m [0mASYNC POLL on 172.16.1.233: jid=j528382271416.1427 started=1 finished=0
[0m[1mnull_resource.running-ansible (local-exec):[0m [0mASYNC POLL on 172.16.1.234: jid=j303242575420.1431 started=1 finished=0
[0m[1mnull_resource.running-ansible (local-exec):[0m [0mASYNC POLL on 172.16.1.170: jid=j108220834925.1428 started=1 finished=0
[0m[1mnull_resource.running-ansible (local-exec):[0m [0mASYNC POLL on 172.16.1.235: jid=j26256785046.1524 started=1 finished=0
[0m[1mnull_resource.running-ansible (local-exec):[0m [0mASYNC POLL on 172.16.1.236: jid=j36325967914.1510 started=1 finished=0
[0m[1mnull_resource.running-ansible (local-exec):[0m [0mASYNC POLL on 172.16.1.233: jid=j528382271416.1427 started=1 finished=0
[0m[1mnull_resource.running-ansible (local-exec):[0m [0mASYNC POLL on 172.16.1.170: jid=j108220834925.1428 started=1 finished=0
[0m[1mnull_resource.running-ansible (local-exec):[0m [0mASYNC OK on 172.16.1.234: jid=j303242575420.1431
[0m[1mnull_resource.running-ansible (local-exec):[0m [0mchanged: [172.16.1.234]
[0m[1mnull_resource.running-ansible (local-exec):[0m [0mASYNC POLL on 172.16.1.235: jid=j26256785046.1524 started=1 finished=0
[0m[1mnull_resource.running-ansible (local-exec):[0m [0mASYNC POLL on 172.16.1.236: jid=j36325967914.1510 started=1 finished=0
[0m[1mnull_resource.running-ansible (local-exec):[0m [0mASYNC POLL on 172.16.1.233: jid=j528382271416.1427 started=1 finished=0
[0m[1mnull_resource.running-ansible (local-exec):[0m [0mASYNC OK on 172.16.1.170: jid=j108220834925.1428
[0m[1mnull_resource.running-ansible: Still creating... [2m50s elapsed][0m[0m
[0m[1mnull_resource.running-ansible: Still creating... [3m0s elapsed][0m[0m
[0m[1mnull_resource.running-ansible (local-exec):[0m [0mchanged: [172.16.1.170]
[0m[1mnull_resource.running-ansible (local-exec):[0m [0mASYNC POLL on 172.16.1.235: jid=j26256785046.1524 started=1 finished=0
[0m[1mnull_resource.running-ansible (local-exec):[0m [0mASYNC POLL on 172.16.1.236: jid=j36325967914.1510 started=1 finished=0
[0m[1mnull_resource.running-ansible (local-exec):[0m [0mASYNC POLL on 172.16.1.150: jid=j140230540157.1508 started=1 finished=0
[0m[1mnull_resource.running-ansible (local-exec):[0m [0mASYNC POLL on 172.16.1.233: jid=j528382271416.1427 started=1 finished=0
[0m[1mnull_resource.running-ansible (local-exec):[0m [0mASYNC POLL on 172.16.1.235: jid=j26256785046.1524 started=1 finished=0
[0m[1mnull_resource.running-ansible (local-exec):[0m [0mASYNC POLL on 172.16.1.236: jid=j36325967914.1510 started=1 finished=0
[0m[1mnull_resource.running-ansible (local-exec):[0m [0mASYNC POLL on 172.16.1.150: jid=j140230540157.1508 started=1 finished=0
[0m[1mnull_resource.running-ansible (local-exec):[0m [0mASYNC POLL on 172.16.1.151: jid=j945274779392.1512 started=1 finished=0
[0m[1mnull_resource.running-ansible (local-exec):[0m [0mASYNC POLL on 172.16.1.233: jid=j528382271416.1427 started=1 finished=0
[0m[1mnull_resource.running-ansible (local-exec):[0m [0mASYNC POLL on 172.16.1.235: jid=j26256785046.1524 started=1 finished=0
[0m[1mnull_resource.running-ansible (local-exec):[0m [0mASYNC POLL on 172.16.1.236: jid=j36325967914.1510 started=1 finished=0
[0m[1mnull_resource.running-ansible (local-exec):[0m [0mASYNC POLL on 172.16.1.150: jid=j140230540157.1508 started=1 finished=0
[0m[1mnull_resource.running-ansible (local-exec):[0m [0mASYNC POLL on 172.16.1.151: jid=j945274779392.1512 started=1 finished=0
[0m[1mnull_resource.running-ansible (local-exec):[0m [0mASYNC OK on 172.16.1.233: jid=j528382271416.1427
[0m[1mnull_resource.running-ansible: Still creating... [3m10s elapsed][0m[0m
[0m[1mnull_resource.running-ansible: Still creating... [3m20s elapsed][0m[0m
[0m[1mnull_resource.running-ansible: Still creating... [3m30s elapsed][0m[0m
[0m[1mnull_resource.running-ansible: Still creating... [3m40s elapsed][0m[0m
[0m[1mnull_resource.running-ansible: Still creating... [3m50s elapsed][0m[0m
[0m[1mnull_resource.running-ansible: Still creating... [4m0s elapsed][0m[0m
[0m[1mnull_resource.running-ansible: Still creating... [4m10s elapsed][0m[0m
[0m[1mnull_resource.running-ansible (local-exec):[0m [0mchanged: [172.16.1.233]
[0m[1mnull_resource.running-ansible (local-exec):[0m [0mASYNC POLL on 172.16.1.235: jid=j26256785046.1524 started=1 finished=0
[0m[1mnull_resource.running-ansible (local-exec):[0m [0mASYNC POLL on 172.16.1.236: jid=j36325967914.1510 started=1 finished=0
[0m[1mnull_resource.running-ansible (local-exec):[0m [0mASYNC POLL on 172.16.1.150: jid=j140230540157.1508 started=1 finished=0
[0m[1mnull_resource.running-ansible (local-exec):[0m [0mASYNC POLL on 172.16.1.151: jid=j945274779392.1512 started=1 finished=0
[0m[1mnull_resource.running-ansible (local-exec):[0m [0mASYNC POLL on 172.16.1.152: jid=j634312511922.1513 started=1 finished=0
[0m[1mnull_resource.running-ansible (local-exec):[0m [0mASYNC POLL on 172.16.1.235: jid=j26256785046.1524 started=1 finished=0
[0m[1mnull_resource.running-ansible (local-exec):[0m [0mASYNC POLL on 172.16.1.150: jid=j140230540157.1508 started=1 finished=0
[0m[1mnull_resource.running-ansible (local-exec):[0m [0mASYNC POLL on 172.16.1.151: jid=j945274779392.1512 started=1 finished=0
[0m[1mnull_resource.running-ansible (local-exec):[0m [0mASYNC POLL on 172.16.1.236: jid=j36325967914.1510 started=1 finished=0
[0m[1mnull_resource.running-ansible (local-exec):[0m [0mASYNC POLL on 172.16.1.152: jid=j634312511922.1513 started=1 finished=0
[0m[1mnull_resource.running-ansible (local-exec):[0m [0mASYNC POLL on 172.16.1.235: jid=j26256785046.1524 started=1 finished=0
[0m[1mnull_resource.running-ansible (local-exec):[0m [0mASYNC POLL on 172.16.1.150: jid=j140230540157.1508 started=1 finished=0
[0m[1mnull_resource.running-ansible (local-exec):[0m [0mASYNC POLL on 172.16.1.151: jid=j945274779392.1512 started=1 finished=0
[0m[1mnull_resource.running-ansible (local-exec):[0m [0mASYNC POLL on 172.16.1.236: jid=j36325967914.1510 started=1 finished=0
[0m[1mnull_resource.running-ansible (local-exec):[0m [0mASYNC POLL on 172.16.1.152: jid=j634312511922.1513 started=1 finished=0
[0m[1mnull_resource.running-ansible (local-exec):[0m [0mASYNC POLL on 172.16.1.235: jid=j26256785046.1524 started=1 finished=0
[0m[1mnull_resource.running-ansible (local-exec):[0m [0mASYNC POLL on 172.16.1.150: jid=j140230540157.1508 started=1 finished=0
[0m[1mnull_resource.running-ansible (local-exec):[0m [0mASYNC POLL on 172.16.1.151: jid=j945274779392.1512 started=1 finished=0
[0m[1mnull_resource.running-ansible (local-exec):[0m [0mASYNC POLL on 172.16.1.236: jid=j36325967914.1510 started=1 finished=0
[0m[1mnull_resource.running-ansible (local-exec):[0m [0mASYNC POLL on 172.16.1.152: jid=j634312511922.1513 started=1 finished=0
[0m[1mnull_resource.running-ansible (local-exec):[0m [0mASYNC POLL on 172.16.1.235: jid=j26256785046.1524 started=1 finished=0
[0m[1mnull_resource.running-ansible (local-exec):[0m [0mASYNC POLL on 172.16.1.150: jid=j140230540157.1508 started=1 finished=0
[0m[1mnull_resource.running-ansible (local-exec):[0m [0mASYNC POLL on 172.16.1.151: jid=j945274779392.1512 started=1 finished=0
[0m[1mnull_resource.running-ansible (local-exec):[0m [0mASYNC POLL on 172.16.1.236: jid=j36325967914.1510 started=1 finished=0
[0m[1mnull_resource.running-ansible (local-exec):[0m [0mASYNC POLL on 172.16.1.152: jid=j634312511922.1513 started=1 finished=0
[0m[1mnull_resource.running-ansible (local-exec):[0m [0mASYNC POLL on 172.16.1.235: jid=j26256785046.1524 started=1 finished=0
[0m[1mnull_resource.running-ansible (local-exec):[0m [0mASYNC POLL on 172.16.1.150: jid=j140230540157.1508 started=1 finished=0
[0m[1mnull_resource.running-ansible (local-exec):[0m [0mASYNC POLL on 172.16.1.151: jid=j945274779392.1512 started=1 finished=0
[0m[1mnull_resource.running-ansible (local-exec):[0m [0mASYNC POLL on 172.16.1.236: jid=j36325967914.1510 started=1 finished=0
[0m[1mnull_resource.running-ansible (local-exec):[0m [0mASYNC POLL on 172.16.1.152: jid=j634312511922.1513 started=1 finished=0
[0m[1mnull_resource.running-ansible (local-exec):[0m [0mASYNC POLL on 172.16.1.235: jid=j26256785046.1524 started=1 finished=0
[0m[1mnull_resource.running-ansible (local-exec):[0m [0mASYNC POLL on 172.16.1.150: jid=j140230540157.1508 started=1 finished=0
[0m[1mnull_resource.running-ansible (local-exec):[0m [0mASYNC POLL on 172.16.1.151: jid=j945274779392.1512 started=1 finished=0
[0m[1mnull_resource.running-ansible (local-exec):[0m [0mASYNC POLL on 172.16.1.236: jid=j36325967914.1510 started=1 finished=0
[0m[1mnull_resource.running-ansible (local-exec):[0m [0mASYNC POLL on 172.16.1.152: jid=j634312511922.1513 started=1 finished=0
[0m[1mnull_resource.running-ansible (local-exec):[0m [0mASYNC POLL on 172.16.1.235: jid=j26256785046.1524 started=1 finished=0
[0m[1mnull_resource.running-ansible (local-exec):[0m [0mASYNC POLL on 172.16.1.150: jid=j140230540157.1508 started=1 finished=0
[0m[1mnull_resource.running-ansible (local-exec):[0m [0mASYNC POLL on 172.16.1.151: jid=j945274779392.1512 started=1 finished=0
[0m[1mnull_resource.running-ansible (local-exec):[0m [0mASYNC POLL on 172.16.1.236: jid=j36325967914.1510 started=1 finished=0
[0m[1mnull_resource.running-ansible (local-exec):[0m [0mASYNC POLL on 172.16.1.152: jid=j634312511922.1513 started=1 finished=0
[0m[1mnull_resource.running-ansible (local-exec):[0m [0mASYNC POLL on 172.16.1.235: jid=j26256785046.1524 started=1 finished=0
[0m[1mnull_resource.running-ansible (local-exec):[0m [0mASYNC POLL on 172.16.1.150: jid=j140230540157.1508 started=1 finished=0
[0m[1mnull_resource.running-ansible (local-exec):[0m [0mASYNC POLL on 172.16.1.151: jid=j945274779392.1512 started=1 finished=0
[0m[1mnull_resource.running-ansible (local-exec):[0m [0mASYNC POLL on 172.16.1.236: jid=j36325967914.1510 started=1 finished=0
[0m[1mnull_resource.running-ansible (local-exec):[0m [0mASYNC POLL on 172.16.1.152: jid=j634312511922.1513 started=1 finished=0
[0m[1mnull_resource.running-ansible (local-exec):[0m [0mASYNC POLL on 172.16.1.235: jid=j26256785046.1524 started=1 finished=0
[0m[1mnull_resource.running-ansible (local-exec):[0m [0mASYNC POLL on 172.16.1.150: jid=j140230540157.1508 started=1 finished=0
[0m[1mnull_resource.running-ansible (local-exec):[0m [0mASYNC POLL on 172.16.1.151: jid=j945274779392.1512 started=1 finished=0
[0m[1mnull_resource.running-ansible (local-exec):[0m [0mASYNC POLL on 172.16.1.236: jid=j36325967914.1510 started=1 finished=0
[0m[1mnull_resource.running-ansible (local-exec):[0m [0mASYNC POLL on 172.16.1.152: jid=j634312511922.1513 started=1 finished=0
[0m[1mnull_resource.running-ansible (local-exec):[0m [0mASYNC POLL on 172.16.1.235: jid=j26256785046.1524 started=1 finished=0
[0m[1mnull_resource.running-ansible (local-exec):[0m [0mASYNC POLL on 172.16.1.150: jid=j140230540157.1508 started=1 finished=0
[0m[1mnull_resource.running-ansible (local-exec):[0m [0mASYNC POLL on 172.16.1.151: jid=j945274779392.1512 started=1 finished=0
[0m[1mnull_resource.running-ansible (local-exec):[0m [0mASYNC POLL on 172.16.1.236: jid=j36325967914.1510 started=1 finished=0
[0m[1mnull_resource.running-ansible (local-exec):[0m [0mASYNC POLL on 172.16.1.152: jid=j634312511922.1513 started=1 finished=0
[0m[1mnull_resource.running-ansible (local-exec):[0m [0mASYNC POLL on 172.16.1.235: jid=j26256785046.1524 started=1 finished=0
[0m[1mnull_resource.running-ansible (local-exec):[0m [0mASYNC POLL on 172.16.1.150: jid=j140230540157.1508 started=1 finished=0
[0m[1mnull_resource.running-ansible (local-exec):[0m [0mASYNC POLL on 172.16.1.151: jid=j945274779392.1512 started=1 finished=0
[0m[1mnull_resource.running-ansible (local-exec):[0m [0mASYNC POLL on 172.16.1.236: jid=j36325967914.1510 started=1 finished=0
[0m[1mnull_resource.running-ansible (local-exec):[0m [0mASYNC POLL on 172.16.1.152: jid=j634312511922.1513 started=1 finished=0
[0m[1mnull_resource.running-ansible (local-exec):[0m [0mASYNC POLL on 172.16.1.235: jid=j26256785046.1524 started=1 finished=0
[0m[1mnull_resource.running-ansible (local-exec):[0m [0mASYNC POLL on 172.16.1.150: jid=j140230540157.1508 started=1 finished=0
[0m[1mnull_resource.running-ansible (local-exec):[0m [0mASYNC POLL on 172.16.1.236: jid=j36325967914.1510 started=1 finished=0
[0m[1mnull_resource.running-ansible (local-exec):[0m [0mASYNC POLL on 172.16.1.151: jid=j945274779392.1512 started=1 finished=0
[0m[1mnull_resource.running-ansible (local-exec):[0m [0mASYNC POLL on 172.16.1.152: jid=j634312511922.1513 started=1 finished=0
[0m[1mnull_resource.running-ansible (local-exec):[0m [0mASYNC POLL on 172.16.1.235: jid=j26256785046.1524 started=1 finished=0
[0m[1mnull_resource.running-ansible (local-exec):[0m [0mASYNC POLL on 172.16.1.150: jid=j140230540157.1508 started=1 finished=0
[0m[1mnull_resource.running-ansible (local-exec):[0m [0mASYNC POLL on 172.16.1.236: jid=j36325967914.1510 started=1 finished=0
[0m[1mnull_resource.running-ansible (local-exec):[0m [0mASYNC POLL on 172.16.1.151: jid=j945274779392.1512 started=1 finished=0
[0m[1mnull_resource.running-ansible (local-exec):[0m [0mASYNC POLL on 172.16.1.152: jid=j634312511922.1513 started=1 finished=0
[0m[1mnull_resource.running-ansible (local-exec):[0m [0mASYNC OK on 172.16.1.235: jid=j26256785046.1524
[0m[1mnull_resource.running-ansible (local-exec):[0m [0mchanged: [172.16.1.235]
[0m[1mnull_resource.running-ansible (local-exec):[0m [0mASYNC POLL on 172.16.1.150: jid=j140230540157.1508 started=1 finished=0
[0m[1mnull_resource.running-ansible (local-exec):[0m [0mASYNC POLL on 172.16.1.151: jid=j945274779392.1512 started=1 finished=0
[0m[1mnull_resource.running-ansible (local-exec):[0m [0mASYNC OK on 172.16.1.236: jid=j36325967914.1510
[0m[1mnull_resource.running-ansible: Still creating... [4m20s elapsed][0m[0m
[0m[1mnull_resource.running-ansible: Still creating... [4m30s elapsed][0m[0m
[0m[1mnull_resource.running-ansible: Still creating... [4m40s elapsed][0m[0m
[0m[1mnull_resource.running-ansible: Still creating... [4m50s elapsed][0m[0m
[0m[1mnull_resource.running-ansible: Still creating... [5m0s elapsed][0m[0m
[0m[1mnull_resource.running-ansible: Still creating... [5m10s elapsed][0m[0m
[0m[1mnull_resource.running-ansible (local-exec):[0m [0mchanged: [172.16.1.236]
[0m[1mnull_resource.running-ansible (local-exec):[0m [0mASYNC POLL on 172.16.1.152: jid=j634312511922.1513 started=1 finished=0
[0m[1mnull_resource.running-ansible (local-exec):[0m [0mASYNC POLL on 172.16.1.150: jid=j140230540157.1508 started=1 finished=0
[0m[1mnull_resource.running-ansible (local-exec):[0m [0mASYNC POLL on 172.16.1.151: jid=j945274779392.1512 started=1 finished=0
[0m[1mnull_resource.running-ansible (local-exec):[0m [0mASYNC POLL on 172.16.1.153: jid=j408658975767.1509 started=1 finished=0
[0m[1mnull_resource.running-ansible (local-exec):[0m [0mASYNC POLL on 172.16.1.154: jid=j52263580536.1512 started=1 finished=0
[0m[1mnull_resource.running-ansible (local-exec):[0m [0mASYNC POLL on 172.16.1.152: jid=j634312511922.1513 started=1 finished=0
[0m[1mnull_resource.running-ansible (local-exec):[0m [0mASYNC POLL on 172.16.1.150: jid=j140230540157.1508 started=1 finished=0
[0m[1mnull_resource.running-ansible (local-exec):[0m [0mASYNC POLL on 172.16.1.151: jid=j945274779392.1512 started=1 finished=0
[0m[1mnull_resource.running-ansible (local-exec):[0m [0mASYNC POLL on 172.16.1.153: jid=j408658975767.1509 started=1 finished=0
[0m[1mnull_resource.running-ansible (local-exec):[0m [0mASYNC POLL on 172.16.1.154: jid=j52263580536.1512 started=1 finished=0
[0m[1mnull_resource.running-ansible (local-exec):[0m [0mASYNC POLL on 172.16.1.152: jid=j634312511922.1513 started=1 finished=0
[0m[1mnull_resource.running-ansible (local-exec):[0m [0mASYNC POLL on 172.16.1.150: jid=j140230540157.1508 started=1 finished=0
[0m[1mnull_resource.running-ansible (local-exec):[0m [0mASYNC POLL on 172.16.1.151: jid=j945274779392.1512 started=1 finished=0
[0m[1mnull_resource.running-ansible (local-exec):[0m [0mASYNC POLL on 172.16.1.153: jid=j408658975767.1509 started=1 finished=0
[0m[1mnull_resource.running-ansible (local-exec):[0m [0mASYNC POLL on 172.16.1.154: jid=j52263580536.1512 started=1 finished=0
[0m[1mnull_resource.running-ansible (local-exec):[0m [0mASYNC POLL on 172.16.1.152: jid=j634312511922.1513 started=1 finished=0
[0m[1mnull_resource.running-ansible (local-exec):[0m [0mASYNC POLL on 172.16.1.150: jid=j140230540157.1508 started=1 finished=0
[0m[1mnull_resource.running-ansible (local-exec):[0m [0mASYNC POLL on 172.16.1.151: jid=j945274779392.1512 started=1 finished=0
[0m[1mnull_resource.running-ansible (local-exec):[0m [0mASYNC POLL on 172.16.1.153: jid=j408658975767.1509 started=1 finished=0
[0m[1mnull_resource.running-ansible (local-exec):[0m [0mASYNC POLL on 172.16.1.154: jid=j52263580536.1512 started=1 finished=0
[0m[1mnull_resource.running-ansible (local-exec):[0m [0mASYNC POLL on 172.16.1.152: jid=j634312511922.1513 started=1 finished=0
[0m[1mnull_resource.running-ansible (local-exec):[0m [0mASYNC POLL on 172.16.1.150: jid=j140230540157.1508 started=1 finished=0
[0m[1mnull_resource.running-ansible (local-exec):[0m [0mASYNC POLL on 172.16.1.151: jid=j945274779392.1512 started=1 finished=0
[0m[1mnull_resource.running-ansible (local-exec):[0m [0mASYNC POLL on 172.16.1.153: jid=j408658975767.1509 started=1 finished=0
[0m[1mnull_resource.running-ansible (local-exec):[0m [0mASYNC POLL on 172.16.1.154: jid=j52263580536.1512 started=1 finished=0
[0m[1mnull_resource.running-ansible (local-exec):[0m [0mASYNC POLL on 172.16.1.152: jid=j634312511922.1513 started=1 finished=0
[0m[1mnull_resource.running-ansible (local-exec):[0m [0mASYNC POLL on 172.16.1.150: jid=j140230540157.1508 started=1 finished=0
[0m[1mnull_resource.running-ansible (local-exec):[0m [0mASYNC POLL on 172.16.1.151: jid=j945274779392.1512 started=1 finished=0
[0m[1mnull_resource.running-ansible (local-exec):[0m [0mASYNC POLL on 172.16.1.153: jid=j408658975767.1509 started=1 finished=0
[0m[1mnull_resource.running-ansible (local-exec):[0m [0mASYNC POLL on 172.16.1.154: jid=j52263580536.1512 started=1 finished=0
[0m[1mnull_resource.running-ansible (local-exec):[0m [0mASYNC POLL on 172.16.1.152: jid=j634312511922.1513 started=1 finished=0
[0m[1mnull_resource.running-ansible (local-exec):[0m [0mASYNC POLL on 172.16.1.150: jid=j140230540157.1508 started=1 finished=0
[0m[1mnull_resource.running-ansible (local-exec):[0m [0mASYNC POLL on 172.16.1.151: jid=j945274779392.1512 started=1 finished=0
[0m[1mnull_resource.running-ansible (local-exec):[0m [0mASYNC POLL on 172.16.1.153: jid=j408658975767.1509 started=1 finished=0
[0m[1mnull_resource.running-ansible (local-exec):[0m [0mASYNC POLL on 172.16.1.154: jid=j52263580536.1512 started=1 finished=0
[0m[1mnull_resource.running-ansible (local-exec):[0m [0mASYNC POLL on 172.16.1.152: jid=j634312511922.1513 started=1 finished=0
[0m[1mnull_resource.running-ansible (local-exec):[0m [0mASYNC POLL on 172.16.1.150: jid=j140230540157.1508 started=1 finished=0
[0m[1mnull_resource.running-ansible (local-exec):[0m [0mASYNC POLL on 172.16.1.151: jid=j945274779392.1512 started=1 finished=0
[0m[1mnull_resource.running-ansible (local-exec):[0m [0mASYNC POLL on 172.16.1.153: jid=j408658975767.1509 started=1 finished=0
[0m[1mnull_resource.running-ansible (local-exec):[0m [0mASYNC POLL on 172.16.1.154: jid=j52263580536.1512 started=1 finished=0
[0m[1mnull_resource.running-ansible (local-exec):[0m [0mASYNC POLL on 172.16.1.152: jid=j634312511922.1513 started=1 finished=0
[0m[1mnull_resource.running-ansible (local-exec):[0m [0mASYNC POLL on 172.16.1.150: jid=j140230540157.1508 started=1 finished=0
[0m[1mnull_resource.running-ansible (local-exec):[0m [0mASYNC POLL on 172.16.1.151: jid=j945274779392.1512 started=1 finished=0
[0m[1mnull_resource.running-ansible (local-exec):[0m [0mASYNC POLL on 172.16.1.153: jid=j408658975767.1509 started=1 finished=0
[0m[1mnull_resource.running-ansible (local-exec):[0m [0mASYNC POLL on 172.16.1.154: jid=j52263580536.1512 started=1 finished=0
[0m[1mnull_resource.running-ansible (local-exec):[0m [0mASYNC POLL on 172.16.1.152: jid=j634312511922.1513 started=1 finished=0
[0m[1mnull_resource.running-ansible (local-exec):[0m [0mASYNC POLL on 172.16.1.150: jid=j140230540157.1508 started=1 finished=0
[0m[1mnull_resource.running-ansible (local-exec):[0m [0mASYNC POLL on 172.16.1.151: jid=j945274779392.1512 started=1 finished=0
[0m[1mnull_resource.running-ansible (local-exec):[0m [0mASYNC POLL on 172.16.1.153: jid=j408658975767.1509 started=1 finished=0
[0m[1mnull_resource.running-ansible (local-exec):[0m [0mASYNC POLL on 172.16.1.154: jid=j52263580536.1512 started=1 finished=0
[0m[1mnull_resource.running-ansible (local-exec):[0m [0mASYNC OK on 172.16.1.152: jid=j634312511922.1513
[0m[1mnull_resource.running-ansible (local-exec):[0m [0mchanged: [172.16.1.152]
[0m[1mnull_resource.running-ansible (local-exec):[0m [0mASYNC POLL on 172.16.1.151: jid=j945274779392.1512 started=1 finished=0
[0m[1mnull_resource.running-ansible (local-exec):[0m [0mASYNC OK on 172.16.1.150: jid=j140230540157.1508
[0m[1mnull_resource.running-ansible: Still creating... [5m20s elapsed][0m[0m
[0m[1mnull_resource.running-ansible (local-exec):[0m [0mchanged: [172.16.1.150]
[0m[1mnull_resource.running-ansible (local-exec):[0m [0mASYNC POLL on 172.16.1.153: jid=j408658975767.1509 started=1 finished=0
[0m[1mnull_resource.running-ansible (local-exec):[0m [0mASYNC POLL on 172.16.1.154: jid=j52263580536.1512 started=1 finished=0
[0m[1mnull_resource.running-ansible (local-exec):[0m [0mASYNC OK on 172.16.1.151: jid=j945274779392.1512
[0m[1mnull_resource.running-ansible: Still creating... [5m30s elapsed][0m[0m
[0m[1mnull_resource.running-ansible: Still creating... [5m40s elapsed][0m[0m
[0m[1mnull_resource.running-ansible: Still creating... [5m50s elapsed][0m[0m
[0m[1mnull_resource.running-ansible: Still creating... [6m0s elapsed][0m[0m
[0m[1mnull_resource.running-ansible: Still creating... [6m10s elapsed][0m[0m
[0m[1mnull_resource.running-ansible: Still creating... [6m20s elapsed][0m[0m
[0m[1mnull_resource.running-ansible: Still creating... [6m30s elapsed][0m[0m
[0m[1mnull_resource.running-ansible: Still creating... [6m40s elapsed][0m[0m
[0m[1mnull_resource.running-ansible: Still creating... [6m50s elapsed][0m[0m
[0m[1mnull_resource.running-ansible: Still creating... [7m0s elapsed][0m[0m
[0m[1mnull_resource.running-ansible: Still creating... [7m10s elapsed][0m[0m
[0m[1mnull_resource.running-ansible: Still creating... [7m20s elapsed][0m[0m
[0m[1mnull_resource.running-ansible: Still creating... [7m30s elapsed][0m[0m
[0m[1mnull_resource.running-ansible: Still creating... [7m40s elapsed][0m[0m
[0m[1mnull_resource.running-ansible (local-exec):[0m [0mchanged: [172.16.1.151]
[0m[1mnull_resource.running-ansible (local-exec):[0m [0mASYNC POLL on 172.16.1.155: jid=j936255259508.1510 started=1 finished=0
[0m[1mnull_resource.running-ansible (local-exec):[0m [0mASYNC POLL on 172.16.1.153: jid=j408658975767.1509 started=1 finished=0
[0m[1mnull_resource.running-ansible (local-exec):[0m [0mASYNC POLL on 172.16.1.190: jid=j480285337993.1572 started=1 finished=0
[0m[1mnull_resource.running-ansible (local-exec):[0m [0mASYNC POLL on 172.16.1.154: jid=j52263580536.1512 started=1 finished=0
[0m[1mnull_resource.running-ansible (local-exec):[0m [0mASYNC POLL on 172.16.1.155: jid=j936255259508.1510 started=1 finished=0
[0m[1mnull_resource.running-ansible (local-exec):[0m [0mASYNC POLL on 172.16.1.153: jid=j408658975767.1509 started=1 finished=0
[0m[1mnull_resource.running-ansible (local-exec):[0m [0mASYNC POLL on 172.16.1.190: jid=j480285337993.1572 started=1 finished=0
[0m[1mnull_resource.running-ansible (local-exec):[0m [0mASYNC POLL on 172.16.1.154: jid=j52263580536.1512 started=1 finished=0
[0m[1mnull_resource.running-ansible (local-exec):[0m [0mASYNC POLL on 172.16.1.191: jid=j676449068356.1514 started=1 finished=0
[0m[1mnull_resource.running-ansible (local-exec):[0m [0mASYNC POLL on 172.16.1.155: jid=j936255259508.1510 started=1 finished=0
[0m[1mnull_resource.running-ansible (local-exec):[0m [0mASYNC POLL on 172.16.1.153: jid=j408658975767.1509 started=1 finished=0
[0m[1mnull_resource.running-ansible (local-exec):[0m [0mASYNC POLL on 172.16.1.190: jid=j480285337993.1572 started=1 finished=0
[0m[1mnull_resource.running-ansible (local-exec):[0m [0mASYNC POLL on 172.16.1.191: jid=j676449068356.1514 started=1 finished=0
[0m[1mnull_resource.running-ansible (local-exec):[0m [0mASYNC POLL on 172.16.1.154: jid=j52263580536.1512 started=1 finished=0
[0m[1mnull_resource.running-ansible (local-exec):[0m [0mASYNC POLL on 172.16.1.155: jid=j936255259508.1510 started=1 finished=0
[0m[1mnull_resource.running-ansible (local-exec):[0m [0mASYNC POLL on 172.16.1.153: jid=j408658975767.1509 started=1 finished=0
[0m[1mnull_resource.running-ansible (local-exec):[0m [0mASYNC POLL on 172.16.1.190: jid=j480285337993.1572 started=1 finished=0
[0m[1mnull_resource.running-ansible (local-exec):[0m [0mASYNC POLL on 172.16.1.191: jid=j676449068356.1514 started=1 finished=0
[0m[1mnull_resource.running-ansible (local-exec):[0m [0mASYNC POLL on 172.16.1.154: jid=j52263580536.1512 started=1 finished=0
[0m[1mnull_resource.running-ansible (local-exec):[0m [0mASYNC POLL on 172.16.1.155: jid=j936255259508.1510 started=1 finished=0
[0m[1mnull_resource.running-ansible (local-exec):[0m [0mASYNC POLL on 172.16.1.153: jid=j408658975767.1509 started=1 finished=0
[0m[1mnull_resource.running-ansible (local-exec):[0m [0mASYNC POLL on 172.16.1.190: jid=j480285337993.1572 started=1 finished=0
[0m[1mnull_resource.running-ansible (local-exec):[0m [0mASYNC POLL on 172.16.1.191: jid=j676449068356.1514 started=1 finished=0
[0m[1mnull_resource.running-ansible (local-exec):[0m [0mASYNC POLL on 172.16.1.154: jid=j52263580536.1512 started=1 finished=0
[0m[1mnull_resource.running-ansible (local-exec):[0m [0mASYNC POLL on 172.16.1.155: jid=j936255259508.1510 started=1 finished=0
[0m[1mnull_resource.running-ansible (local-exec):[0m [0mASYNC POLL on 172.16.1.153: jid=j408658975767.1509 started=1 finished=0
[0m[1mnull_resource.running-ansible (local-exec):[0m [0mASYNC POLL on 172.16.1.190: jid=j480285337993.1572 started=1 finished=0
[0m[1mnull_resource.running-ansible (local-exec):[0m [0mASYNC POLL on 172.16.1.191: jid=j676449068356.1514 started=1 finished=0
[0m[1mnull_resource.running-ansible (local-exec):[0m [0mASYNC POLL on 172.16.1.154: jid=j52263580536.1512 started=1 finished=0
[0m[1mnull_resource.running-ansible (local-exec):[0m [0mASYNC POLL on 172.16.1.155: jid=j936255259508.1510 started=1 finished=0
[0m[1mnull_resource.running-ansible (local-exec):[0m [0mASYNC POLL on 172.16.1.153: jid=j408658975767.1509 started=1 finished=0
[0m[1mnull_resource.running-ansible (local-exec):[0m [0mASYNC POLL on 172.16.1.190: jid=j480285337993.1572 started=1 finished=0
[0m[1mnull_resource.running-ansible (local-exec):[0m [0mASYNC POLL on 172.16.1.191: jid=j676449068356.1514 started=1 finished=0
[0m[1mnull_resource.running-ansible (local-exec):[0m [0mASYNC POLL on 172.16.1.154: jid=j52263580536.1512 started=1 finished=0
[0m[1mnull_resource.running-ansible (local-exec):[0m [0mASYNC POLL on 172.16.1.155: jid=j936255259508.1510 started=1 finished=0
[0m[1mnull_resource.running-ansible (local-exec):[0m [0mASYNC POLL on 172.16.1.153: jid=j408658975767.1509 started=1 finished=0
[0m[1mnull_resource.running-ansible (local-exec):[0m [0mASYNC POLL on 172.16.1.190: jid=j480285337993.1572 started=1 finished=0
[0m[1mnull_resource.running-ansible (local-exec):[0m [0mASYNC POLL on 172.16.1.191: jid=j676449068356.1514 started=1 finished=0
[0m[1mnull_resource.running-ansible (local-exec):[0m [0mASYNC POLL on 172.16.1.154: jid=j52263580536.1512 started=1 finished=0
[0m[1mnull_resource.running-ansible (local-exec):[0m [0mASYNC POLL on 172.16.1.155: jid=j936255259508.1510 started=1 finished=0
[0m[1mnull_resource.running-ansible (local-exec):[0m [0mASYNC OK on 172.16.1.153: jid=j408658975767.1509
[0m[1mnull_resource.running-ansible (local-exec):[0m [0mchanged: [172.16.1.153]
[0m[1mnull_resource.running-ansible (local-exec):[0m [0mASYNC POLL on 172.16.1.190: jid=j480285337993.1572 started=1 finished=0
[0m[1mnull_resource.running-ansible (local-exec):[0m [0mASYNC POLL on 172.16.1.191: jid=j676449068356.1514 started=1 finished=0
[0m[1mnull_resource.running-ansible (local-exec):[0m [0mASYNC POLL on 172.16.1.154: jid=j52263580536.1512 started=1 finished=0
[0m[1mnull_resource.running-ansible (local-exec):[0m [0mASYNC POLL on 172.16.1.155: jid=j936255259508.1510 started=1 finished=0
[0m[1mnull_resource.running-ansible (local-exec):[0m [0mASYNC POLL on 172.16.1.190: jid=j480285337993.1572 started=1 finished=0
[0m[1mnull_resource.running-ansible (local-exec):[0m [0mASYNC POLL on 172.16.1.191: jid=j676449068356.1514 started=1 finished=0
[0m[1mnull_resource.running-ansible (local-exec):[0m [0mASYNC OK on 172.16.1.154: jid=j52263580536.1512
[0m[1mnull_resource.running-ansible (local-exec):[0m [0mchanged: [172.16.1.154]
[0m[1mnull_resource.running-ansible (local-exec):[0m [0mASYNC POLL on 172.16.1.155: jid=j936255259508.1510 started=1 finished=0
[0m[1mnull_resource.running-ansible (local-exec):[0m [0mASYNC POLL on 172.16.1.191: jid=j676449068356.1514 started=1 finished=0
[0m[1mnull_resource.running-ansible (local-exec):[0m [0mASYNC POLL on 172.16.1.190: jid=j480285337993.1572 started=1 finished=0
[0m[1mnull_resource.running-ansible (local-exec):[0m [0mASYNC POLL on 172.16.1.155: jid=j936255259508.1510 started=1 finished=0
[0m[1mnull_resource.running-ansible (local-exec):[0m [0mASYNC POLL on 172.16.1.191: jid=j676449068356.1514 started=1 finished=0
[0m[1mnull_resource.running-ansible (local-exec):[0m [0mASYNC POLL on 172.16.1.190: jid=j480285337993.1572 started=1 finished=0
[0m[1mnull_resource.running-ansible (local-exec):[0m [0mASYNC POLL on 172.16.1.155: jid=j936255259508.1510 started=1 finished=0
[0m[1mnull_resource.running-ansible (local-exec):[0m [0mASYNC POLL on 172.16.1.191: jid=j676449068356.1514 started=1 finished=0
[0m[1mnull_resource.running-ansible (local-exec):[0m [0mASYNC POLL on 172.16.1.190: jid=j480285337993.1572 started=1 finished=0
[0m[1mnull_resource.running-ansible (local-exec):[0m [0mASYNC POLL on 172.16.1.155: jid=j936255259508.1510 started=1 finished=0
[0m[1mnull_resource.running-ansible (local-exec):[0m [0mASYNC POLL on 172.16.1.191: jid=j676449068356.1514 started=1 finished=0
[0m[1mnull_resource.running-ansible (local-exec):[0m [0mASYNC POLL on 172.16.1.190: jid=j480285337993.1572 started=1 finished=0
[0m[1mnull_resource.running-ansible (local-exec):[0m [0mASYNC POLL on 172.16.1.155: jid=j936255259508.1510 started=1 finished=0
[0m[1mnull_resource.running-ansible (local-exec):[0m [0mASYNC POLL on 172.16.1.191: jid=j676449068356.1514 started=1 finished=0
[0m[1mnull_resource.running-ansible (local-exec):[0m [0mASYNC POLL on 172.16.1.190: jid=j480285337993.1572 started=1 finished=0
[0m[1mnull_resource.running-ansible (local-exec):[0m [0mASYNC POLL on 172.16.1.155: jid=j936255259508.1510 started=1 finished=0
[0m[1mnull_resource.running-ansible (local-exec):[0m [0mASYNC POLL on 172.16.1.191: jid=j676449068356.1514 started=1 finished=0
[0m[1mnull_resource.running-ansible (local-exec):[0m [0mASYNC POLL on 172.16.1.190: jid=j480285337993.1572 started=1 finished=0
[0m[1mnull_resource.running-ansible (local-exec):[0m [0mASYNC POLL on 172.16.1.155: jid=j936255259508.1510 started=1 finished=0
[0m[1mnull_resource.running-ansible (local-exec):[0m [0mASYNC POLL on 172.16.1.190: jid=j480285337993.1572 started=1 finished=0
[0m[1mnull_resource.running-ansible (local-exec):[0m [0mASYNC POLL on 172.16.1.191: jid=j676449068356.1514 started=1 finished=0
[0m[1mnull_resource.running-ansible (local-exec):[0m [0mASYNC POLL on 172.16.1.155: jid=j936255259508.1510 started=1 finished=0
[0m[1mnull_resource.running-ansible (local-exec):[0m [0mASYNC POLL on 172.16.1.190: jid=j480285337993.1572 started=1 finished=0
[0m[1mnull_resource.running-ansible (local-exec):[0m [0mASYNC POLL on 172.16.1.191: jid=j676449068356.1514 started=1 finished=0
[0m[1mnull_resource.running-ansible (local-exec):[0m [0mASYNC POLL on 172.16.1.190: jid=j480285337993.1572 started=1 finished=0
[0m[1mnull_resource.running-ansible (local-exec):[0m [0mASYNC POLL on 172.16.1.191: jid=j676449068356.1514 started=1 finished=0
[0m[1mnull_resource.running-ansible (local-exec):[0m [0mASYNC POLL on 172.16.1.155: jid=j936255259508.1510 started=1 finished=0
[0m[1mnull_resource.running-ansible (local-exec):[0m [0mASYNC POLL on 172.16.1.190: jid=j480285337993.1572 started=1 finished=0
[0m[1mnull_resource.running-ansible (local-exec):[0m [0mASYNC POLL on 172.16.1.155: jid=j936255259508.1510 started=1 finished=0
[0m[1mnull_resource.running-ansible (local-exec):[0m [0mASYNC POLL on 172.16.1.191: jid=j676449068356.1514 started=1 finished=0
[0m[1mnull_resource.running-ansible (local-exec):[0m [0mASYNC POLL on 172.16.1.190: jid=j480285337993.1572 started=1 finished=0
[0m[1mnull_resource.running-ansible (local-exec):[0m [0mASYNC POLL on 172.16.1.155: jid=j936255259508.1510 started=1 finished=0
[0m[1mnull_resource.running-ansible (local-exec):[0m [0mASYNC POLL on 172.16.1.191: jid=j676449068356.1514 started=1 finished=0
[0m[1mnull_resource.running-ansible (local-exec):[0m [0mASYNC POLL on 172.16.1.190: jid=j480285337993.1572 started=1 finished=0
[0m[1mnull_resource.running-ansible (local-exec):[0m [0mASYNC POLL on 172.16.1.155: jid=j936255259508.1510 started=1 finished=0
[0m[1mnull_resource.running-ansible (local-exec):[0m [0mASYNC POLL on 172.16.1.191: jid=j676449068356.1514 started=1 finished=0
[0m[1mnull_resource.running-ansible (local-exec):[0m [0mASYNC POLL on 172.16.1.190: jid=j480285337993.1572 started=1 finished=0
[0m[1mnull_resource.running-ansible (local-exec):[0m [0mASYNC POLL on 172.16.1.155: jid=j936255259508.1510 started=1 finished=0
[0m[1mnull_resource.running-ansible (local-exec):[0m [0mASYNC POLL on 172.16.1.191: jid=j676449068356.1514 started=1 finished=0
[0m[1mnull_resource.running-ansible (local-exec):[0m [0mASYNC POLL on 172.16.1.190: jid=j480285337993.1572 started=1 finished=0
[0m[1mnull_resource.running-ansible (local-exec):[0m [0mASYNC POLL on 172.16.1.155: jid=j936255259508.1510 started=1 finished=0
[0m[1mnull_resource.running-ansible (local-exec):[0m [0mASYNC POLL on 172.16.1.191: jid=j676449068356.1514 started=1 finished=0
[0m[1mnull_resource.running-ansible (local-exec):[0m [0mASYNC POLL on 172.16.1.190: jid=j480285337993.1572 started=1 finished=0
[0m[1mnull_resource.running-ansible (local-exec):[0m [0mASYNC POLL on 172.16.1.155: jid=j936255259508.1510 started=1 finished=0
[0m[1mnull_resource.running-ansible (local-exec):[0m [0mASYNC POLL on 172.16.1.191: jid=j676449068356.1514 started=1 finished=0
[0m[1mnull_resource.running-ansible (local-exec):[0m [0mASYNC OK on 172.16.1.190: jid=j480285337993.1572
[0m[1mnull_resource.running-ansible (local-exec):[0m [0mchanged: [172.16.1.190]
[0m[1mnull_resource.running-ansible (local-exec):[0m [0mASYNC POLL on 172.16.1.155: jid=j936255259508.1510 started=1 finished=0
[0m[1mnull_resource.running-ansible (local-exec):[0m [0mASYNC POLL on 172.16.1.191: jid=j676449068356.1514 started=1 finished=0
[0m[1mnull_resource.running-ansible (local-exec):[0m [0mASYNC POLL on 172.16.1.155: jid=j936255259508.1510 started=1 finished=0
[0m[1mnull_resource.running-ansible (local-exec):[0m [0mASYNC POLL on 172.16.1.191: jid=j676449068356.1514 started=1 finished=0
[0m[1mnull_resource.running-ansible (local-exec):[0m [0mASYNC OK on 172.16.1.155: jid=j936255259508.1510
[0m[1mnull_resource.running-ansible (local-exec):[0m [0mchanged: [172.16.1.155]
[0m[1mnull_resource.running-ansible (local-exec):[0m [0mASYNC OK on 172.16.1.191: jid=j676449068356.1514
[0m[1mnull_resource.running-ansible (local-exec):[0m [0mchanged: [172.16.1.191]

[0m[1mnull_resource.running-ansible (local-exec):[0m [0mTASK [essential : Set Discord Message] *****************************************
[0m[1mnull_resource.running-ansible (local-exec):[0m [0mchanged: [172.16.1.170]
[0m[1mnull_resource.running-ansible (local-exec):[0m [0mchanged: [172.16.1.231]
[0m[1mnull_resource.running-ansible (local-exec):[0m [0mchanged: [172.16.1.232]
[0m[1mnull_resource.running-ansible (local-exec):[0m [0mchanged: [172.16.1.233]
[0m[1mnull_resource.running-ansible (local-exec):[0m [0mchanged: [172.16.1.234]
[0m[1mnull_resource.running-ansible (local-exec):[0m [0mchanged: [172.16.1.235]
[0m[1mnull_resource.running-ansible (local-exec):[0m [0mchanged: [172.16.1.236]
[0m[1mnull_resource.running-ansible (local-exec):[0m [0mchanged: [172.16.1.150]
[0m[1mnull_resource.running-ansible (local-exec):[0m [0mchanged: [172.16.1.151]
[0m[1mnull_resource.running-ansible (local-exec):[0m [0mchanged: [172.16.1.152]
[0m[1mnull_resource.running-ansible (local-exec):[0m [0mchanged: [172.16.1.153]
[0m[1mnull_resource.running-ansible (local-exec):[0m [0mchanged: [172.16.1.154]
[0m[1mnull_resource.running-ansible (local-exec):[0m [0mchanged: [172.16.1.155]
[0m[1mnull_resource.running-ansible (local-exec):[0m [0mchanged: [172.16.1.190]
[0m[1mnull_resource.running-ansible (local-exec):[0m [0mchanged: [172.16.1.191]

[0m[1mnull_resource.running-ansible (local-exec):[0m [0mTASK [essential : Flush Handlers after update] *********************************

[0m[1mnull_resource.running-ansible (local-exec):[0m [0mTASK [essential : Flush Handlers after update] *********************************

[0m[1mnull_resource.running-ansible (local-exec):[0m [0mTASK [essential : Flush Handlers after update] *********************************

[0m[1mnull_resource.running-ansible (local-exec):[0m [0mTASK [essential : Flush Handlers after update] *********************************

[0m[1mnull_resource.running-ansible (local-exec):[0m [0mTASK [essential : Flush Handlers after update] *********************************

[0m[1mnull_resource.running-ansible (local-exec):[0m [0mTASK [essential : Flush Handlers after update] *********************************

[0m[1mnull_resource.running-ansible (local-exec):[0m [0mTASK [essential : Flush Handlers after update] *********************************

[0m[1mnull_resource.running-ansible (local-exec):[0m [0mTASK [essential : Flush Handlers after update] *********************************

[0m[1mnull_resource.running-ansible (local-exec):[0m [0mTASK [essential : Flush Handlers after update] *********************************

[0m[1mnull_resource.running-ansible (local-exec):[0m [0mTASK [essential : Flush Handlers after update] *********************************

[0m[1mnull_resource.running-ansible (local-exec):[0m [0mTASK [essential : Flush Handlers after update] *********************************

[0m[1mnull_resource.running-ansible (local-exec):[0m [0mTASK [essential : Flush Handlers after update] *********************************

[0m[1mnull_resource.running-ansible (local-exec):[0m [0mTASK [essential : Flush Handlers after update] *********************************

[0m[1mnull_resource.running-ansible (local-exec):[0m [0mTASK [essential : Flush Handlers after update] *********************************

[0m[1mnull_resource.running-ansible (local-exec):[0m [0mTASK [essential : Flush Handlers after update] *********************************

[0m[1mnull_resource.running-ansible (local-exec):[0m [0mRUNNING HANDLER [common_handlers : Prepare content of message] *****************
[0m[1mnull_resource.running-ansible (local-exec):[0m [0mok: [172.16.1.170]
[0m[1mnull_resource.running-ansible (local-exec):[0m [0mok: [172.16.1.231]
[0m[1mnull_resource.running-ansible (local-exec):[0m [0mok: [172.16.1.232]
[0m[1mnull_resource.running-ansible (local-exec):[0m [0mok: [172.16.1.233]
[0m[1mnull_resource.running-ansible (local-exec):[0m [0mok: [172.16.1.235]
[0m[1mnull_resource.running-ansible (local-exec):[0m [0mok: [172.16.1.234]
[0m[1mnull_resource.running-ansible (local-exec):[0m [0mok: [172.16.1.236]
[0m[1mnull_resource.running-ansible (local-exec):[0m [0mok: [172.16.1.150]
[0m[1mnull_resource.running-ansible (local-exec):[0m [0mok: [172.16.1.151]
[0m[1mnull_resource.running-ansible (local-exec):[0m [0mok: [172.16.1.152]
[0m[1mnull_resource.running-ansible (local-exec):[0m [0mok: [172.16.1.153]
[0m[1mnull_resource.running-ansible (local-exec):[0m [0mok: [172.16.1.154]
[0m[1mnull_resource.running-ansible (local-exec):[0m [0mok: [172.16.1.155]
[0m[1mnull_resource.running-ansible (local-exec):[0m [0mok: [172.16.1.190]
[0m[1mnull_resource.running-ansible (local-exec):[0m [0mok: [172.16.1.191]

[0m[1mnull_resource.running-ansible (local-exec):[0m [0mRUNNING HANDLER [common_handlers : Set dashes] *********************************
[0m[1mnull_resource.running-ansible (local-exec):[0m [0mok: [172.16.1.170]
[0m[1mnull_resource.running-ansible (local-exec):[0m [0mok: [172.16.1.231]
[0m[1mnull_resource.running-ansible (local-exec):[0m [0mok: [172.16.1.232]
[0m[1mnull_resource.running-ansible (local-exec):[0m [0mok: [172.16.1.233]
[0m[1mnull_resource.running-ansible (local-exec):[0m [0mok: [172.16.1.234]
[0m[1mnull_resource.running-ansible (local-exec):[0m [0mok: [172.16.1.236]
[0m[1mnull_resource.running-ansible (local-exec):[0m [0mok: [172.16.1.235]
[0m[1mnull_resource.running-ansible (local-exec):[0m [0mok: [172.16.1.150]
[0m[1mnull_resource.running-ansible (local-exec):[0m [0mok: [172.16.1.151]
[0m[1mnull_resource.running-ansible (local-exec):[0m [0mok: [172.16.1.152]
[0m[1mnull_resource.running-ansible (local-exec):[0m [0mok: [172.16.1.153]
[0m[1mnull_resource.running-ansible (local-exec):[0m [0mok: [172.16.1.155]
[0m[1mnull_resource.running-ansible (local-exec):[0m [0mok: [172.16.1.154]
[0m[1mnull_resource.running-ansible (local-exec):[0m [0mok: [172.16.1.190]
[0m[1mnull_resource.running-ansible (local-exec):[0m [0mok: [172.16.1.191]

[0m[1mnull_resource.running-ansible (local-exec):[0m [0mRUNNING HANDLER [common_handlers : Add dashes] *********************************
[0m[1mnull_resource.running-ansible (local-exec):[0m [0mok: [172.16.1.170]
[0m[1mnull_resource.running-ansible (local-exec):[0m [0mok: [172.16.1.231]
[0m[1mnull_resource.running-ansible (local-exec):[0m [0mok: [172.16.1.232]
[0m[1mnull_resource.running-ansible (local-exec):[0m [0mok: [172.16.1.233]
[0m[1mnull_resource.running-ansible (local-exec):[0m [0mok: [172.16.1.235]
[0m[1mnull_resource.running-ansible (local-exec):[0m [0mok: [172.16.1.234]
[0m[1mnull_resource.running-ansible (local-exec):[0m [0mok: [172.16.1.236]
[0m[1mnull_resource.running-ansible (local-exec):[0m [0mok: [172.16.1.150]
[0m[1mnull_resource.running-ansible (local-exec):[0m [0mok: [172.16.1.151]
[0m[1mnull_resource.running-ansible (local-exec):[0m [0mok: [172.16.1.152]
[0m[1mnull_resource.running-ansible (local-exec):[0m [0mok: [172.16.1.153]
[0m[1mnull_resource.running-ansible (local-exec):[0m [0mok: [172.16.1.154]
[0m[1mnull_resource.running-ansible (local-exec):[0m [0mok: [172.16.1.155]
[0m[1mnull_resource.running-ansible (local-exec):[0m [0mok: [172.16.1.190]
[0m[1mnull_resource.running-ansible (local-exec):[0m [0mok: [172.16.1.191]

[0m[1mnull_resource.running-ansible (local-exec):[0m [0mRUNNING HANDLER [common_handlers : Send Discord message] ***********************
[0m[1mnull_resource.running-ansible (local-exec):[0m [0mok: [172.16.1.170]
[0m[1mnull_resource.running-ansible (local-exec):[0m [0mok: [172.16.1.234]
[0m[1mnull_resource.running-ansible (local-exec):[0m [0mok: [172.16.1.231]
[0m[1mnull_resource.running-ansible: Still creating... [7m50s elapsed][0m[0m
[0m[1mnull_resource.running-ansible (local-exec):[0m [0mok: [172.16.1.232]
[0m[1mnull_resource.running-ansible (local-exec):[0m [0mok: [172.16.1.233]
[0m[1mnull_resource.running-ansible (local-exec):[0m [0mok: [172.16.1.236]
[0m[1mnull_resource.running-ansible (local-exec):[0m [0mok: [172.16.1.235]
[0m[1mnull_resource.running-ansible (local-exec):[0m [0mok: [172.16.1.150]
[0m[1mnull_resource.running-ansible (local-exec):[0m [0mok: [172.16.1.151]
[0m[1mnull_resource.running-ansible (local-exec):[0m [0mok: [172.16.1.152]
[0m[1mnull_resource.running-ansible (local-exec):[0m [0mok: [172.16.1.155]
[0m[1mnull_resource.running-ansible (local-exec):[0m [0mFAILED - RETRYING: [172.16.1.153]: Send Discord message (10 retries left).
[0m[1mnull_resource.running-ansible (local-exec):[0m [0mok: [172.16.1.154]
[0m[1mnull_resource.running-ansible (local-exec):[0m [0mok: [172.16.1.190]
[0m[1mnull_resource.running-ansible (local-exec):[0m [0mok: [172.16.1.191]
[0m[1mnull_resource.running-ansible (local-exec):[0m [0mok: [172.16.1.153]

[0m[1mnull_resource.running-ansible (local-exec):[0m [0mTASK [haproxy : Install neccessary packages] ***********************************
[0m[1mnull_resource.running-ansible (local-exec):[0m [0mskipping: [172.16.1.170]
[0m[1mnull_resource.running-ansible: Still creating... [8m0s elapsed][0m[0m
[0m[1mnull_resource.running-ansible (local-exec):[0m [0mskipping: [172.16.1.231]
[0m[1mnull_resource.running-ansible (local-exec):[0m [0mskipping: [172.16.1.232]
[0m[1mnull_resource.running-ansible (local-exec):[0m [0mskipping: [172.16.1.233]
[0m[1mnull_resource.running-ansible (local-exec):[0m [0mskipping: [172.16.1.234]
[0m[1mnull_resource.running-ansible (local-exec):[0m [0mskipping: [172.16.1.235]
[0m[1mnull_resource.running-ansible (local-exec):[0m [0mskipping: [172.16.1.236]
[0m[1mnull_resource.running-ansible (local-exec):[0m [0mskipping: [172.16.1.150]
[0m[1mnull_resource.running-ansible (local-exec):[0m [0mskipping: [172.16.1.151]
[0m[1mnull_resource.running-ansible (local-exec):[0m [0mskipping: [172.16.1.152]
[0m[1mnull_resource.running-ansible (local-exec):[0m [0mskipping: [172.16.1.153]
[0m[1mnull_resource.running-ansible (local-exec):[0m [0mskipping: [172.16.1.154]
[0m[1mnull_resource.running-ansible (local-exec):[0m [0mskipping: [172.16.1.155]
[0m[1mnull_resource.running-ansible (local-exec):[0m [0mchanged: [172.16.1.190]
[0m[1mnull_resource.running-ansible (local-exec):[0m [0mchanged: [172.16.1.191]

[0m[1mnull_resource.running-ansible (local-exec):[0m [0mTASK [haproxy : Check if the default configuration exists] *********************
[0m[1mnull_resource.running-ansible (local-exec):[0m [0mskipping: [172.16.1.170]
[0m[1mnull_resource.running-ansible (local-exec):[0m [0mskipping: [172.16.1.231]
[0m[1mnull_resource.running-ansible (local-exec):[0m [0mskipping: [172.16.1.232]
[0m[1mnull_resource.running-ansible (local-exec):[0m [0mskipping: [172.16.1.233]
[0m[1mnull_resource.running-ansible (local-exec):[0m [0mskipping: [172.16.1.234]
[0m[1mnull_resource.running-ansible (local-exec):[0m [0mskipping: [172.16.1.235]
[0m[1mnull_resource.running-ansible (local-exec):[0m [0mskipping: [172.16.1.236]
[0m[1mnull_resource.running-ansible (local-exec):[0m [0mskipping: [172.16.1.150]
[0m[1mnull_resource.running-ansible (local-exec):[0m [0mskipping: [172.16.1.151]
[0m[1mnull_resource.running-ansible (local-exec):[0m [0mskipping: [172.16.1.152]
[0m[1mnull_resource.running-ansible (local-exec):[0m [0mskipping: [172.16.1.153]
[0m[1mnull_resource.running-ansible (local-exec):[0m [0mskipping: [172.16.1.154]
[0m[1mnull_resource.running-ansible (local-exec):[0m [0mskipping: [172.16.1.155]
[0m[1mnull_resource.running-ansible (local-exec):[0m [0mok: [172.16.1.190]
[0m[1mnull_resource.running-ansible (local-exec):[0m [0mok: [172.16.1.191]

[0m[1mnull_resource.running-ansible (local-exec):[0m [0mTASK [haproxy : Backup default configuration file] *****************************
[0m[1mnull_resource.running-ansible (local-exec):[0m [0mskipping: [172.16.1.170]
[0m[1mnull_resource.running-ansible (local-exec):[0m [0mskipping: [172.16.1.231]
[0m[1mnull_resource.running-ansible (local-exec):[0m [0mskipping: [172.16.1.232]
[0m[1mnull_resource.running-ansible (local-exec):[0m [0mskipping: [172.16.1.233]
[0m[1mnull_resource.running-ansible (local-exec):[0m [0mskipping: [172.16.1.234]
[0m[1mnull_resource.running-ansible (local-exec):[0m [0mskipping: [172.16.1.235]
[0m[1mnull_resource.running-ansible (local-exec):[0m [0mskipping: [172.16.1.236]
[0m[1mnull_resource.running-ansible (local-exec):[0m [0mskipping: [172.16.1.150]
[0m[1mnull_resource.running-ansible (local-exec):[0m [0mskipping: [172.16.1.151]
[0m[1mnull_resource.running-ansible (local-exec):[0m [0mskipping: [172.16.1.152]
[0m[1mnull_resource.running-ansible (local-exec):[0m [0mskipping: [172.16.1.153]
[0m[1mnull_resource.running-ansible (local-exec):[0m [0mskipping: [172.16.1.154]
[0m[1mnull_resource.running-ansible (local-exec):[0m [0mskipping: [172.16.1.155]
[0m[1mnull_resource.running-ansible (local-exec):[0m [0mchanged: [172.16.1.190]
[0m[1mnull_resource.running-ansible (local-exec):[0m [0mchanged: [172.16.1.191]

[0m[1mnull_resource.running-ansible (local-exec):[0m [0mTASK [haproxy : Load HAProxy configuration file to Servers] ********************
[0m[1mnull_resource.running-ansible (local-exec):[0m [0mskipping: [172.16.1.170]
[0m[1mnull_resource.running-ansible (local-exec):[0m [0mskipping: [172.16.1.231]
[0m[1mnull_resource.running-ansible (local-exec):[0m [0mskipping: [172.16.1.232]
[0m[1mnull_resource.running-ansible (local-exec):[0m [0mskipping: [172.16.1.233]
[0m[1mnull_resource.running-ansible (local-exec):[0m [0mskipping: [172.16.1.234]
[0m[1mnull_resource.running-ansible (local-exec):[0m [0mskipping: [172.16.1.235]
[0m[1mnull_resource.running-ansible (local-exec):[0m [0mskipping: [172.16.1.236]
[0m[1mnull_resource.running-ansible (local-exec):[0m [0mskipping: [172.16.1.150]
[0m[1mnull_resource.running-ansible (local-exec):[0m [0mskipping: [172.16.1.151]
[0m[1mnull_resource.running-ansible (local-exec):[0m [0mskipping: [172.16.1.152]
[0m[1mnull_resource.running-ansible (local-exec):[0m [0mskipping: [172.16.1.153]
[0m[1mnull_resource.running-ansible (local-exec):[0m [0mskipping: [172.16.1.154]
[0m[1mnull_resource.running-ansible: Still creating... [8m10s elapsed][0m[0m
[0m[1mnull_resource.running-ansible (local-exec):[0m [0mskipping: [172.16.1.155]
[0m[1mnull_resource.running-ansible (local-exec):[0m [0mchanged: [172.16.1.190]
[0m[1mnull_resource.running-ansible (local-exec):[0m [0mchanged: [172.16.1.191]

[0m[1mnull_resource.running-ansible (local-exec):[0m [0mTASK [haproxy : Load Keepalived configuration file to Servers] *****************
[0m[1mnull_resource.running-ansible (local-exec):[0m [0mskipping: [172.16.1.170]
[0m[1mnull_resource.running-ansible (local-exec):[0m [0mskipping: [172.16.1.231]
[0m[1mnull_resource.running-ansible (local-exec):[0m [0mskipping: [172.16.1.232]
[0m[1mnull_resource.running-ansible (local-exec):[0m [0mskipping: [172.16.1.233]
[0m[1mnull_resource.running-ansible (local-exec):[0m [0mskipping: [172.16.1.234]
[0m[1mnull_resource.running-ansible (local-exec):[0m [0mskipping: [172.16.1.235]
[0m[1mnull_resource.running-ansible (local-exec):[0m [0mskipping: [172.16.1.236]
[0m[1mnull_resource.running-ansible (local-exec):[0m [0mskipping: [172.16.1.150]
[0m[1mnull_resource.running-ansible (local-exec):[0m [0mskipping: [172.16.1.151]
[0m[1mnull_resource.running-ansible (local-exec):[0m [0mskipping: [172.16.1.152]
[0m[1mnull_resource.running-ansible (local-exec):[0m [0mskipping: [172.16.1.153]
[0m[1mnull_resource.running-ansible (local-exec):[0m [0mskipping: [172.16.1.154]
[0m[1mnull_resource.running-ansible (local-exec):[0m [0mskipping: [172.16.1.155]
[0m[1mnull_resource.running-ansible (local-exec):[0m [0mchanged: [172.16.1.190]
[0m[1mnull_resource.running-ansible (local-exec):[0m [0mchanged: [172.16.1.191]

[0m[1mnull_resource.running-ansible (local-exec):[0m [0mTASK [haproxy : Restart Keepalived for the new configuration to take effect] ***
[0m[1mnull_resource.running-ansible (local-exec):[0m [0mskipping: [172.16.1.170]
[0m[1mnull_resource.running-ansible (local-exec):[0m [0mskipping: [172.16.1.231]
[0m[1mnull_resource.running-ansible (local-exec):[0m [0mskipping: [172.16.1.232]
[0m[1mnull_resource.running-ansible (local-exec):[0m [0mskipping: [172.16.1.233]
[0m[1mnull_resource.running-ansible (local-exec):[0m [0mskipping: [172.16.1.234]
[0m[1mnull_resource.running-ansible (local-exec):[0m [0mskipping: [172.16.1.235]
[0m[1mnull_resource.running-ansible (local-exec):[0m [0mskipping: [172.16.1.236]
[0m[1mnull_resource.running-ansible (local-exec):[0m [0mskipping: [172.16.1.150]
[0m[1mnull_resource.running-ansible (local-exec):[0m [0mskipping: [172.16.1.151]
[0m[1mnull_resource.running-ansible (local-exec):[0m [0mskipping: [172.16.1.152]
[0m[1mnull_resource.running-ansible (local-exec):[0m [0mskipping: [172.16.1.153]
[0m[1mnull_resource.running-ansible (local-exec):[0m [0mskipping: [172.16.1.154]
[0m[1mnull_resource.running-ansible (local-exec):[0m [0mskipping: [172.16.1.155]
[0m[1mnull_resource.running-ansible (local-exec):[0m [0mchanged: [172.16.1.191]
[0m[1mnull_resource.running-ansible (local-exec):[0m [0mchanged: [172.16.1.190]

[0m[1mnull_resource.running-ansible (local-exec):[0m [0mTASK [haproxy : Restart HAproxy for the new configuration to take effect] ******
[0m[1mnull_resource.running-ansible (local-exec):[0m [0mskipping: [172.16.1.170]
[0m[1mnull_resource.running-ansible (local-exec):[0m [0mskipping: [172.16.1.231]
[0m[1mnull_resource.running-ansible (local-exec):[0m [0mskipping: [172.16.1.232]
[0m[1mnull_resource.running-ansible (local-exec):[0m [0mskipping: [172.16.1.233]
[0m[1mnull_resource.running-ansible (local-exec):[0m [0mskipping: [172.16.1.234]
[0m[1mnull_resource.running-ansible (local-exec):[0m [0mskipping: [172.16.1.235]
[0m[1mnull_resource.running-ansible (local-exec):[0m [0mskipping: [172.16.1.236]
[0m[1mnull_resource.running-ansible (local-exec):[0m [0mskipping: [172.16.1.150]
[0m[1mnull_resource.running-ansible (local-exec):[0m [0mskipping: [172.16.1.151]
[0m[1mnull_resource.running-ansible (local-exec):[0m [0mskipping: [172.16.1.152]
[0m[1mnull_resource.running-ansible (local-exec):[0m [0mskipping: [172.16.1.153]
[0m[1mnull_resource.running-ansible (local-exec):[0m [0mskipping: [172.16.1.154]
[0m[1mnull_resource.running-ansible (local-exec):[0m [0mskipping: [172.16.1.155]
[0m[1mnull_resource.running-ansible (local-exec):[0m [0mchanged: [172.16.1.190]
[0m[1mnull_resource.running-ansible (local-exec):[0m [0mchanged: [172.16.1.191]

[0m[1mnull_resource.running-ansible (local-exec):[0m [0mTASK [external-bgp-router/frr : Tweak sysctl params] ***************************
[0m[1mnull_resource.running-ansible (local-exec):[0m [0mskipping: [172.16.1.231]
[0m[1mnull_resource.running-ansible (local-exec):[0m [0mskipping: [172.16.1.232]
[0m[1mnull_resource.running-ansible (local-exec):[0m [0mskipping: [172.16.1.233]
[0m[1mnull_resource.running-ansible (local-exec):[0m [0mskipping: [172.16.1.234]
[0m[1mnull_resource.running-ansible (local-exec):[0m [0mskipping: [172.16.1.235]
[0m[1mnull_resource.running-ansible (local-exec):[0m [0mskipping: [172.16.1.236]
[0m[1mnull_resource.running-ansible (local-exec):[0m [0mskipping: [172.16.1.150]
[0m[1mnull_resource.running-ansible (local-exec):[0m [0mskipping: [172.16.1.151]
[0m[1mnull_resource.running-ansible (local-exec):[0m [0mskipping: [172.16.1.152]
[0m[1mnull_resource.running-ansible (local-exec):[0m [0mskipping: [172.16.1.153]
[0m[1mnull_resource.running-ansible (local-exec):[0m [0mskipping: [172.16.1.154]
[0m[1mnull_resource.running-ansible (local-exec):[0m [0mskipping: [172.16.1.155]
[0m[1mnull_resource.running-ansible (local-exec):[0m [0mskipping: [172.16.1.190]
[0m[1mnull_resource.running-ansible (local-exec):[0m [0mskipping: [172.16.1.191]
[0m[1mnull_resource.running-ansible (local-exec):[0m [0mchanged: [172.16.1.170]

[0m[1mnull_resource.running-ansible (local-exec):[0m [0mTASK [external-bgp-router/frr : Apply new teaks defined above] *****************
[0m[1mnull_resource.running-ansible (local-exec):[0m [0mskipping: [172.16.1.231]
[0m[1mnull_resource.running-ansible (local-exec):[0m [0mskipping: [172.16.1.232]
[0m[1mnull_resource.running-ansible (local-exec):[0m [0mskipping: [172.16.1.233]
[0m[1mnull_resource.running-ansible (local-exec):[0m [0mskipping: [172.16.1.234]
[0m[1mnull_resource.running-ansible (local-exec):[0m [0mskipping: [172.16.1.235]
[0m[1mnull_resource.running-ansible (local-exec):[0m [0mskipping: [172.16.1.236]
[0m[1mnull_resource.running-ansible (local-exec):[0m [0mskipping: [172.16.1.150]
[0m[1mnull_resource.running-ansible (local-exec):[0m [0mskipping: [172.16.1.151]
[0m[1mnull_resource.running-ansible (local-exec):[0m [0mskipping: [172.16.1.152]
[0m[1mnull_resource.running-ansible (local-exec):[0m [0mskipping: [172.16.1.153]
[0m[1mnull_resource.running-ansible (local-exec):[0m [0mskipping: [172.16.1.154]
[0m[1mnull_resource.running-ansible (local-exec):[0m [0mskipping: [172.16.1.155]
[0m[1mnull_resource.running-ansible (local-exec):[0m [0mskipping: [172.16.1.190]
[0m[1mnull_resource.running-ansible (local-exec):[0m [0mchanged: [172.16.1.170]
[0m[1mnull_resource.running-ansible (local-exec):[0m [0mskipping: [172.16.1.191]

[0m[1mnull_resource.running-ansible (local-exec):[0m [0mTASK [external-bgp-router/frr : Check whether FRR already existed or not] ******
[0m[1mnull_resource.running-ansible (local-exec):[0m [0mskipping: [172.16.1.231]
[0m[1mnull_resource.running-ansible (local-exec):[0m [0mskipping: [172.16.1.232]
[0m[1mnull_resource.running-ansible (local-exec):[0m [0mskipping: [172.16.1.233]
[0m[1mnull_resource.running-ansible (local-exec):[0m [0mskipping: [172.16.1.234]
[0m[1mnull_resource.running-ansible (local-exec):[0m [0mskipping: [172.16.1.235]
[0m[1mnull_resource.running-ansible (local-exec):[0m [0mskipping: [172.16.1.236]
[0m[1mnull_resource.running-ansible (local-exec):[0m [0mskipping: [172.16.1.150]
[0m[1mnull_resource.running-ansible (local-exec):[0m [0mskipping: [172.16.1.151]
[0m[1mnull_resource.running-ansible (local-exec):[0m [0mskipping: [172.16.1.152]
[0m[1mnull_resource.running-ansible (local-exec):[0m [0mskipping: [172.16.1.153]
[0m[1mnull_resource.running-ansible (local-exec):[0m [0mskipping: [172.16.1.154]
[0m[1mnull_resource.running-ansible (local-exec):[0m [0mskipping: [172.16.1.155]
[0m[1mnull_resource.running-ansible (local-exec):[0m [0mskipping: [172.16.1.190]
[0m[1mnull_resource.running-ansible (local-exec):[0m [0mskipping: [172.16.1.191]
[0m[1mnull_resource.running-ansible (local-exec):[0m [0mok: [172.16.1.170]

[0m[1mnull_resource.running-ansible (local-exec):[0m [0mTASK [external-bgp-router/frr : Download FRR Key] ******************************
[0m[1mnull_resource.running-ansible (local-exec):[0m [0mskipping: [172.16.1.231]
[0m[1mnull_resource.running-ansible (local-exec):[0m [0mskipping: [172.16.1.232]
[0m[1mnull_resource.running-ansible (local-exec):[0m [0mskipping: [172.16.1.233]
[0m[1mnull_resource.running-ansible (local-exec):[0m [0mskipping: [172.16.1.234]
[0m[1mnull_resource.running-ansible (local-exec):[0m [0mskipping: [172.16.1.235]
[0m[1mnull_resource.running-ansible (local-exec):[0m [0mskipping: [172.16.1.236]
[0m[1mnull_resource.running-ansible (local-exec):[0m [0mskipping: [172.16.1.150]
[0m[1mnull_resource.running-ansible (local-exec):[0m [0mskipping: [172.16.1.151]
[0m[1mnull_resource.running-ansible (local-exec):[0m [0mskipping: [172.16.1.152]
[0m[1mnull_resource.running-ansible (local-exec):[0m [0mskipping: [172.16.1.153]
[0m[1mnull_resource.running-ansible (local-exec):[0m [0mskipping: [172.16.1.154]
[0m[1mnull_resource.running-ansible (local-exec):[0m [0mskipping: [172.16.1.155]
[0m[1mnull_resource.running-ansible (local-exec):[0m [0mskipping: [172.16.1.190]
[0m[1mnull_resource.running-ansible (local-exec):[0m [0mskipping: [172.16.1.191]
[0m[1mnull_resource.running-ansible (local-exec):[0m [0mchanged: [172.16.1.170]

[0m[1mnull_resource.running-ansible (local-exec):[0m [0mTASK [external-bgp-router/frr : Add FRR repository] ****************************
[0m[1mnull_resource.running-ansible (local-exec):[0m [0mskipping: [172.16.1.231]
[0m[1mnull_resource.running-ansible (local-exec):[0m [0mskipping: [172.16.1.232]
[0m[1mnull_resource.running-ansible (local-exec):[0m [0mskipping: [172.16.1.233]
[0m[1mnull_resource.running-ansible (local-exec):[0m [0mskipping: [172.16.1.234]
[0m[1mnull_resource.running-ansible (local-exec):[0m [0mskipping: [172.16.1.235]
[0m[1mnull_resource.running-ansible (local-exec):[0m [0mskipping: [172.16.1.236]
[0m[1mnull_resource.running-ansible (local-exec):[0m [0mskipping: [172.16.1.150]
[0m[1mnull_resource.running-ansible (local-exec):[0m [0mskipping: [172.16.1.151]
[0m[1mnull_resource.running-ansible (local-exec):[0m [0mskipping: [172.16.1.152]
[0m[1mnull_resource.running-ansible (local-exec):[0m [0mskipping: [172.16.1.153]
[0m[1mnull_resource.running-ansible (local-exec):[0m [0mskipping: [172.16.1.154]
[0m[1mnull_resource.running-ansible (local-exec):[0m [0mskipping: [172.16.1.155]
[0m[1mnull_resource.running-ansible (local-exec):[0m [0mskipping: [172.16.1.191]
[0m[1mnull_resource.running-ansible (local-exec):[0m [0mskipping: [172.16.1.190]
[0m[1mnull_resource.running-ansible (local-exec):[0m [0mchanged: [172.16.1.170]

[0m[1mnull_resource.running-ansible (local-exec):[0m [0mTASK [external-bgp-router/frr : Install FRR packages] **************************
[0m[1mnull_resource.running-ansible (local-exec):[0m [0mskipping: [172.16.1.231]
[0m[1mnull_resource.running-ansible (local-exec):[0m [0mskipping: [172.16.1.232]
[0m[1mnull_resource.running-ansible (local-exec):[0m [0mskipping: [172.16.1.233]
[0m[1mnull_resource.running-ansible (local-exec):[0m [0mskipping: [172.16.1.234]
[0m[1mnull_resource.running-ansible (local-exec):[0m [0mskipping: [172.16.1.235]
[0m[1mnull_resource.running-ansible (local-exec):[0m [0mskipping: [172.16.1.236]
[0m[1mnull_resource.running-ansible (local-exec):[0m [0mskipping: [172.16.1.150]
[0m[1mnull_resource.running-ansible (local-exec):[0m [0mskipping: [172.16.1.151]
[0m[1mnull_resource.running-ansible (local-exec):[0m [0mskipping: [172.16.1.152]
[0m[1mnull_resource.running-ansible (local-exec):[0m [0mskipping: [172.16.1.153]
[0m[1mnull_resource.running-ansible: Still creating... [8m20s elapsed][0m[0m
[0m[1mnull_resource.running-ansible (local-exec):[0m [0mskipping: [172.16.1.154]
[0m[1mnull_resource.running-ansible (local-exec):[0m [0mskipping: [172.16.1.155]
[0m[1mnull_resource.running-ansible (local-exec):[0m [0mskipping: [172.16.1.190]
[0m[1mnull_resource.running-ansible (local-exec):[0m [0mskipping: [172.16.1.191]
[0m[1mnull_resource.running-ansible (local-exec):[0m [0mchanged: [172.16.1.170]

[0m[1mnull_resource.running-ansible (local-exec):[0m [0mTASK [external-bgp-router/frr : Check if the default configuration exists] *****
[0m[1mnull_resource.running-ansible (local-exec):[0m [0mskipping: [172.16.1.231]
[0m[1mnull_resource.running-ansible (local-exec):[0m [0mskipping: [172.16.1.232]
[0m[1mnull_resource.running-ansible (local-exec):[0m [0mskipping: [172.16.1.233]
[0m[1mnull_resource.running-ansible (local-exec):[0m [0mskipping: [172.16.1.234]
[0m[1mnull_resource.running-ansible (local-exec):[0m [0mskipping: [172.16.1.235]
[0m[1mnull_resource.running-ansible (local-exec):[0m [0mskipping: [172.16.1.236]
[0m[1mnull_resource.running-ansible (local-exec):[0m [0mskipping: [172.16.1.150]
[0m[1mnull_resource.running-ansible (local-exec):[0m [0mskipping: [172.16.1.151]
[0m[1mnull_resource.running-ansible (local-exec):[0m [0mskipping: [172.16.1.152]
[0m[1mnull_resource.running-ansible (local-exec):[0m [0mskipping: [172.16.1.153]
[0m[1mnull_resource.running-ansible (local-exec):[0m [0mskipping: [172.16.1.154]
[0m[1mnull_resource.running-ansible (local-exec):[0m [0mskipping: [172.16.1.155]
[0m[1mnull_resource.running-ansible (local-exec):[0m [0mskipping: [172.16.1.190]
[0m[1mnull_resource.running-ansible (local-exec):[0m [0mskipping: [172.16.1.191]
[0m[1mnull_resource.running-ansible (local-exec):[0m [0mok: [172.16.1.170]

[0m[1mnull_resource.running-ansible (local-exec):[0m [0mTASK [external-bgp-router/frr : Backup default configuration file] *************
[0m[1mnull_resource.running-ansible (local-exec):[0m [0mskipping: [172.16.1.231]
[0m[1mnull_resource.running-ansible (local-exec):[0m [0mskipping: [172.16.1.232]
[0m[1mnull_resource.running-ansible (local-exec):[0m [0mskipping: [172.16.1.233]
[0m[1mnull_resource.running-ansible (local-exec):[0m [0mskipping: [172.16.1.234]
[0m[1mnull_resource.running-ansible (local-exec):[0m [0mskipping: [172.16.1.235]
[0m[1mnull_resource.running-ansible (local-exec):[0m [0mskipping: [172.16.1.236]
[0m[1mnull_resource.running-ansible (local-exec):[0m [0mskipping: [172.16.1.150]
[0m[1mnull_resource.running-ansible (local-exec):[0m [0mskipping: [172.16.1.151]
[0m[1mnull_resource.running-ansible (local-exec):[0m [0mskipping: [172.16.1.152]
[0m[1mnull_resource.running-ansible (local-exec):[0m [0mskipping: [172.16.1.153]
[0m[1mnull_resource.running-ansible (local-exec):[0m [0mskipping: [172.16.1.154]
[0m[1mnull_resource.running-ansible (local-exec):[0m [0mskipping: [172.16.1.155]
[0m[1mnull_resource.running-ansible (local-exec):[0m [0mskipping: [172.16.1.190]
[0m[1mnull_resource.running-ansible (local-exec):[0m [0mskipping: [172.16.1.191]
[0m[1mnull_resource.running-ansible (local-exec):[0m [0mchanged: [172.16.1.170]

[0m[1mnull_resource.running-ansible (local-exec):[0m [0mTASK [external-bgp-router/frr : Load FRR configuration file] *******************
[0m[1mnull_resource.running-ansible (local-exec):[0m [0mskipping: [172.16.1.231]
[0m[1mnull_resource.running-ansible (local-exec):[0m [0mskipping: [172.16.1.232]
[0m[1mnull_resource.running-ansible (local-exec):[0m [0mskipping: [172.16.1.233]
[0m[1mnull_resource.running-ansible (local-exec):[0m [0mskipping: [172.16.1.234]
[0m[1mnull_resource.running-ansible (local-exec):[0m [0mskipping: [172.16.1.235]
[0m[1mnull_resource.running-ansible (local-exec):[0m [0mskipping: [172.16.1.236]
[0m[1mnull_resource.running-ansible (local-exec):[0m [0mskipping: [172.16.1.150]
[0m[1mnull_resource.running-ansible (local-exec):[0m [0mskipping: [172.16.1.151]
[0m[1mnull_resource.running-ansible (local-exec):[0m [0mskipping: [172.16.1.152]
[0m[1mnull_resource.running-ansible (local-exec):[0m [0mskipping: [172.16.1.153]
[0m[1mnull_resource.running-ansible (local-exec):[0m [0mskipping: [172.16.1.154]
[0m[1mnull_resource.running-ansible (local-exec):[0m [0mskipping: [172.16.1.155]
[0m[1mnull_resource.running-ansible (local-exec):[0m [0mskipping: [172.16.1.190]
[0m[1mnull_resource.running-ansible (local-exec):[0m [0mskipping: [172.16.1.191]
[0m[1mnull_resource.running-ansible (local-exec):[0m [0mchanged: [172.16.1.170]

[0m[1mnull_resource.running-ansible (local-exec):[0m [0mTASK [external-bgp-router/frr : ansible.builtin.replace] ***********************
[0m[1mnull_resource.running-ansible (local-exec):[0m [0mskipping: [172.16.1.231]
[0m[1mnull_resource.running-ansible (local-exec):[0m [0mskipping: [172.16.1.232]
[0m[1mnull_resource.running-ansible (local-exec):[0m [0mskipping: [172.16.1.233]
[0m[1mnull_resource.running-ansible (local-exec):[0m [0mskipping: [172.16.1.234]
[0m[1mnull_resource.running-ansible (local-exec):[0m [0mskipping: [172.16.1.235]
[0m[1mnull_resource.running-ansible (local-exec):[0m [0mskipping: [172.16.1.236]
[0m[1mnull_resource.running-ansible (local-exec):[0m [0mskipping: [172.16.1.150]
[0m[1mnull_resource.running-ansible (local-exec):[0m [0mskipping: [172.16.1.151]
[0m[1mnull_resource.running-ansible (local-exec):[0m [0mskipping: [172.16.1.152]
[0m[1mnull_resource.running-ansible (local-exec):[0m [0mskipping: [172.16.1.153]
[0m[1mnull_resource.running-ansible (local-exec):[0m [0mskipping: [172.16.1.154]
[0m[1mnull_resource.running-ansible (local-exec):[0m [0mskipping: [172.16.1.155]
[0m[1mnull_resource.running-ansible (local-exec):[0m [0mskipping: [172.16.1.190]
[0m[1mnull_resource.running-ansible (local-exec):[0m [0mskipping: [172.16.1.191]
[0m[1mnull_resource.running-ansible (local-exec):[0m [0mchanged: [172.16.1.170]

[0m[1mnull_resource.running-ansible (local-exec):[0m [0mTASK [external-bgp-router/frr : ansible.builtin.replace] ***********************
[0m[1mnull_resource.running-ansible (local-exec):[0m [0mskipping: [172.16.1.231]
[0m[1mnull_resource.running-ansible (local-exec):[0m [0mskipping: [172.16.1.232]
[0m[1mnull_resource.running-ansible (local-exec):[0m [0mskipping: [172.16.1.233]
[0m[1mnull_resource.running-ansible (local-exec):[0m [0mskipping: [172.16.1.234]
[0m[1mnull_resource.running-ansible (local-exec):[0m [0mskipping: [172.16.1.235]
[0m[1mnull_resource.running-ansible (local-exec):[0m [0mskipping: [172.16.1.236]
[0m[1mnull_resource.running-ansible (local-exec):[0m [0mskipping: [172.16.1.150]
[0m[1mnull_resource.running-ansible (local-exec):[0m [0mskipping: [172.16.1.151]
[0m[1mnull_resource.running-ansible (local-exec):[0m [0mskipping: [172.16.1.152]
[0m[1mnull_resource.running-ansible (local-exec):[0m [0mskipping: [172.16.1.153]
[0m[1mnull_resource.running-ansible (local-exec):[0m [0mskipping: [172.16.1.154]
[0m[1mnull_resource.running-ansible (local-exec):[0m [0mskipping: [172.16.1.155]
[0m[1mnull_resource.running-ansible (local-exec):[0m [0mchanged: [172.16.1.170]
[0m[1mnull_resource.running-ansible (local-exec):[0m [0mskipping: [172.16.1.190]
[0m[1mnull_resource.running-ansible (local-exec):[0m [0mskipping: [172.16.1.191]

[0m[1mnull_resource.running-ansible (local-exec):[0m [0mTASK [external-bgp-router/frr : Restart FRR for new configuration to take effect] ***
[0m[1mnull_resource.running-ansible (local-exec):[0m [0mskipping: [172.16.1.231]
[0m[1mnull_resource.running-ansible (local-exec):[0m [0mskipping: [172.16.1.232]
[0m[1mnull_resource.running-ansible (local-exec):[0m [0mskipping: [172.16.1.233]
[0m[1mnull_resource.running-ansible (local-exec):[0m [0mskipping: [172.16.1.234]
[0m[1mnull_resource.running-ansible (local-exec):[0m [0mskipping: [172.16.1.235]
[0m[1mnull_resource.running-ansible (local-exec):[0m [0mskipping: [172.16.1.236]
[0m[1mnull_resource.running-ansible (local-exec):[0m [0mskipping: [172.16.1.150]
[0m[1mnull_resource.running-ansible (local-exec):[0m [0mskipping: [172.16.1.151]
[0m[1mnull_resource.running-ansible (local-exec):[0m [0mskipping: [172.16.1.152]
[0m[1mnull_resource.running-ansible (local-exec):[0m [0mskipping: [172.16.1.153]
[0m[1mnull_resource.running-ansible (local-exec):[0m [0mskipping: [172.16.1.154]
[0m[1mnull_resource.running-ansible (local-exec):[0m [0mskipping: [172.16.1.155]
[0m[1mnull_resource.running-ansible (local-exec):[0m [0mskipping: [172.16.1.190]
[0m[1mnull_resource.running-ansible (local-exec):[0m [0mskipping: [172.16.1.191]
[0m[1mnull_resource.running-ansible (local-exec):[0m [0mchanged: [172.16.1.170]

[0m[1mnull_resource.running-ansible (local-exec):[0m [0mTASK [k8s-tools : Mask Swap Unit] **********************************************
[0m[1mnull_resource.running-ansible (local-exec):[0m [0mskipping: [172.16.1.170]
[0m[1mnull_resource.running-ansible (local-exec):[0m [0mchanged: [172.16.1.231]
[0m[1mnull_resource.running-ansible (local-exec):[0m [0mchanged: [172.16.1.233]
[0m[1mnull_resource.running-ansible (local-exec):[0m [0mchanged: [172.16.1.232]
[0m[1mnull_resource.running-ansible (local-exec):[0m [0mchanged: [172.16.1.234]
[0m[1mnull_resource.running-ansible: Still creating... [8m30s elapsed][0m[0m
[0m[1mnull_resource.running-ansible (local-exec):[0m [0mchanged: [172.16.1.235]
[0m[1mnull_resource.running-ansible (local-exec):[0m [0mchanged: [172.16.1.236]
[0m[1mnull_resource.running-ansible (local-exec):[0m [0mchanged: [172.16.1.150]
[0m[1mnull_resource.running-ansible (local-exec):[0m [0mchanged: [172.16.1.151]
[0m[1mnull_resource.running-ansible (local-exec):[0m [0mskipping: [172.16.1.190]
[0m[1mnull_resource.running-ansible (local-exec):[0m [0mchanged: [172.16.1.153]
[0m[1mnull_resource.running-ansible (local-exec):[0m [0mchanged: [172.16.1.152]
[0m[1mnull_resource.running-ansible (local-exec):[0m [0mskipping: [172.16.1.191]
[0m[1mnull_resource.running-ansible (local-exec):[0m [0mchanged: [172.16.1.154]
[0m[1mnull_resource.running-ansible (local-exec):[0m [0mchanged: [172.16.1.155]

[0m[1mnull_resource.running-ansible (local-exec):[0m [0mTASK [k8s-tools : Running Swapoff] *********************************************
[0m[1mnull_resource.running-ansible (local-exec):[0m [0mskipping: [172.16.1.170]
[0m[1mnull_resource.running-ansible (local-exec):[0m [0mchanged: [172.16.1.231]
[0m[1mnull_resource.running-ansible (local-exec):[0m [0mchanged: [172.16.1.233]
[0m[1mnull_resource.running-ansible (local-exec):[0m [0mchanged: [172.16.1.232]
[0m[1mnull_resource.running-ansible (local-exec):[0m [0mchanged: [172.16.1.234]
[0m[1mnull_resource.running-ansible (local-exec):[0m [0mchanged: [172.16.1.235]
[0m[1mnull_resource.running-ansible (local-exec):[0m [0mchanged: [172.16.1.236]
[0m[1mnull_resource.running-ansible (local-exec):[0m [0mchanged: [172.16.1.150]
[0m[1mnull_resource.running-ansible (local-exec):[0m [0mchanged: [172.16.1.151]
[0m[1mnull_resource.running-ansible (local-exec):[0m [0mchanged: [172.16.1.152]
[0m[1mnull_resource.running-ansible (local-exec):[0m [0mskipping: [172.16.1.190]
[0m[1mnull_resource.running-ansible (local-exec):[0m [0mchanged: [172.16.1.153]
[0m[1mnull_resource.running-ansible (local-exec):[0m [0mskipping: [172.16.1.191]
[0m[1mnull_resource.running-ansible (local-exec):[0m [0mchanged: [172.16.1.154]
[0m[1mnull_resource.running-ansible (local-exec):[0m [0mchanged: [172.16.1.155]

[0m[1mnull_resource.running-ansible (local-exec):[0m [0mTASK [k8s-tools : Install required packages to use k8s apt repos] **************
[0m[1mnull_resource.running-ansible (local-exec):[0m [0mskipping: [172.16.1.170]
[0m[1mnull_resource.running-ansible (local-exec):[0m [0mchanged: [172.16.1.231]
[0m[1mnull_resource.running-ansible (local-exec):[0m [0mchanged: [172.16.1.233]
[0m[1mnull_resource.running-ansible (local-exec):[0m [0mchanged: [172.16.1.234]
[0m[1mnull_resource.running-ansible (local-exec):[0m [0mchanged: [172.16.1.235]
[0m[1mnull_resource.running-ansible (local-exec):[0m [0mchanged: [172.16.1.232]
[0m[1mnull_resource.running-ansible (local-exec):[0m [0mchanged: [172.16.1.236]
[0m[1mnull_resource.running-ansible (local-exec):[0m [0mchanged: [172.16.1.150]
[0m[1mnull_resource.running-ansible (local-exec):[0m [0mchanged: [172.16.1.151]
[0m[1mnull_resource.running-ansible: Still creating... [8m40s elapsed][0m[0m
[0m[1mnull_resource.running-ansible (local-exec):[0m [0mskipping: [172.16.1.190]
[0m[1mnull_resource.running-ansible (local-exec):[0m [0mskipping: [172.16.1.191]
[0m[1mnull_resource.running-ansible (local-exec):[0m [0mchanged: [172.16.1.152]
[0m[1mnull_resource.running-ansible (local-exec):[0m [0mchanged: [172.16.1.153]
[0m[1mnull_resource.running-ansible (local-exec):[0m [0mchanged: [172.16.1.154]
[0m[1mnull_resource.running-ansible (local-exec):[0m [0mchanged: [172.16.1.155]

[0m[1mnull_resource.running-ansible (local-exec):[0m [0mTASK [k8s-tools : Check whether Containerd Key already existed or not] *********
[0m[1mnull_resource.running-ansible (local-exec):[0m [0mskipping: [172.16.1.170]
[0m[1mnull_resource.running-ansible (local-exec):[0m [0mok: [172.16.1.231]
[0m[1mnull_resource.running-ansible (local-exec):[0m [0mok: [172.16.1.232]
[0m[1mnull_resource.running-ansible (local-exec):[0m [0mok: [172.16.1.233]
[0m[1mnull_resource.running-ansible (local-exec):[0m [0mok: [172.16.1.234]
[0m[1mnull_resource.running-ansible (local-exec):[0m [0mok: [172.16.1.235]
[0m[1mnull_resource.running-ansible (local-exec):[0m [0mok: [172.16.1.236]
[0m[1mnull_resource.running-ansible (local-exec):[0m [0mok: [172.16.1.150]
[0m[1mnull_resource.running-ansible (local-exec):[0m [0mok: [172.16.1.151]
[0m[1mnull_resource.running-ansible (local-exec):[0m [0mskipping: [172.16.1.190]
[0m[1mnull_resource.running-ansible (local-exec):[0m [0mok: [172.16.1.153]
[0m[1mnull_resource.running-ansible (local-exec):[0m [0mok: [172.16.1.152]
[0m[1mnull_resource.running-ansible (local-exec):[0m [0mskipping: [172.16.1.191]
[0m[1mnull_resource.running-ansible (local-exec):[0m [0mok: [172.16.1.154]
[0m[1mnull_resource.running-ansible (local-exec):[0m [0mok: [172.16.1.155]

[0m[1mnull_resource.running-ansible (local-exec):[0m [0mTASK [k8s-tools : Download Containerd Key] *************************************
[0m[1mnull_resource.running-ansible (local-exec):[0m [0mskipping: [172.16.1.170]
[0m[1mnull_resource.running-ansible (local-exec):[0m [0mchanged: [172.16.1.233]
[0m[1mnull_resource.running-ansible (local-exec):[0m [0mchanged: [172.16.1.234]
[0m[1mnull_resource.running-ansible (local-exec):[0m [0mchanged: [172.16.1.235]
[0m[1mnull_resource.running-ansible (local-exec):[0m [0mchanged: [172.16.1.231]
[0m[1mnull_resource.running-ansible (local-exec):[0m [0mchanged: [172.16.1.232]
[0m[1mnull_resource.running-ansible (local-exec):[0m [0mchanged: [172.16.1.236]
[0m[1mnull_resource.running-ansible (local-exec):[0m [0mchanged: [172.16.1.150]
[0m[1mnull_resource.running-ansible (local-exec):[0m [0mchanged: [172.16.1.151]
[0m[1mnull_resource.running-ansible (local-exec):[0m [0mskipping: [172.16.1.190]
[0m[1mnull_resource.running-ansible (local-exec):[0m [0mskipping: [172.16.1.191]
[0m[1mnull_resource.running-ansible (local-exec):[0m [0mchanged: [172.16.1.152]
[0m[1mnull_resource.running-ansible (local-exec):[0m [0mchanged: [172.16.1.153]
[0m[1mnull_resource.running-ansible (local-exec):[0m [0mchanged: [172.16.1.154]
[0m[1mnull_resource.running-ansible (local-exec):[0m [0mchanged: [172.16.1.155]

[0m[1mnull_resource.running-ansible (local-exec):[0m [0mTASK [k8s-tools : Add Containerd Repo] *****************************************
[0m[1mnull_resource.running-ansible (local-exec):[0m [0mskipping: [172.16.1.170]
[0m[1mnull_resource.running-ansible (local-exec):[0m [0mchanged: [172.16.1.231]
[0m[1mnull_resource.running-ansible (local-exec):[0m [0mchanged: [172.16.1.234]
[0m[1mnull_resource.running-ansible (local-exec):[0m [0mchanged: [172.16.1.233]
[0m[1mnull_resource.running-ansible (local-exec):[0m [0mchanged: [172.16.1.232]
[0m[1mnull_resource.running-ansible: Still creating... [8m50s elapsed][0m[0m
[0m[1mnull_resource.running-ansible (local-exec):[0m [0mchanged: [172.16.1.235]
[0m[1mnull_resource.running-ansible: Still creating... [9m0s elapsed][0m[0m
[0m[1mnull_resource.running-ansible (local-exec):[0m [0mchanged: [172.16.1.150]
[0m[1mnull_resource.running-ansible (local-exec):[0m [0mchanged: [172.16.1.152]
[0m[1mnull_resource.running-ansible (local-exec):[0m [0mchanged: [172.16.1.236]
[0m[1mnull_resource.running-ansible (local-exec):[0m [0mskipping: [172.16.1.190]
[0m[1mnull_resource.running-ansible (local-exec):[0m [0mskipping: [172.16.1.191]
[0m[1mnull_resource.running-ansible (local-exec):[0m [0mchanged: [172.16.1.151]
[0m[1mnull_resource.running-ansible (local-exec):[0m [0mchanged: [172.16.1.153]
[0m[1mnull_resource.running-ansible (local-exec):[0m [0mchanged: [172.16.1.154]
[0m[1mnull_resource.running-ansible (local-exec):[0m [0mchanged: [172.16.1.155]

[0m[1mnull_resource.running-ansible (local-exec):[0m [0mTASK [k8s-tools : Check if k8s key already existed] ****************************
[0m[1mnull_resource.running-ansible (local-exec):[0m [0mskipping: [172.16.1.170]
[0m[1mnull_resource.running-ansible (local-exec):[0m [0mok: [172.16.1.231]
[0m[1mnull_resource.running-ansible (local-exec):[0m [0mok: [172.16.1.232]
[0m[1mnull_resource.running-ansible (local-exec):[0m [0mok: [172.16.1.233]
[0m[1mnull_resource.running-ansible (local-exec):[0m [0mok: [172.16.1.235]
[0m[1mnull_resource.running-ansible (local-exec):[0m [0mok: [172.16.1.234]
[0m[1mnull_resource.running-ansible (local-exec):[0m [0mok: [172.16.1.236]
[0m[1mnull_resource.running-ansible (local-exec):[0m [0mok: [172.16.1.150]
[0m[1mnull_resource.running-ansible (local-exec):[0m [0mok: [172.16.1.151]
[0m[1mnull_resource.running-ansible (local-exec):[0m [0mok: [172.16.1.152]
[0m[1mnull_resource.running-ansible (local-exec):[0m [0mok: [172.16.1.153]
[0m[1mnull_resource.running-ansible (local-exec):[0m [0mskipping: [172.16.1.190]
[0m[1mnull_resource.running-ansible (local-exec):[0m [0mskipping: [172.16.1.191]
[0m[1mnull_resource.running-ansible (local-exec):[0m [0mok: [172.16.1.154]
[0m[1mnull_resource.running-ansible (local-exec):[0m [0mok: [172.16.1.155]

[0m[1mnull_resource.running-ansible (local-exec):[0m [0mTASK [k8s-tools : Download Kubernetes Key] *************************************
[0m[1mnull_resource.running-ansible (local-exec):[0m [0mskipping: [172.16.1.170]
[0m[1mnull_resource.running-ansible (local-exec):[0m [0mchanged: [172.16.1.234]
[0m[1mnull_resource.running-ansible (local-exec):[0m [0mchanged: [172.16.1.235]
[0m[1mnull_resource.running-ansible (local-exec):[0m [0mchanged: [172.16.1.233]
[0m[1mnull_resource.running-ansible (local-exec):[0m [0mchanged: [172.16.1.232]
[0m[1mnull_resource.running-ansible (local-exec):[0m [0mchanged: [172.16.1.231]
[0m[1mnull_resource.running-ansible (local-exec):[0m [0mchanged: [172.16.1.236]
[0m[1mnull_resource.running-ansible (local-exec):[0m [0mchanged: [172.16.1.151]
[0m[1mnull_resource.running-ansible (local-exec):[0m [0mchanged: [172.16.1.150]
[0m[1mnull_resource.running-ansible (local-exec):[0m [0mskipping: [172.16.1.190]
[0m[1mnull_resource.running-ansible (local-exec):[0m [0mskipping: [172.16.1.191]
[0m[1mnull_resource.running-ansible (local-exec):[0m [0mchanged: [172.16.1.153]
[0m[1mnull_resource.running-ansible (local-exec):[0m [0mchanged: [172.16.1.152]
[0m[1mnull_resource.running-ansible (local-exec):[0m [0mchanged: [172.16.1.154]
[0m[1mnull_resource.running-ansible (local-exec):[0m [0mchanged: [172.16.1.155]

[0m[1mnull_resource.running-ansible (local-exec):[0m [0mTASK [k8s-tools : Add Kubenetes Repo] ******************************************
[0m[1mnull_resource.running-ansible (local-exec):[0m [0mskipping: [172.16.1.170]
[0m[1mnull_resource.running-ansible: Still creating... [9m10s elapsed][0m[0m
[0m[1mnull_resource.running-ansible (local-exec):[0m [0mchanged: [172.16.1.232]
[0m[1mnull_resource.running-ansible (local-exec):[0m [0mchanged: [172.16.1.234]
[0m[1mnull_resource.running-ansible (local-exec):[0m [0mchanged: [172.16.1.233]
[0m[1mnull_resource.running-ansible (local-exec):[0m [0mchanged: [172.16.1.235]
[0m[1mnull_resource.running-ansible (local-exec):[0m [0mchanged: [172.16.1.231]
[0m[1mnull_resource.running-ansible (local-exec):[0m [0mchanged: [172.16.1.150]
[0m[1mnull_resource.running-ansible (local-exec):[0m [0mchanged: [172.16.1.236]
[0m[1mnull_resource.running-ansible (local-exec):[0m [0mchanged: [172.16.1.152]
[0m[1mnull_resource.running-ansible (local-exec):[0m [0mskipping: [172.16.1.190]
[0m[1mnull_resource.running-ansible (local-exec):[0m [0mskipping: [172.16.1.191]
[0m[1mnull_resource.running-ansible (local-exec):[0m [0mchanged: [172.16.1.151]
[0m[1mnull_resource.running-ansible (local-exec):[0m [0mchanged: [172.16.1.153]
[0m[1mnull_resource.running-ansible (local-exec):[0m [0mchanged: [172.16.1.155]
[0m[1mnull_resource.running-ansible (local-exec):[0m [0mchanged: [172.16.1.154]

[0m[1mnull_resource.running-ansible (local-exec):[0m [0mTASK [k8s-tools : Install Containerd and Kubernetes packages] ******************
[0m[1mnull_resource.running-ansible (local-exec):[0m [0mskipping: [172.16.1.170]
[0m[1mnull_resource.running-ansible: Still creating... [9m20s elapsed][0m[0m
[0m[1mnull_resource.running-ansible: Still creating... [9m30s elapsed][0m[0m
[0m[1mnull_resource.running-ansible: Still creating... [9m40s elapsed][0m[0m
[0m[1mnull_resource.running-ansible: Still creating... [9m50s elapsed][0m[0m
[0m[1mnull_resource.running-ansible (local-exec):[0m [0mchanged: [172.16.1.232]
[0m[1mnull_resource.running-ansible: Still creating... [10m0s elapsed][0m[0m
[0m[1mnull_resource.running-ansible: Still creating... [10m10s elapsed][0m[0m
[0m[1mnull_resource.running-ansible (local-exec):[0m [0mchanged: [172.16.1.235]
[0m[1mnull_resource.running-ansible (local-exec):[0m [0mchanged: [172.16.1.233]
[0m[1mnull_resource.running-ansible (local-exec):[0m [0mchanged: [172.16.1.234]
[0m[1mnull_resource.running-ansible: Still creating... [10m20s elapsed][0m[0m
[0m[1mnull_resource.running-ansible (local-exec):[0m [0mchanged: [172.16.1.231]
[0m[1mnull_resource.running-ansible (local-exec):[0m [0mchanged: [172.16.1.150]
[0m[1mnull_resource.running-ansible: Still creating... [10m30s elapsed][0m[0m
[0m[1mnull_resource.running-ansible: Still creating... [10m40s elapsed][0m[0m
[0m[1mnull_resource.running-ansible: Still creating... [10m50s elapsed][0m[0m
[0m[1mnull_resource.running-ansible: Still creating... [11m0s elapsed][0m[0m
[0m[1mnull_resource.running-ansible (local-exec):[0m [0mchanged: [172.16.1.236]
[0m[1mnull_resource.running-ansible (local-exec):[0m [0mchanged: [172.16.1.153]
[0m[1mnull_resource.running-ansible: Still creating... [11m10s elapsed][0m[0m
[0m[1mnull_resource.running-ansible (local-exec):[0m [0mskipping: [172.16.1.190]
[0m[1mnull_resource.running-ansible (local-exec):[0m [0mskipping: [172.16.1.191]
[0m[1mnull_resource.running-ansible (local-exec):[0m [0mchanged: [172.16.1.155]
[0m[1mnull_resource.running-ansible (local-exec):[0m [0mchanged: [172.16.1.151]
[0m[1mnull_resource.running-ansible (local-exec):[0m [0mchanged: [172.16.1.154]
[0m[1mnull_resource.running-ansible (local-exec):[0m [0mchanged: [172.16.1.152]

[0m[1mnull_resource.running-ansible (local-exec):[0m [0mTASK [k8s-tools : Add needed modules] ******************************************
[0m[1mnull_resource.running-ansible (local-exec):[0m [0mskipping: [172.16.1.170]
[0m[1mnull_resource.running-ansible (local-exec):[0m [0mchanged: [172.16.1.231]
[0m[1mnull_resource.running-ansible (local-exec):[0m [0mchanged: [172.16.1.233]
[0m[1mnull_resource.running-ansible (local-exec):[0m [0mchanged: [172.16.1.234]
[0m[1mnull_resource.running-ansible (local-exec):[0m [0mchanged: [172.16.1.236]
[0m[1mnull_resource.running-ansible (local-exec):[0m [0mchanged: [172.16.1.150]
[0m[1mnull_resource.running-ansible (local-exec):[0m [0mchanged: [172.16.1.151]
[0m[1mnull_resource.running-ansible (local-exec):[0m [0mchanged: [172.16.1.152]
[0m[1mnull_resource.running-ansible (local-exec):[0m [0mchanged: [172.16.1.232]
[0m[1mnull_resource.running-ansible (local-exec):[0m [0mskipping: [172.16.1.190]
[0m[1mnull_resource.running-ansible (local-exec):[0m [0mskipping: [172.16.1.191]
[0m[1mnull_resource.running-ansible (local-exec):[0m [0mchanged: [172.16.1.153]
[0m[1mnull_resource.running-ansible (local-exec):[0m [0mchanged: [172.16.1.235]
[0m[1mnull_resource.running-ansible (local-exec):[0m [0mchanged: [172.16.1.154]
[0m[1mnull_resource.running-ansible (local-exec):[0m [0mchanged: [172.16.1.155]

[0m[1mnull_resource.running-ansible (local-exec):[0m [0mTASK [k8s-tools : Activate added modules] **************************************
[0m[1mnull_resource.running-ansible (local-exec):[0m [0mskipping: [172.16.1.170]
[0m[1mnull_resource.running-ansible (local-exec):[0m [0mchanged: [172.16.1.231]
[0m[1mnull_resource.running-ansible (local-exec):[0m [0mchanged: [172.16.1.232]
[0m[1mnull_resource.running-ansible (local-exec):[0m [0mchanged: [172.16.1.233]
[0m[1mnull_resource.running-ansible (local-exec):[0m [0mchanged: [172.16.1.234]
[0m[1mnull_resource.running-ansible (local-exec):[0m [0mchanged: [172.16.1.235]
[0m[1mnull_resource.running-ansible (local-exec):[0m [0mchanged: [172.16.1.236]
[0m[1mnull_resource.running-ansible (local-exec):[0m [0mchanged: [172.16.1.150]
[0m[1mnull_resource.running-ansible (local-exec):[0m [0mchanged: [172.16.1.151]
[0m[1mnull_resource.running-ansible (local-exec):[0m [0mskipping: [172.16.1.190]
[0m[1mnull_resource.running-ansible (local-exec):[0m [0mchanged: [172.16.1.152]
[0m[1mnull_resource.running-ansible (local-exec):[0m [0mskipping: [172.16.1.191]
[0m[1mnull_resource.running-ansible (local-exec):[0m [0mchanged: [172.16.1.153]
[0m[1mnull_resource.running-ansible (local-exec):[0m [0mchanged: [172.16.1.154]
[0m[1mnull_resource.running-ansible (local-exec):[0m [0mchanged: [172.16.1.155]

[0m[1mnull_resource.running-ansible (local-exec):[0m [0mTASK [k8s-tools : Tweak sysctl params] *****************************************
[0m[1mnull_resource.running-ansible (local-exec):[0m [0mskipping: [172.16.1.170]
[0m[1mnull_resource.running-ansible (local-exec):[0m [0mchanged: [172.16.1.231]
[0m[1mnull_resource.running-ansible (local-exec):[0m [0mchanged: [172.16.1.232]
[0m[1mnull_resource.running-ansible (local-exec):[0m [0mchanged: [172.16.1.233]
[0m[1mnull_resource.running-ansible (local-exec):[0m [0mchanged: [172.16.1.234]
[0m[1mnull_resource.running-ansible (local-exec):[0m [0mchanged: [172.16.1.235]
[0m[1mnull_resource.running-ansible (local-exec):[0m [0mchanged: [172.16.1.236]
[0m[1mnull_resource.running-ansible (local-exec):[0m [0mchanged: [172.16.1.150]
[0m[1mnull_resource.running-ansible (local-exec):[0m [0mchanged: [172.16.1.151]
[0m[1mnull_resource.running-ansible (local-exec):[0m [0mchanged: [172.16.1.152]
[0m[1mnull_resource.running-ansible (local-exec):[0m [0mchanged: [172.16.1.153]
[0m[1mnull_resource.running-ansible (local-exec):[0m [0mskipping: [172.16.1.190]
[0m[1mnull_resource.running-ansible (local-exec):[0m [0mskipping: [172.16.1.191]
[0m[1mnull_resource.running-ansible (local-exec):[0m [0mchanged: [172.16.1.154]
[0m[1mnull_resource.running-ansible (local-exec):[0m [0mchanged: [172.16.1.155]

[0m[1mnull_resource.running-ansible (local-exec):[0m [0mTASK [k8s-tools : Apply newly added sysctl params] *****************************
[0m[1mnull_resource.running-ansible (local-exec):[0m [0mskipping: [172.16.1.170]
[0m[1mnull_resource.running-ansible (local-exec):[0m [0mchanged: [172.16.1.231]
[0m[1mnull_resource.running-ansible (local-exec):[0m [0mchanged: [172.16.1.232]
[0m[1mnull_resource.running-ansible (local-exec):[0m [0mchanged: [172.16.1.233]
[0m[1mnull_resource.running-ansible (local-exec):[0m [0mchanged: [172.16.1.234]
[0m[1mnull_resource.running-ansible (local-exec):[0m [0mchanged: [172.16.1.235]
[0m[1mnull_resource.running-ansible (local-exec):[0m [0mchanged: [172.16.1.236]
[0m[1mnull_resource.running-ansible (local-exec):[0m [0mchanged: [172.16.1.150]
[0m[1mnull_resource.running-ansible (local-exec):[0m [0mchanged: [172.16.1.151]
[0m[1mnull_resource.running-ansible (local-exec):[0m [0mskipping: [172.16.1.190]
[0m[1mnull_resource.running-ansible (local-exec):[0m [0mchanged: [172.16.1.152]
[0m[1mnull_resource.running-ansible (local-exec):[0m [0mskipping: [172.16.1.191]
[0m[1mnull_resource.running-ansible (local-exec):[0m [0mchanged: [172.16.1.153]
[0m[1mnull_resource.running-ansible (local-exec):[0m [0mchanged: [172.16.1.154]
[0m[1mnull_resource.running-ansible (local-exec):[0m [0mchanged: [172.16.1.155]

[0m[1mnull_resource.running-ansible (local-exec):[0m [0mTASK [k8s-tools : Generate Containerd default configuration file] **************
[0m[1mnull_resource.running-ansible (local-exec):[0m [0mskipping: [172.16.1.170]
[0m[1mnull_resource.running-ansible (local-exec):[0m [0mchanged: [172.16.1.231]
[0m[1mnull_resource.running-ansible (local-exec):[0m [0mchanged: [172.16.1.232]
[0m[1mnull_resource.running-ansible (local-exec):[0m [0mchanged: [172.16.1.234]
[0m[1mnull_resource.running-ansible (local-exec):[0m [0mchanged: [172.16.1.233]
[0m[1mnull_resource.running-ansible (local-exec):[0m [0mchanged: [172.16.1.235]
[0m[1mnull_resource.running-ansible (local-exec):[0m [0mchanged: [172.16.1.236]
[0m[1mnull_resource.running-ansible (local-exec):[0m [0mchanged: [172.16.1.150]
[0m[1mnull_resource.running-ansible (local-exec):[0m [0mchanged: [172.16.1.151]
[0m[1mnull_resource.running-ansible (local-exec):[0m [0mskipping: [172.16.1.190]
[0m[1mnull_resource.running-ansible (local-exec):[0m [0mchanged: [172.16.1.153]
[0m[1mnull_resource.running-ansible (local-exec):[0m [0mskipping: [172.16.1.191]
[0m[1mnull_resource.running-ansible (local-exec):[0m [0mchanged: [172.16.1.152]
[0m[1mnull_resource.running-ansible (local-exec):[0m [0mchanged: [172.16.1.154]
[0m[1mnull_resource.running-ansible (local-exec):[0m [0mchanged: [172.16.1.155]

[0m[1mnull_resource.running-ansible (local-exec):[0m [0mTASK [k8s-tools : Switch Cgroup driver to systemd] *****************************
[0m[1mnull_resource.running-ansible (local-exec):[0m [0mskipping: [172.16.1.170]
[0m[1mnull_resource.running-ansible (local-exec):[0m [0mchanged: [172.16.1.231]
[0m[1mnull_resource.running-ansible (local-exec):[0m [0mchanged: [172.16.1.232]
[0m[1mnull_resource.running-ansible (local-exec):[0m [0mchanged: [172.16.1.233]
[0m[1mnull_resource.running-ansible (local-exec):[0m [0mchanged: [172.16.1.234]
[0m[1mnull_resource.running-ansible (local-exec):[0m [0mchanged: [172.16.1.235]
[0m[1mnull_resource.running-ansible (local-exec):[0m [0mchanged: [172.16.1.236]
[0m[1mnull_resource.running-ansible (local-exec):[0m [0mchanged: [172.16.1.151]
[0m[1mnull_resource.running-ansible (local-exec):[0m [0mchanged: [172.16.1.150]
[0m[1mnull_resource.running-ansible (local-exec):[0m [0mchanged: [172.16.1.152]
[0m[1mnull_resource.running-ansible (local-exec):[0m [0mchanged: [172.16.1.153]
[0m[1mnull_resource.running-ansible (local-exec):[0m [0mskipping: [172.16.1.190]
[0m[1mnull_resource.running-ansible (local-exec):[0m [0mskipping: [172.16.1.191]
[0m[1mnull_resource.running-ansible (local-exec):[0m [0mchanged: [172.16.1.154]
[0m[1mnull_resource.running-ansible (local-exec):[0m [0mchanged: [172.16.1.155]

[0m[1mnull_resource.running-ansible (local-exec):[0m [0mTASK [k8s-tools : Restart Containerd for the previous modification to take effect] ***
[0m[1mnull_resource.running-ansible (local-exec):[0m [0mskipping: [172.16.1.170]
[0m[1mnull_resource.running-ansible (local-exec):[0m [0mchanged: [172.16.1.231]
[0m[1mnull_resource.running-ansible (local-exec):[0m [0mchanged: [172.16.1.232]
[0m[1mnull_resource.running-ansible (local-exec):[0m [0mchanged: [172.16.1.234]
[0m[1mnull_resource.running-ansible (local-exec):[0m [0mchanged: [172.16.1.233]
[0m[1mnull_resource.running-ansible (local-exec):[0m [0mchanged: [172.16.1.235]
[0m[1mnull_resource.running-ansible (local-exec):[0m [0mchanged: [172.16.1.236]
[0m[1mnull_resource.running-ansible (local-exec):[0m [0mchanged: [172.16.1.150]
[0m[1mnull_resource.running-ansible (local-exec):[0m [0mchanged: [172.16.1.151]
[0m[1mnull_resource.running-ansible (local-exec):[0m [0mskipping: [172.16.1.190]
[0m[1mnull_resource.running-ansible (local-exec):[0m [0mchanged: [172.16.1.152]
[0m[1mnull_resource.running-ansible (local-exec):[0m [0mchanged: [172.16.1.153]
[0m[1mnull_resource.running-ansible (local-exec):[0m [0mskipping: [172.16.1.191]
[0m[1mnull_resource.running-ansible (local-exec):[0m [0mchanged: [172.16.1.154]
[0m[1mnull_resource.running-ansible (local-exec):[0m [0mchanged: [172.16.1.155]

[0m[1mnull_resource.running-ansible (local-exec):[0m [0mTASK [k8s-tools : Hold packages to prevent from being upgraded] ****************
[0m[1mnull_resource.running-ansible (local-exec):[0m [0mskipping: [172.16.1.170] => (item=kubelet)
[0m[1mnull_resource.running-ansible (local-exec):[0m [0mskipping: [172.16.1.170] => (item=kubeadm)
[0m[1mnull_resource.running-ansible (local-exec):[0m [0mskipping: [172.16.1.170] => (item=kubectl)
[0m[1mnull_resource.running-ansible (local-exec):[0m [0mskipping: [172.16.1.170]
[0m[1mnull_resource.running-ansible: Still creating... [11m20s elapsed][0m[0m
[0m[1mnull_resource.running-ansible (local-exec):[0m [0mchanged: [172.16.1.231] => (item=kubelet)
[0m[1mnull_resource.running-ansible (local-exec):[0m [0mchanged: [172.16.1.234] => (item=kubelet)
[0m[1mnull_resource.running-ansible (local-exec):[0m [0mchanged: [172.16.1.233] => (item=kubelet)
[0m[1mnull_resource.running-ansible (local-exec):[0m [0mchanged: [172.16.1.235] => (item=kubelet)
[0m[1mnull_resource.running-ansible (local-exec):[0m [0mchanged: [172.16.1.232] => (item=kubelet)
[0m[1mnull_resource.running-ansible (local-exec):[0m [0mchanged: [172.16.1.234] => (item=kubeadm)
[0m[1mnull_resource.running-ansible (local-exec):[0m [0mchanged: [172.16.1.231] => (item=kubeadm)
[0m[1mnull_resource.running-ansible (local-exec):[0m [0mchanged: [172.16.1.233] => (item=kubeadm)
[0m[1mnull_resource.running-ansible (local-exec):[0m [0mchanged: [172.16.1.232] => (item=kubeadm)
[0m[1mnull_resource.running-ansible (local-exec):[0m [0mchanged: [172.16.1.235] => (item=kubeadm)
[0m[1mnull_resource.running-ansible (local-exec):[0m [0mchanged: [172.16.1.233] => (item=kubectl)
[0m[1mnull_resource.running-ansible (local-exec):[0m [0mchanged: [172.16.1.231] => (item=kubectl)
[0m[1mnull_resource.running-ansible (local-exec):[0m [0mchanged: [172.16.1.232] => (item=kubectl)
[0m[1mnull_resource.running-ansible (local-exec):[0m [0mchanged: [172.16.1.234] => (item=kubectl)
[0m[1mnull_resource.running-ansible (local-exec):[0m [0mchanged: [172.16.1.235] => (item=kubectl)
[0m[1mnull_resource.running-ansible (local-exec):[0m [0mchanged: [172.16.1.236] => (item=kubelet)
[0m[1mnull_resource.running-ansible (local-exec):[0m [0mchanged: [172.16.1.151] => (item=kubelet)
[0m[1mnull_resource.running-ansible (local-exec):[0m [0mchanged: [172.16.1.150] => (item=kubelet)
[0m[1mnull_resource.running-ansible (local-exec):[0m [0mchanged: [172.16.1.152] => (item=kubelet)
[0m[1mnull_resource.running-ansible (local-exec):[0m [0mchanged: [172.16.1.153] => (item=kubelet)
[0m[1mnull_resource.running-ansible (local-exec):[0m [0mchanged: [172.16.1.236] => (item=kubeadm)
[0m[1mnull_resource.running-ansible (local-exec):[0m [0mchanged: [172.16.1.150] => (item=kubeadm)
[0m[1mnull_resource.running-ansible (local-exec):[0m [0mchanged: [172.16.1.151] => (item=kubeadm)
[0m[1mnull_resource.running-ansible (local-exec):[0m [0mchanged: [172.16.1.153] => (item=kubeadm)
[0m[1mnull_resource.running-ansible (local-exec):[0m [0mchanged: [172.16.1.152] => (item=kubeadm)
[0m[1mnull_resource.running-ansible (local-exec):[0m [0mchanged: [172.16.1.236] => (item=kubectl)
[0m[1mnull_resource.running-ansible (local-exec):[0m [0mchanged: [172.16.1.150] => (item=kubectl)
[0m[1mnull_resource.running-ansible (local-exec):[0m [0mchanged: [172.16.1.151] => (item=kubectl)
[0m[1mnull_resource.running-ansible (local-exec):[0m [0mchanged: [172.16.1.153] => (item=kubectl)
[0m[1mnull_resource.running-ansible (local-exec):[0m [0mchanged: [172.16.1.152] => (item=kubectl)
[0m[1mnull_resource.running-ansible (local-exec):[0m [0mskipping: [172.16.1.190] => (item=kubelet)
[0m[1mnull_resource.running-ansible (local-exec):[0m [0mskipping: [172.16.1.190] => (item=kubeadm)
[0m[1mnull_resource.running-ansible (local-exec):[0m [0mskipping: [172.16.1.190] => (item=kubectl)
[0m[1mnull_resource.running-ansible (local-exec):[0m [0mskipping: [172.16.1.190]
[0m[1mnull_resource.running-ansible (local-exec):[0m [0mskipping: [172.16.1.191] => (item=kubelet)
[0m[1mnull_resource.running-ansible (local-exec):[0m [0mskipping: [172.16.1.191] => (item=kubeadm)
[0m[1mnull_resource.running-ansible (local-exec):[0m [0mskipping: [172.16.1.191] => (item=kubectl)
[0m[1mnull_resource.running-ansible (local-exec):[0m [0mskipping: [172.16.1.191]
[0m[1mnull_resource.running-ansible (local-exec):[0m [0mchanged: [172.16.1.154] => (item=kubelet)
[0m[1mnull_resource.running-ansible (local-exec):[0m [0mchanged: [172.16.1.155] => (item=kubelet)
[0m[1mnull_resource.running-ansible (local-exec):[0m [0mchanged: [172.16.1.154] => (item=kubeadm)
[0m[1mnull_resource.running-ansible (local-exec):[0m [0mchanged: [172.16.1.155] => (item=kubeadm)
[0m[1mnull_resource.running-ansible (local-exec):[0m [0mchanged: [172.16.1.155] => (item=kubectl)
[0m[1mnull_resource.running-ansible (local-exec):[0m [0mchanged: [172.16.1.154] => (item=kubectl)

[0m[1mnull_resource.running-ansible (local-exec):[0m [0mTASK [first-master-initialization : Kubeadm init] ******************************
[0m[1mnull_resource.running-ansible (local-exec):[0m [0mskipping: [172.16.1.170]
[0m[1mnull_resource.running-ansible (local-exec):[0m [0mskipping: [172.16.1.232]
[0m[1mnull_resource.running-ansible (local-exec):[0m [0mskipping: [172.16.1.233]
[0m[1mnull_resource.running-ansible (local-exec):[0m [0mskipping: [172.16.1.234]
[0m[1mnull_resource.running-ansible (local-exec):[0m [0mskipping: [172.16.1.235]
[0m[1mnull_resource.running-ansible (local-exec):[0m [0mskipping: [172.16.1.236]
[0m[1mnull_resource.running-ansible (local-exec):[0m [0mskipping: [172.16.1.150]
[0m[1mnull_resource.running-ansible (local-exec):[0m [0mskipping: [172.16.1.151]
[0m[1mnull_resource.running-ansible (local-exec):[0m [0mskipping: [172.16.1.152]
[0m[1mnull_resource.running-ansible (local-exec):[0m [0mskipping: [172.16.1.153]
[0m[1mnull_resource.running-ansible (local-exec):[0m [0mskipping: [172.16.1.154]
[0m[1mnull_resource.running-ansible: Still creating... [11m30s elapsed][0m[0m
[0m[1mnull_resource.running-ansible: Still creating... [11m40s elapsed][0m[0m
[0m[1mnull_resource.running-ansible: Still creating... [11m50s elapsed][0m[0m
[0m[1mnull_resource.running-ansible: Still creating... [12m0s elapsed][0m[0m
[0m[1mnull_resource.running-ansible: Still creating... [12m10s elapsed][0m[0m
[0m[1mnull_resource.running-ansible: Still creating... [12m20s elapsed][0m[0m
[0m[1mnull_resource.running-ansible: Still creating... [12m30s elapsed][0m[0m
[0m[1mnull_resource.running-ansible (local-exec):[0m [0mskipping: [172.16.1.155]
[0m[1mnull_resource.running-ansible (local-exec):[0m [0mskipping: [172.16.1.190]
[0m[1mnull_resource.running-ansible (local-exec):[0m [0mskipping: [172.16.1.191]
[0m[1mnull_resource.running-ansible (local-exec):[0m [0mchanged: [172.16.1.231]

[0m[1mnull_resource.running-ansible (local-exec):[0m [0mTASK [first-master-initialization : Generate join token] ***********************
[0m[1mnull_resource.running-ansible (local-exec):[0m [0mskipping: [172.16.1.170]
[0m[1mnull_resource.running-ansible (local-exec):[0m [0mskipping: [172.16.1.232]
[0m[1mnull_resource.running-ansible (local-exec):[0m [0mskipping: [172.16.1.233]
[0m[1mnull_resource.running-ansible (local-exec):[0m [0mskipping: [172.16.1.234]
[0m[1mnull_resource.running-ansible (local-exec):[0m [0mskipping: [172.16.1.235]
[0m[1mnull_resource.running-ansible (local-exec):[0m [0mskipping: [172.16.1.236]
[0m[1mnull_resource.running-ansible (local-exec):[0m [0mskipping: [172.16.1.150]
[0m[1mnull_resource.running-ansible (local-exec):[0m [0mskipping: [172.16.1.151]
[0m[1mnull_resource.running-ansible (local-exec):[0m [0mskipping: [172.16.1.152]
[0m[1mnull_resource.running-ansible (local-exec):[0m [0mskipping: [172.16.1.153]
[0m[1mnull_resource.running-ansible (local-exec):[0m [0mskipping: [172.16.1.154]
[0m[1mnull_resource.running-ansible (local-exec):[0m [0mskipping: [172.16.1.155]
[0m[1mnull_resource.running-ansible (local-exec):[0m [0mskipping: [172.16.1.190]
[0m[1mnull_resource.running-ansible (local-exec):[0m [0mskipping: [172.16.1.191]
[0m[1mnull_resource.running-ansible (local-exec):[0m [0mchanged: [172.16.1.231]

[0m[1mnull_resource.running-ansible (local-exec):[0m [0mTASK [first-master-initialization : Store join command] ************************
[0m[1mnull_resource.running-ansible (local-exec):[0m [0mskipping: [172.16.1.170]
[0m[1mnull_resource.running-ansible (local-exec):[0m [0mok: [172.16.1.231]
[0m[1mnull_resource.running-ansible (local-exec):[0m [0mskipping: [172.16.1.232]
[0m[1mnull_resource.running-ansible (local-exec):[0m [0mskipping: [172.16.1.233]
[0m[1mnull_resource.running-ansible (local-exec):[0m [0mskipping: [172.16.1.234]
[0m[1mnull_resource.running-ansible (local-exec):[0m [0mskipping: [172.16.1.235]
[0m[1mnull_resource.running-ansible (local-exec):[0m [0mskipping: [172.16.1.236]
[0m[1mnull_resource.running-ansible (local-exec):[0m [0mskipping: [172.16.1.150]
[0m[1mnull_resource.running-ansible (local-exec):[0m [0mskipping: [172.16.1.151]
[0m[1mnull_resource.running-ansible (local-exec):[0m [0mskipping: [172.16.1.152]
[0m[1mnull_resource.running-ansible (local-exec):[0m [0mskipping: [172.16.1.153]
[0m[1mnull_resource.running-ansible (local-exec):[0m [0mskipping: [172.16.1.154]
[0m[1mnull_resource.running-ansible (local-exec):[0m [0mskipping: [172.16.1.155]
[0m[1mnull_resource.running-ansible (local-exec):[0m [0mskipping: [172.16.1.190]
[0m[1mnull_resource.running-ansible (local-exec):[0m [0mskipping: [172.16.1.191]

[0m[1mnull_resource.running-ansible (local-exec):[0m [0mTASK [first-master-initialization : Generate Cert Key] *************************
[0m[1mnull_resource.running-ansible (local-exec):[0m [0mskipping: [172.16.1.170]
[0m[1mnull_resource.running-ansible (local-exec):[0m [0mskipping: [172.16.1.232]
[0m[1mnull_resource.running-ansible (local-exec):[0m [0mskipping: [172.16.1.233]
[0m[1mnull_resource.running-ansible (local-exec):[0m [0mskipping: [172.16.1.234]
[0m[1mnull_resource.running-ansible (local-exec):[0m [0mskipping: [172.16.1.235]
[0m[1mnull_resource.running-ansible (local-exec):[0m [0mskipping: [172.16.1.236]
[0m[1mnull_resource.running-ansible (local-exec):[0m [0mskipping: [172.16.1.150]
[0m[1mnull_resource.running-ansible (local-exec):[0m [0mskipping: [172.16.1.151]
[0m[1mnull_resource.running-ansible (local-exec):[0m [0mskipping: [172.16.1.152]
[0m[1mnull_resource.running-ansible (local-exec):[0m [0mskipping: [172.16.1.153]
[0m[1mnull_resource.running-ansible (local-exec):[0m [0mskipping: [172.16.1.154]
[0m[1mnull_resource.running-ansible (local-exec):[0m [0mskipping: [172.16.1.155]
[0m[1mnull_resource.running-ansible (local-exec):[0m [0mskipping: [172.16.1.190]
[0m[1mnull_resource.running-ansible (local-exec):[0m [0mskipping: [172.16.1.191]
[0m[1mnull_resource.running-ansible (local-exec):[0m [0mchanged: [172.16.1.231]

[0m[1mnull_resource.running-ansible (local-exec):[0m [0mTASK [first-master-initialization : Store Cert Key] ****************************
[0m[1mnull_resource.running-ansible (local-exec):[0m [0mskipping: [172.16.1.170]
[0m[1mnull_resource.running-ansible (local-exec):[0m [0mok: [172.16.1.231]
[0m[1mnull_resource.running-ansible (local-exec):[0m [0mskipping: [172.16.1.232]
[0m[1mnull_resource.running-ansible (local-exec):[0m [0mskipping: [172.16.1.233]
[0m[1mnull_resource.running-ansible (local-exec):[0m [0mskipping: [172.16.1.234]
[0m[1mnull_resource.running-ansible (local-exec):[0m [0mskipping: [172.16.1.235]
[0m[1mnull_resource.running-ansible (local-exec):[0m [0mskipping: [172.16.1.236]
[0m[1mnull_resource.running-ansible (local-exec):[0m [0mskipping: [172.16.1.150]
[0m[1mnull_resource.running-ansible (local-exec):[0m [0mskipping: [172.16.1.151]
[0m[1mnull_resource.running-ansible (local-exec):[0m [0mskipping: [172.16.1.152]
[0m[1mnull_resource.running-ansible (local-exec):[0m [0mskipping: [172.16.1.153]
[0m[1mnull_resource.running-ansible (local-exec):[0m [0mskipping: [172.16.1.154]
[0m[1mnull_resource.running-ansible (local-exec):[0m [0mskipping: [172.16.1.155]
[0m[1mnull_resource.running-ansible (local-exec):[0m [0mskipping: [172.16.1.190]
[0m[1mnull_resource.running-ansible (local-exec):[0m [0mskipping: [172.16.1.191]

[0m[1mnull_resource.running-ansible (local-exec):[0m [0mTASK [master-nodes-joining : Run kubeadm join] *********************************
[0m[1mnull_resource.running-ansible (local-exec):[0m [0mskipping: [172.16.1.170]
[0m[1mnull_resource.running-ansible (local-exec):[0m [0mskipping: [172.16.1.231]
[0m[1mnull_resource.running-ansible (local-exec):[0m [0mskipping: [172.16.1.234]
[0m[1mnull_resource.running-ansible (local-exec):[0m [0mskipping: [172.16.1.235]
[0m[1mnull_resource.running-ansible (local-exec):[0m [0mskipping: [172.16.1.236]
[0m[1mnull_resource.running-ansible (local-exec):[0m [0mskipping: [172.16.1.150]
[0m[1mnull_resource.running-ansible (local-exec):[0m [0mskipping: [172.16.1.151]
[0m[1mnull_resource.running-ansible (local-exec):[0m [0mskipping: [172.16.1.152]
[0m[1mnull_resource.running-ansible (local-exec):[0m [0mskipping: [172.16.1.153]
[0m[1mnull_resource.running-ansible (local-exec):[0m [0mskipping: [172.16.1.154]
[0m[1mnull_resource.running-ansible: Still creating... [12m40s elapsed][0m[0m
[0m[1mnull_resource.running-ansible: Still creating... [12m50s elapsed][0m[0m
[0m[1mnull_resource.running-ansible: Still creating... [13m0s elapsed][0m[0m
[0m[1mnull_resource.running-ansible: Still creating... [13m10s elapsed][0m[0m
[0m[1mnull_resource.running-ansible: Still creating... [13m20s elapsed][0m[0m
[0m[1mnull_resource.running-ansible: Still creating... [13m30s elapsed][0m[0m
[0m[1mnull_resource.running-ansible (local-exec):[0m [0mskipping: [172.16.1.155]
[0m[1mnull_resource.running-ansible (local-exec):[0m [0mskipping: [172.16.1.190]
[0m[1mnull_resource.running-ansible (local-exec):[0m [0mskipping: [172.16.1.191]
[0m[1mnull_resource.running-ansible (local-exec):[0m [0mchanged: [172.16.1.233]
[0m[1mnull_resource.running-ansible (local-exec):[0m [0mchanged: [172.16.1.232]

[0m[1mnull_resource.running-ansible (local-exec):[0m [0mTASK [worker-nodes-joining : Run kubeadm join] *********************************
[0m[1mnull_resource.running-ansible (local-exec):[0m [0mskipping: [172.16.1.170]
[0m[1mnull_resource.running-ansible (local-exec):[0m [0mskipping: [172.16.1.231]
[0m[1mnull_resource.running-ansible (local-exec):[0m [0mskipping: [172.16.1.232]
[0m[1mnull_resource.running-ansible (local-exec):[0m [0mskipping: [172.16.1.233]
[0m[1mnull_resource.running-ansible: Still creating... [13m40s elapsed][0m[0m
[0m[1mnull_resource.running-ansible (local-exec):[0m [0mchanged: [172.16.1.236]
[0m[1mnull_resource.running-ansible (local-exec):[0m [0mchanged: [172.16.1.235]
[0m[1mnull_resource.running-ansible (local-exec):[0m [0mchanged: [172.16.1.234]
[0m[1mnull_resource.running-ansible (local-exec):[0m [0mchanged: [172.16.1.151]
[0m[1mnull_resource.running-ansible (local-exec):[0m [0mchanged: [172.16.1.150]
[0m[1mnull_resource.running-ansible (local-exec):[0m [0mskipping: [172.16.1.190]
[0m[1mnull_resource.running-ansible (local-exec):[0m [0mskipping: [172.16.1.191]
[0m[1mnull_resource.running-ansible (local-exec):[0m [0mchanged: [172.16.1.152]
[0m[1mnull_resource.running-ansible (local-exec):[0m [0mchanged: [172.16.1.154]
[0m[1mnull_resource.running-ansible (local-exec):[0m [0mchanged: [172.16.1.153]
[0m[1mnull_resource.running-ansible (local-exec):[0m [0mchanged: [172.16.1.155]

[0m[1mnull_resource.running-ansible (local-exec):[0m [0mPLAY [127.0.0.1] ***************************************************************

[0m[1mnull_resource.running-ansible (local-exec):[0m [0mTASK [Gathering Facts] *********************************************************
[0m[1mnull_resource.running-ansible (local-exec):[0m [0mok: [127.0.0.1]

[0m[1mnull_resource.running-ansible (local-exec):[0m [0mTASK [Store kubeconfig on admin's machine] *************************************
[0m[1mnull_resource.running-ansible (local-exec):[0m [0mchanged: [127.0.0.1 -> 172.16.1.231]

[0m[1mnull_resource.running-ansible (local-exec):[0m [0mTASK [Install CNI Plugin] ******************************************************
[0m[1mnull_resource.running-ansible: Still creating... [13m50s elapsed][0m[0m
[0m[1mnull_resource.running-ansible (local-exec):[0m [0mchanged: [127.0.0.1]

[0m[1mnull_resource.running-ansible (local-exec):[0m [0mTASK [Check status and wait for cluster to be ready] ***************************
[0m[1mnull_resource.running-ansible: Still creating... [14m0s elapsed][0m[0m
[0m[1mnull_resource.running-ansible: Still creating... [14m10s elapsed][0m[0m
[0m[1mnull_resource.running-ansible: Still creating... [14m20s elapsed][0m[0m
[0m[1mnull_resource.running-ansible: Still creating... [14m30s elapsed][0m[0m
[0m[1mnull_resource.running-ansible: Still creating... [14m40s elapsed][0m[0m
[0m[1mnull_resource.running-ansible: Still creating... [14m50s elapsed][0m[0m
[0m[1mnull_resource.running-ansible: Still creating... [15m0s elapsed][0m[0m
[0m[1mnull_resource.running-ansible: Still creating... [15m10s elapsed][0m[0m
[0m[1mnull_resource.running-ansible: Still creating... [15m20s elapsed][0m[0m
[0m[1mnull_resource.running-ansible (local-exec):[0m [0mFAILED - RETRYING: [127.0.0.1]: Check status and wait for cluster to be ready (10 retries left).
[0m[1mnull_resource.running-ansible (local-exec):[0m [0mFAILED - RETRYING: [127.0.0.1]: Check status and wait for cluster to be ready (9 retries left).
[0m[1mnull_resource.running-ansible (local-exec):[0m [0mFAILED - RETRYING: [127.0.0.1]: Check status and wait for cluster to be ready (8 retries left).
[0m[1mnull_resource.running-ansible (local-exec):[0m [0mFAILED - RETRYING: [127.0.0.1]: Check status and wait for cluster to be ready (7 retries left).
[0m[1mnull_resource.running-ansible (local-exec):[0m [0mFAILED - RETRYING: [127.0.0.1]: Check status and wait for cluster to be ready (6 retries left).
[0m[1mnull_resource.running-ansible (local-exec):[0m [0mFAILED - RETRYING: [127.0.0.1]: Check status and wait for cluster to be ready (5 retries left).
[0m[1mnull_resource.running-ansible (local-exec):[0m [0mFAILED - RETRYING: [127.0.0.1]: Check status and wait for cluster to be ready (4 retries left).
[0m[1mnull_resource.running-ansible (local-exec):[0m [0mFAILED - RETRYING: [127.0.0.1]: Check status and wait for cluster to be ready (3 retries left).
[0m[1mnull_resource.running-ansible (local-exec):[0m [0mFAILED - RETRYING: [127.0.0.1]: Check status and wait for cluster to be ready (2 retries left).
[0m[1mnull_resource.running-ansible (local-exec):[0m [0mchanged: [127.0.0.1]

[0m[1mnull_resource.running-ansible (local-exec):[0m [0mTASK [Install Metallb] *********************************************************
[0m[1mnull_resource.running-ansible (local-exec):[0m [0mchanged: [127.0.0.1]

[0m[1mnull_resource.running-ansible (local-exec):[0m [0mTASK [Check status of Metallb and wait for pods to be ready] *******************
[0m[1mnull_resource.running-ansible: Still creating... [15m30s elapsed][0m[0m
[0m[1mnull_resource.running-ansible: Still creating... [15m40s elapsed][0m[0m
[0m[1mnull_resource.running-ansible: Still creating... [15m50s elapsed][0m[0m
[0m[1mnull_resource.running-ansible: Still creating... [16m0s elapsed][0m[0m
[0m[1mnull_resource.running-ansible: Still creating... [16m10s elapsed][0m[0m
[0m[1mnull_resource.running-ansible: Still creating... [16m20s elapsed][0m[0m
[0m[1mnull_resource.running-ansible: Still creating... [16m30s elapsed][0m[0m
[0m[1mnull_resource.running-ansible: Still creating... [16m40s elapsed][0m[0m
[0m[1mnull_resource.running-ansible: Still creating... [16m50s elapsed][0m[0m
[0m[1mnull_resource.running-ansible: Still creating... [17m0s elapsed][0m[0m
[0m[1mnull_resource.running-ansible: Still creating... [17m10s elapsed][0m[0m
[0m[1mnull_resource.running-ansible: Still creating... [17m20s elapsed][0m[0m
[0m[1mnull_resource.running-ansible: Still creating... [17m30s elapsed][0m[0m
[0m[1mnull_resource.running-ansible: Still creating... [17m40s elapsed][0m[0m
[0m[1mnull_resource.running-ansible: Still creating... [17m50s elapsed][0m[0m
[0m[1mnull_resource.running-ansible: Still creating... [18m0s elapsed][0m[0m
[0m[1mnull_resource.running-ansible: Still creating... [18m10s elapsed][0m[0m
[0m[1mnull_resource.running-ansible: Still creating... [18m20s elapsed][0m[0m
[0m[1mnull_resource.running-ansible: Still creating... [18m30s elapsed][0m[0m
[0m[1mnull_resource.running-ansible (local-exec):[0m [0mFAILED - RETRYING: [127.0.0.1]: Check status of Metallb and wait for pods to be ready (100 retries left).
[0m[1mnull_resource.running-ansible (local-exec):[0m [0mFAILED - RETRYING: [127.0.0.1]: Check status of Metallb and wait for pods to be ready (99 retries left).
[0m[1mnull_resource.running-ansible (local-exec):[0m [0mFAILED - RETRYING: [127.0.0.1]: Check status of Metallb and wait for pods to be ready (98 retries left).
[0m[1mnull_resource.running-ansible (local-exec):[0m [0mFAILED - RETRYING: [127.0.0.1]: Check status of Metallb and wait for pods to be ready (97 retries left).
[0m[1mnull_resource.running-ansible (local-exec):[0m [0mFAILED - RETRYING: [127.0.0.1]: Check status of Metallb and wait for pods to be ready (96 retries left).
[0m[1mnull_resource.running-ansible (local-exec):[0m [0mFAILED - RETRYING: [127.0.0.1]: Check status of Metallb and wait for pods to be ready (95 retries left).
[0m[1mnull_resource.running-ansible (local-exec):[0m [0mFAILED - RETRYING: [127.0.0.1]: Check status of Metallb and wait for pods to be ready (94 retries left).
[0m[1mnull_resource.running-ansible (local-exec):[0m [0mFAILED - RETRYING: [127.0.0.1]: Check status of Metallb and wait for pods to be ready (93 retries left).
[0m[1mnull_resource.running-ansible (local-exec):[0m [0mFAILED - RETRYING: [127.0.0.1]: Check status of Metallb and wait for pods to be ready (92 retries left).
[0m[1mnull_resource.running-ansible (local-exec):[0m [0mFAILED - RETRYING: [127.0.0.1]: Check status of Metallb and wait for pods to be ready (91 retries left).
[0m[1mnull_resource.running-ansible (local-exec):[0m [0mFAILED - RETRYING: [127.0.0.1]: Check status of Metallb and wait for pods to be ready (90 retries left).
[0m[1mnull_resource.running-ansible (local-exec):[0m [0mFAILED - RETRYING: [127.0.0.1]: Check status of Metallb and wait for pods to be ready (89 retries left).
[0m[1mnull_resource.running-ansible (local-exec):[0m [0mFAILED - RETRYING: [127.0.0.1]: Check status of Metallb and wait for pods to be ready (88 retries left).
[0m[1mnull_resource.running-ansible (local-exec):[0m [0mFAILED - RETRYING: [127.0.0.1]: Check status of Metallb and wait for pods to be ready (87 retries left).
[0m[1mnull_resource.running-ansible (local-exec):[0m [0mFAILED - RETRYING: [127.0.0.1]: Check status of Metallb and wait for pods to be ready (86 retries left).
[0m[1mnull_resource.running-ansible (local-exec):[0m [0mFAILED - RETRYING: [127.0.0.1]: Check status of Metallb and wait for pods to be ready (85 retries left).
[0m[1mnull_resource.running-ansible (local-exec):[0m [0mFAILED - RETRYING: [127.0.0.1]: Check status of Metallb and wait for pods to be ready (84 retries left).
[0m[1mnull_resource.running-ansible (local-exec):[0m [0mFAILED - RETRYING: [127.0.0.1]: Check status of Metallb and wait for pods to be ready (83 retries left).
[0m[1mnull_resource.running-ansible (local-exec):[0m [0mFAILED - RETRYING: [127.0.0.1]: Check status of Metallb and wait for pods to be ready (82 retries left).
[0m[1mnull_resource.running-ansible (local-exec):[0m [0mFAILED - RETRYING: [127.0.0.1]: Check status of Metallb and wait for pods to be ready (81 retries left).
[0m[1mnull_resource.running-ansible (local-exec):[0m [0mFAILED - RETRYING: [127.0.0.1]: Check status of Metallb and wait for pods to be ready (80 retries left).
[0m[1mnull_resource.running-ansible (local-exec):[0m [0mFAILED - RETRYING: [127.0.0.1]: Check status of Metallb and wait for pods to be ready (79 retries left).
[0m[1mnull_resource.running-ansible (local-exec):[0m [0mFAILED - RETRYING: [127.0.0.1]: Check status of Metallb and wait for pods to be ready (78 retries left).
[0m[1mnull_resource.running-ansible (local-exec):[0m [0mFAILED - RETRYING: [127.0.0.1]: Check status of Metallb and wait for pods to be ready (77 retries left).
[0m[1mnull_resource.running-ansible (local-exec):[0m [0mFAILED - RETRYING: [127.0.0.1]: Check status of Metallb and wait for pods to be ready (76 retries left).
[0m[1mnull_resource.running-ansible (local-exec):[0m [0mFAILED - RETRYING: [127.0.0.1]: Check status of Metallb and wait for pods to be ready (75 retries left).
[0m[1mnull_resource.running-ansible (local-exec):[0m [0mFAILED - RETRYING: [127.0.0.1]: Check status of Metallb and wait for pods to be ready (74 retries left).
[0m[1mnull_resource.running-ansible (local-exec):[0m [0mFAILED - RETRYING: [127.0.0.1]: Check status of Metallb and wait for pods to be ready (73 retries left).
[0m[1mnull_resource.running-ansible (local-exec):[0m [0mFAILED - RETRYING: [127.0.0.1]: Check status of Metallb and wait for pods to be ready (72 retries left).
[0m[1mnull_resource.running-ansible (local-exec):[0m [0mFAILED - RETRYING: [127.0.0.1]: Check status of Metallb and wait for pods to be ready (71 retries left).
[0m[1mnull_resource.running-ansible (local-exec):[0m [0mFAILED - RETRYING: [127.0.0.1]: Check status of Metallb and wait for pods to be ready (70 retries left).
[0m[1mnull_resource.running-ansible (local-exec):[0m [0mFAILED - RETRYING: [127.0.0.1]: Check status of Metallb and wait for pods to be ready (69 retries left).
[0m[1mnull_resource.running-ansible (local-exec):[0m [0mFAILED - RETRYING: [127.0.0.1]: Check status of Metallb and wait for pods to be ready (68 retries left).
[0m[1mnull_resource.running-ansible (local-exec):[0m [0mFAILED - RETRYING: [127.0.0.1]: Check status of Metallb and wait for pods to be ready (67 retries left).
[0m[1mnull_resource.running-ansible (local-exec):[0m [0mFAILED - RETRYING: [127.0.0.1]: Check status of Metallb and wait for pods to be ready (66 retries left).
[0m[1mnull_resource.running-ansible (local-exec):[0m [0mchanged: [127.0.0.1]

[0m[1mnull_resource.running-ansible (local-exec):[0m [0mTASK [template] ****************************************************************
[0m[1mnull_resource.running-ansible (local-exec):[0m [0mok: [127.0.0.1]

[0m[1mnull_resource.running-ansible (local-exec):[0m [0mTASK [shell] *******************************************************************
[0m[1mnull_resource.running-ansible (local-exec):[0m [0mchanged: [127.0.0.1]

[0m[1mnull_resource.running-ansible (local-exec):[0m [0mTASK [Show the output] *********************************************************
[0m[1mnull_resource.running-ansible (local-exec):[0m [0mok: [127.0.0.1] => {
[0m[1mnull_resource.running-ansible (local-exec):[0m [0m    "msg": [
[0m[1mnull_resource.running-ansible (local-exec):[0m [0m        "k8s-master-01              Ready   control-plane   2m52s   v1.30.5",
[0m[1mnull_resource.running-ansible (local-exec):[0m [0m        "k8s-master-02              Ready   control-plane   114s    v1.30.5",
[0m[1mnull_resource.running-ansible (local-exec):[0m [0m        "k8s-master-03              Ready   control-plane   2m2s    v1.30.5",
[0m[1mnull_resource.running-ansible (local-exec):[0m [0m        "k8s-worker-01              Ready   <none>          103s    v1.30.5",
[0m[1mnull_resource.running-ansible (local-exec):[0m [0m        "k8s-worker-02              Ready   <none>          104s    v1.30.5",
[0m[1mnull_resource.running-ansible (local-exec):[0m [0m        "k8s-worker-03              Ready   <none>          104s    v1.30.5",
[0m[1mnull_resource.running-ansible (local-exec):[0m [0m        "k8s-worker-additional-01   Ready   <none>          102s    v1.30.5",
[0m[1mnull_resource.running-ansible (local-exec):[0m [0m        "k8s-worker-additional-02   Ready   <none>          103s    v1.30.5",
[0m[1mnull_resource.running-ansible (local-exec):[0m [0m        "k8s-worker-additional-03   Ready   <none>          101s    v1.30.5",
[0m[1mnull_resource.running-ansible (local-exec):[0m [0m        "k8s-worker-additional-04   Ready   <none>          100s    v1.30.5",
[0m[1mnull_resource.running-ansible (local-exec):[0m [0m        "k8s-worker-additional-05   Ready   <none>          100s    v1.30.5",
[0m[1mnull_resource.running-ansible (local-exec):[0m [0m        "k8s-worker-additional-06   Ready   <none>          100s    v1.30.5"
[0m[1mnull_resource.running-ansible (local-exec):[0m [0m    ]
[0m[1mnull_resource.running-ansible (local-exec):[0m [0m}

[0m[1mnull_resource.running-ansible (local-exec):[0m [0mTASK [Initialize Discord Message] **********************************************
[0m[1mnull_resource.running-ansible (local-exec):[0m [0mok: [127.0.0.1]

[0m[1mnull_resource.running-ansible (local-exec):[0m [0mTASK [Append status of each node] **********************************************
[0m[1mnull_resource.running-ansible (local-exec):[0m [0mok: [127.0.0.1] => (item=k8s-master-01              Ready   control-plane   2m52s   v1.30.5)
[0m[1mnull_resource.running-ansible (local-exec):[0m [0mok: [127.0.0.1] => (item=k8s-master-02              Ready   control-plane   114s    v1.30.5)
[0m[1mnull_resource.running-ansible (local-exec):[0m [0mok: [127.0.0.1] => (item=k8s-master-03              Ready   control-plane   2m2s    v1.30.5)
[0m[1mnull_resource.running-ansible (local-exec):[0m [0mok: [127.0.0.1] => (item=k8s-worker-01              Ready   <none>          103s    v1.30.5)
[0m[1mnull_resource.running-ansible (local-exec):[0m [0mok: [127.0.0.1] => (item=k8s-worker-02              Ready   <none>          104s    v1.30.5)
[0m[1mnull_resource.running-ansible (local-exec):[0m [0mok: [127.0.0.1] => (item=k8s-worker-03              Ready   <none>          104s    v1.30.5)
[0m[1mnull_resource.running-ansible (local-exec):[0m [0mok: [127.0.0.1] => (item=k8s-worker-additional-01   Ready   <none>          102s    v1.30.5)
[0m[1mnull_resource.running-ansible (local-exec):[0m [0mok: [127.0.0.1] => (item=k8s-worker-additional-02   Ready   <none>          103s    v1.30.5)
[0m[1mnull_resource.running-ansible (local-exec):[0m [0mok: [127.0.0.1] => (item=k8s-worker-additional-03   Ready   <none>          101s    v1.30.5)
[0m[1mnull_resource.running-ansible (local-exec):[0m [0mok: [127.0.0.1] => (item=k8s-worker-additional-04   Ready   <none>          100s    v1.30.5)
[0m[1mnull_resource.running-ansible (local-exec):[0m [0mok: [127.0.0.1] => (item=k8s-worker-additional-05   Ready   <none>          100s    v1.30.5)
[0m[1mnull_resource.running-ansible (local-exec):[0m [0mok: [127.0.0.1] => (item=k8s-worker-additional-06   Ready   <none>          100s    v1.30.5)

[0m[1mnull_resource.running-ansible (local-exec):[0m [0mTASK [Send message to Discord] *************************************************
[0m[1mnull_resource.running-ansible (local-exec):[0m [0mchanged: [127.0.0.1] => {
[0m[1mnull_resource.running-ansible (local-exec):[0m [0m    "msg": "Updating Discord with the cluster status....."
[0m[1mnull_resource.running-ansible (local-exec):[0m [0m}

[0m[1mnull_resource.running-ansible (local-exec):[0m [0mRUNNING HANDLER [common_handlers : Prepare content of message] *****************
[0m[1mnull_resource.running-ansible (local-exec):[0m [0mok: [127.0.0.1]

[0m[1mnull_resource.running-ansible (local-exec):[0m [0mRUNNING HANDLER [common_handlers : Set dashes] *********************************
[0m[1mnull_resource.running-ansible (local-exec):[0m [0mok: [127.0.0.1]

[0m[1mnull_resource.running-ansible (local-exec):[0m [0mRUNNING HANDLER [common_handlers : Add dashes] *********************************
[0m[1mnull_resource.running-ansible (local-exec):[0m [0mok: [127.0.0.1]

[0m[1mnull_resource.running-ansible (local-exec):[0m [0mRUNNING HANDLER [common_handlers : Send Discord message] ***********************
[0m[1mnull_resource.running-ansible (local-exec):[0m [0mok: [127.0.0.1]

[0m[1mnull_resource.running-ansible (local-exec):[0m [0mPLAY RECAP *********************************************************************
[0m[1mnull_resource.running-ansible (local-exec):[0m [0m127.0.0.1                  : ok=18   changed=8    unreachable=0    failed=0    skipped=0    rescued=0    ignored=0
[0m[1mnull_resource.running-ansible (local-exec):[0m [0m172.16.1.150               : ok=26   changed=19   unreachable=0    failed=0    skipped=25   rescued=0    ignored=0
[0m[1mnull_resource.running-ansible (local-exec):[0m [0m172.16.1.151               : ok=26   changed=19   unreachable=0    failed=0    skipped=25   rescued=0    ignored=0
[0m[1mnull_resource.running-ansible (local-exec):[0m [0m172.16.1.152               : ok=26   changed=19   unreachable=0    failed=0    skipped=25   rescued=0    ignored=0
[0m[1mnull_resource.running-ansible (local-exec):[0m [0m172.16.1.153               : ok=26   changed=19   unreachable=0    failed=0    skipped=25   rescued=0    ignored=0
[0m[1mnull_resource.running-ansible (local-exec):[0m [0m172.16.1.154               : ok=26   changed=19   unreachable=0    failed=0    skipped=25   rescued=0    ignored=0
[0m[1mnull_resource.running-ansible (local-exec):[0m [0m172.16.1.155               : ok=26   changed=19   unreachable=0    failed=0    skipped=25   rescued=0    ignored=0
[0m[1mnull_resource.running-ansible (local-exec):[0m [0m172.16.1.170               : ok=19   changed=12   unreachable=0    failed=0    skipped=32   rescued=0    ignored=0
[0m[1mnull_resource.running-ansible (local-exec):[0m [0m172.16.1.190               : ok=14   changed=8    unreachable=0    failed=0    skipped=37   rescued=0    ignored=0
[0m[1mnull_resource.running-ansible (local-exec):[0m [0m172.16.1.191               : ok=14   changed=8    unreachable=0    failed=0    skipped=37   rescued=0    ignored=0
[0m[1mnull_resource.running-ansible (local-exec):[0m [0m172.16.1.231               : ok=30   changed=21   unreachable=0    failed=0    skipped=21   rescued=0    ignored=0
[0m[1mnull_resource.running-ansible (local-exec):[0m [0m172.16.1.232               : ok=26   changed=19   unreachable=0    failed=0    skipped=25   rescued=0    ignored=0
[0m[1mnull_resource.running-ansible (local-exec):[0m [0m172.16.1.233               : ok=26   changed=19   unreachable=0    failed=0    skipped=25   rescued=0    ignored=0
[0m[1mnull_resource.running-ansible (local-exec):[0m [0m172.16.1.234               : ok=26   changed=19   unreachable=0    failed=0    skipped=25   rescued=0    ignored=0
[0m[1mnull_resource.running-ansible (local-exec):[0m [0m172.16.1.235               : ok=26   changed=19   unreachable=0    failed=0    skipped=25   rescued=0    ignored=0
[0m[1mnull_resource.running-ansible (local-exec):[0m [0m172.16.1.236               : ok=26   changed=19   unreachable=0    failed=0    skipped=25   rescued=0    ignored=0

[0m[1mnull_resource.running-ansible: Creation complete after 18m32s [id=1356500793385740584][0m
[0m[1m[32m
Apply complete! Resources: 48 added, 0 changed, 0 destroyed.
[0m[0m[1m[32m
Outputs:

[0mcluster_output = {
  "terraform-provisioned-cluster" = tomap({
    "external-bgp-router" = "172.16.1.170"
    "k8s-master-01" = "172.16.1.231"
    "k8s-master-02" = "172.16.1.232"
    "k8s-master-03" = "172.16.1.233"
    "k8s-worker-01" = "172.16.1.234"
    "k8s-worker-02" = "172.16.1.235"
    "k8s-worker-03" = "172.16.1.236"
    "k8s-worker-additional-01" = "172.16.1.150"
    "k8s-worker-additional-02" = "172.16.1.151"
    "k8s-worker-additional-03" = "172.16.1.152"
    "k8s-worker-additional-04" = "172.16.1.153"
    "k8s-worker-additional-05" = "172.16.1.154"
    "k8s-worker-additional-06" = "172.16.1.155"
    "terraform-haproxy-01" = "172.16.1.190"
    "terraform-haproxy-02" = "172.16.1.191"
  })
}
