github.com/nginxinc/nginx-hugo-theme v0.38.1 h1:1dCP7tzeJTy0HOekaMn6glSAoCtD9bk3q9Xs4ZmPynU=
github.com/nginxinc/nginx-hugo-theme v0.38.1/go.mod h1:DPNgSS5QYxkjH/BfH4uPDiTfODqWJ50NKZdorguom8M=
github.com/nginxinc/nginx-hugo-theme v0.40.0 h1:YP0I0+bRKcJ5WEb1s/OWcnlcvNvIcKscagJkCzsa+Vs=
github.com/nginxinc/nginx-hugo-theme v0.40.0/go.mod h1:DPNgSS5QYxkjH/BfH4uPDiTfODqWJ50NKZdorguom8M=
